<?xml version="1.0" encoding="utf-8"?>
<Project ToolsVersion="4.0" xmlns="http://schemas.microsoft.com/developer/msbuild/2003">
  <ItemGroup>
    <Filter Include="Source Files">
      <UniqueIdentifier>{4FC737F1-C7A5-4376-A066-2A32D752A2FF}</UniqueIdentifier>
      <Extensions>cpp;c;cxx;def;odl;idl;hpj;bat;asm;asmx</Extensions>
    </Filter>
    <Filter Include="Header Files">
      <UniqueIdentifier>{93995380-89BD-4b04-88EB-625FBE52EBFB}</UniqueIdentifier>
      <Extensions>h;hpp;hxx;hm;inl;inc;xsd</Extensions>
    </Filter>
  </ItemGroup>
  <ItemGroup>
    <ClCompile Include="DocStructureLoader.cpp">
      <Filter>Source Files</Filter>
    </ClCompile>
    <ClCompile Include="DocStructureReader.cpp">
      <Filter>Source Files</Filter>
    </ClCompile>
    <ClCompile Include="FeatureChanger.cpp">
      <Filter>Source Files</Filter>
    </ClCompile>
    <ClCompile Include="..\DigestAnalyzer\HelpFunc.cpp">
      <Filter>Source Files</Filter>
    </ClCompile>
    <ClCompile Include="IndexLoader.cpp">
      <Filter>Source Files</Filter>
    </ClCompile>
    <ClCompile Include="InternalRepresentation.cpp">
      <Filter>Source Files</Filter>
    </ClCompile>
    <ClCompile Include="IRLoader.cpp">
      <Filter>Source Files</Filter>
    </ClCompile>
    <ClCompile Include="LexemCollection.cpp">
      <Filter>Source Files</Filter>
    </ClCompile>
    <ClCompile Include="LexemeBoard.cpp">
      <Filter>Source Files</Filter>
    </ClCompile>
    <ClCompile Include="Lexica.cpp">
      <Filter>Source Files</Filter>
    </ClCompile>
    <ClCompile Include="LexicalAnalyzer.cpp">
      <Filter>Source Files</Filter>
    </ClCompile>
    <ClCompile Include="LexicaPrimary.cpp">
      <Filter>Source Files</Filter>
    </ClCompile>
    <ClCompile Include="stdafx.cpp">
      <Filter>Source Files</Filter>
    </ClCompile>
    <ClCompile Include="TreeDictionary.cpp">
      <Filter>Source Files</Filter>
    </ClCompile>
    <ClCompile Include="UnitChecker.cpp">
      <Filter>Source Files</Filter>
    </ClCompile>
    <ClCompile Include="Walker.cpp">
      <Filter>Source Files</Filter>
    </ClCompile>
  </ItemGroup>
  <ItemGroup>
    <ClInclude Include="DocStructureLoader.h">
      <Filter>Header Files</Filter>
    </ClInclude>
    <ClInclude Include="DocStructureReader.h">
      <Filter>Header Files</Filter>
    </ClInclude>
    <ClInclude Include="FeatureChanger.h">
      <Filter>Header Files</Filter>
    </ClInclude>
    <ClInclude Include="IndexLoader.h">
      <Filter>Header Files</Filter>
    </ClInclude>
    <ClInclude Include="InternalRepresentation.h">
      <Filter>Header Files</Filter>
    </ClInclude>
    <ClInclude Include="IReparser.h">
      <Filter>Header Files</Filter>
    </ClInclude>
    <ClInclude Include="IRLoader.h">
      <Filter>Header Files</Filter>
    </ClInclude>
    <ClInclude Include="LexemCollection.h">
      <Filter>Header Files</Filter>
    </ClInclude>
    <ClInclude Include="LexemeBoard.h">
      <Filter>Header Files</Filter>
    </ClInclude>
    <ClInclude Include="Lexica.h">
      <Filter>Header Files</Filter>
    </ClInclude>
    <ClInclude Include="LexicalAnalyzer.h">
      <Filter>Header Files</Filter>
    </ClInclude>
    <ClInclude Include="LexicaPrimary.h">
      <Filter>Header Files</Filter>
    </ClInclude>
    <ClInclude Include="stdafx.h">
      <Filter>Header Files</Filter>
    </ClInclude>
    <ClInclude Include="TextCopy.h">
      <Filter>Header Files</Filter>
    </ClInclude>
    <ClInclude Include="TreeDictionary.h">
      <Filter>Header Files</Filter>
    </ClInclude>
    <ClInclude Include="Unit.h">
      <Filter>Header Files</Filter>
    </ClInclude>
    <ClInclude Include="UnitChecker.h">
      <Filter>Header Files</Filter>
    </ClInclude>
    <ClInclude Include="Walker.h">
      <Filter>Header Files</Filter>
    </ClInclude>
    <ClInclude Include="..\DigestAnalyzer\HelpFunc.h">
      <Filter>Header Files</Filter>
    </ClInclude>
    <ClInclude Include="FlexLexerUnicode.h">
      <Filter>Header Files</Filter>
    </ClInclude>
    <ClInclude Include="FlexLexer.h">
      <Filter>Header Files</Filter>
    </ClInclude>
  </ItemGroup>
  <ItemGroup>
    <CustomBuildStep Include="RangeList.h">
      <Filter>Header Files</Filter>
    </CustomBuildStep>
  </ItemGroup>
  <ItemGroup>
    <CustomBuild Include="IRLoader.flex" />
    <CustomBuild Include="Lexer.flex" />
    <CustomBuild Include="Walker.flex" />
  </ItemGroup>
</Project>