
Microsoft Visual Studio Solution File, Format Version 11.00
# Visual Studio 2010
Project("{2150E333-8FDC-42A3-9474-1A3956D46DE8}") = "Solution Items", "Solution Items", "{2C82A3B3-7509-46F8-AAB8-C806482EECF7}"
	ProjectSection(SolutionItems) = preProject
		example.xml = example.xml
		Example0.xml = Example0.xml
		post.xml2html.hierarchical.xslt = post.xml2html.hierarchical.xslt
		post.xml2html.plain.xslt = post.xml2html.plain.xslt
	EndProjectSection
EndProject
Global
	GlobalSection(SolutionProperties) = preSolution
		HideSolutionNode = FALSE
	EndGlobalSection
EndGlobal
