Microsoft Visual Studio Solution File, Format Version 12.00
# Visual Studio 2012
Project("{FAE04EC0-301F-11D3-BF4B-00C04F79EFBC}") = "LinguisticUI", "..\..\Tests\LingvisticUI\LinguisticUI.csproj", "{1E5B578C-8B5C-4BE4-A179-7FE6890DD35B}"
EndProject
Project("{FAE04EC0-301F-11D3-BF4B-00C04F79EFBC}") = "LinguisticTester", "..\..\Tests\LinguisticTester\LinguisticTester.csproj", "{FE580D26-4740-4595-AAAD-110C5FAE2449}"
EndProject
Project("{2150E333-8FDC-42A3-9474-1A3956D46DE8}") = "cpp", "cpp", "{6F95417A-EA69-4006-8D9C-AF71B2AC63A3}"
EndProject
Project("{8BC9CEB8-8B4A-11D0-8D11-00A0C91BC942}") = "AMConverter", "..\..\Core\cpp\AMConverter\AMConverter.vcxproj", "{F8C93C08-1732-4A08-8ECE-97C5B9B2736B}"
EndProject
Project("{2150E333-8FDC-42A3-9474-1A3956D46DE8}") = "Tests", "Tests", "{AC936714-4E14-4AE6-92AC-62B4351AE477}"
EndProject
Project("{2150E333-8FDC-42A3-9474-1A3956D46DE8}") = "Core", "Core", "{1761D04A-332F-40AC-86AF-B3A7AEBF5152}"
EndProject
Project("{8BC9CEB8-8B4A-11D0-8D11-00A0C91BC942}") = "ASCInterface", "..\..\Core\cpp\ASCInterface\ASCInterface.vcxproj", "{B849EBCF-AE4E-436F-88D2-26A3561C00B8}"
EndProject
Project("{8BC9CEB8-8B4A-11D0-8D11-00A0C91BC942}") = "ASDInterface", "..\..\Core\cpp\ASDInterface\ASDInterface.vcxproj", "{1C0B1164-0DE2-47AA-9B72-CC10C5281839}"
EndProject
Project("{8BC9CEB8-8B4A-11D0-8D11-00A0C91BC942}") = "ASSInterface", "..\..\Core\cpp\ASSInterface\ASSInterface.vcxproj", "{9B10FF7D-6C87-4FB4-A905-BF48C2CB814D}"
EndProject
Project("{8BC9CEB8-8B4A-11D0-8D11-00A0C91BC942}") = "BlackBoxNew", "..\..\Core\cpp\BlackBoxNew\BlackBoxNew.vcxproj", "{032A3B00-1598-4B70-8378-7C26B69472EF}"
EndProject
Project("{8BC9CEB8-8B4A-11D0-8D11-00A0C91BC942}") = "CommonContainers", "..\..\Core\cpp\CommonContainers\CommonContainers.vcxproj", "{B92BD292-E48B-4F5C-B8ED-5CD632048067}"
EndProject
Project("{8BC9CEB8-8B4A-11D0-8D11-00A0C91BC942}") = "CommonServices", "..\..\Core\cpp\CommonServices\CommonServices.vcxproj", "{EB16F032-F54A-4C6A-A33D-009BBA68111F}"
EndProject
Project("{2150E333-8FDC-42A3-9474-1A3956D46DE8}") = "csharp", "csharp", "{0CBA56B5-0488-4CD8-867A-33DCE55163C5}"
EndProject
Project("{FAE04EC0-301F-11D3-BF4B-00C04F79EFBC}") = "Logger", "..\..\Core\csharp\Logger\Logger.csproj", "{BB3AA881-FC16-40DD-8824-D6E1FC357038}"
EndProject
Project("{FAE04EC0-301F-11D3-BF4B-00C04F79EFBC}") = "Utils", "..\..\Core\csharp\Utils\Utils.csproj", "{44189D32-B782-4EDB-A0F9-8606C916E18F}"
EndProject
Project("{FAE04EC0-301F-11D3-BF4B-00C04F79EFBC}") = "Lingvistics.Types", "..\..\Core\csharp\Lingvistics.Types\Lingvistics.Types.csproj", "{9A1890DC-37D1-4784-97DE-690FD50B029D}"
EndProject
Project("{FAE04EC0-301F-11D3-BF4B-00C04F79EFBC}") = "TextParsing", "..\..\Core\csharp\TextParsing\TextParsing.csproj", "{19396F4C-3866-4F08-A866-438863AAFC5E}"
EndProject
Project("{FAE04EC0-301F-11D3-BF4B-00C04F79EFBC}") = "Linguistics.Core", "..\..\Core\csharp\Linguistics.Core\Linguistics.Core.csproj", "{449C9700-77EB-46F4-A32B-D7669D2A86BF}"
EndProject
Project("{FAE04EC0-301F-11D3-BF4B-00C04F79EFBC}") = "SimpleEntities", "..\..\Core\csharp\SimpleEntities\SimpleEntities.csproj", "{61D53EA1-ED0A-45A5-BA83-122CF51C112B}"
EndProject
Project("{FAE04EC0-301F-11D3-BF4B-00C04F79EFBC}") = "PTS", "..\..\Core\csharp\PTS\PTS.csproj", "{BB6CF68C-B8B8-4CE9-BEE9-4AADDAD01C45}"
EndProject
Project("{FAE04EC0-301F-11D3-BF4B-00C04F79EFBC}") = "SurfaceSyntaxAnalyzer", "..\..\Core\csharp\SurfaceSyntaxAnalyzer\SurfaceSyntaxAnalyzer.csproj", "{5016ED7A-762D-4A32-9911-737EC83211CC}"
EndProject
Project("{FAE04EC0-301F-11D3-BF4B-00C04F79EFBC}") = "SemanticResolution", "..\..\Core\csharp\SemanticResolution\SemanticResolution.csproj", "{F9B86F0B-E4D4-4F0C-9010-F64C70103EF3}"
EndProject
Project("{FAE04EC0-301F-11D3-BF4B-00C04F79EFBC}") = "Linguistics.Core.Content", "..\..\Core\csharp\Linguistics.Content\Linguistics.Core.Content.csproj", "{1C86F203-F7D7-4C3D-9DFF-07CC73139DEB}"
EndProject
Project("{FAE04EC0-301F-11D3-BF4B-00C04F79EFBC}") = "CoreferenceResolving", "..\..\Core\csharp\CoreferenceResolving\CoreferenceResolving.csproj", "{11528BC6-CA83-452D-9180-6D19F555FE7C}"
EndProject
Project("{2150E333-8FDC-42A3-9474-1A3956D46DE8}") = "cpp_cli", "cpp_cli", "{93A82BC7-EA82-468F-8983-56500C8369D7}"
EndProject
Project("{8BC9CEB8-8B4A-11D0-8D11-00A0C91BC942}") = "CoSeDi", "..\..\Core\cpp\CoSeDi\CoSeDi.vcxproj", "{0AE2A230-D008-41CD-91AF-0E6A5491272D}"
EndProject
Project("{8BC9CEB8-8B4A-11D0-8D11-00A0C91BC942}") = "DBMS", "..\..\Core\cpp\DBMS\DBMS.vcxproj", "{F808CB7B-32FC-452E-8083-FC585351F478}"
EndProject
Project("{8BC9CEB8-8B4A-11D0-8D11-00A0C91BC942}") = "Dictionaries", "..\..\Core\cpp\Dictionaries\Dictionaries.vcxproj", "{31D91F78-1959-4EA2-8EF7-A8E158548A2C}"
EndProject
Project("{8BC9CEB8-8B4A-11D0-8D11-00A0C91BC942}") = "FeatureLibrary", "..\..\Core\cpp\FeatureLibrary\FeatureLibrary.vcxproj", "{28EA48FA-4A87-4FA3-A9DD-8FBF2355B98E}"
EndProject
Project("{8BC9CEB8-8B4A-11D0-8D11-00A0C91BC942}") = "DigestAnalyzer", "..\..\Core\cpp\DigestAnalyzer\DigestAnalyzer.vcxproj", "{7F9622C8-2DBD-471F-BEBB-DFF809438254}"
EndProject
Project("{8BC9CEB8-8B4A-11D0-8D11-00A0C91BC942}") = "FeatureFactoryGenerator", "..\..\Core\cpp_cli\FeatureFactoryGenerator\FeatureFactoryGenerator.vcxproj", "{2ACC64A8-FE4C-4865-B5B8-82C2CE7250E8}"
EndProject
Project("{8BC9CEB8-8B4A-11D0-8D11-00A0C91BC942}") = "GSServer", "..\..\Core\cpp\GSServer\GSServer.vcxproj", "{877C0F36-BB7D-4B7C-913C-20A77A1941D9}"
EndProject
Project("{8BC9CEB8-8B4A-11D0-8D11-00A0C91BC942}") = "LexicalAnalyzer", "..\..\Core\cpp\LexicalAnalyzer\LexicalAnalyzer.vcxproj", "{56645DA4-7524-44ED-932B-D798029F5BD7}"
EndProject
Project("{8BC9CEB8-8B4A-11D0-8D11-00A0C91BC942}") = "LinguisticRev", "..\..\Core\cpp\LinguisticRev\LinguisticRev.vcxproj", "{21CCBF51-EE8C-4E56-97E6-ACA2EC9E87F0}"
EndProject
Project("{8BC9CEB8-8B4A-11D0-8D11-00A0C91BC942}") = "LingvoBaseManager", "..\..\Core\cpp\LingvoBaseManager\LingvoBaseManager.vcxproj", "{1430E8CD-BCC5-441A-94B1-46CF2D8072B3}"
EndProject
Project("{8BC9CEB8-8B4A-11D0-8D11-00A0C91BC942}") = "LoadManager", "..\..\Core\cpp\LoadManager\LoadManager.vcxproj", "{3EDCEE69-E8FC-4D29-80E4-E373B6EF905D}"
EndProject
Project("{8BC9CEB8-8B4A-11D0-8D11-00A0C91BC942}") = "MainAnalyse", "..\..\Core\cpp\MainAnalyse\MainAnalyse.vcxproj", "{A3E41506-9D0A-475C-88E7-3BBA86CDF660}"
EndProject
Project("{8BC9CEB8-8B4A-11D0-8D11-00A0C91BC942}") = "NdxBaseManager", "..\..\Core\cpp\NdxBaseManager\NdxBaseManager.vcxproj", "{F44BF1C8-63C6-4B4A-8923-A2F7C9741A4D}"
EndProject
Project("{8BC9CEB8-8B4A-11D0-8D11-00A0C91BC942}") = "NdxDataStorage", "..\..\Core\cpp\NdxDataStorage\NdxDataStorage.vcxproj", "{049A641D-5C1C-4A71-8EFA-74BDB238AD67}"
EndProject
Project("{8BC9CEB8-8B4A-11D0-8D11-00A0C91BC942}") = "NdxProcessor", "..\..\Core\cpp\NdxProcessor\NdxProcessor.vcxproj", "{C78BCA03-DECC-4BBA-89F6-2973EC19FD63}"
EndProject
Project("{8BC9CEB8-8B4A-11D0-8D11-00A0C91BC942}") = "NdxQuery", "..\..\Core\cpp\NdxQuery\NdxQuery.vcxproj", "{B589A688-60B5-4D30-94D7-2748A69EF0F0}"
EndProject
Project("{8BC9CEB8-8B4A-11D0-8D11-00A0C91BC942}") = "SemanticAnalyzer", "..\..\Core\cpp\SemanticAnalyzer\SemanticAnalyzer.vcxproj", "{54138354-2A6B-4076-9429-144626E90C5A}"
EndProject
Project("{8BC9CEB8-8B4A-11D0-8D11-00A0C91BC942}") = "Supervisor", "..\..\Core\cpp\Supervisor\Supervisor.vcxproj", "{39A8D164-AD54-4F02-BB4C-CFD71DB6FE7F}"
EndProject
Project("{8BC9CEB8-8B4A-11D0-8D11-00A0C91BC942}") = "SyntaxAnalyzer", "..\..\Core\cpp\SyntaxAnalyser\SyntaxAnalyzer.vcxproj", "{4936990A-9341-451E-8847-27003CA852E9}"
EndProject
Project("{8BC9CEB8-8B4A-11D0-8D11-00A0C91BC942}") = "SyntaxConstructions", "..\..\Core\cpp\SyntaxConstructions\SyntaxConstructions.vcxproj", "{F9FE307E-909A-4A77-9CC0-AB6013822CB6}"
EndProject
Project("{8BC9CEB8-8B4A-11D0-8D11-00A0C91BC942}") = "TransformGenerator", "..\..\Core\cpp\TransformGenerator\TransformGenerator.vcxproj", "{3DAACC2D-BB49-48C3-81C4-4ED453D3BE7D}"
EndProject
Project("{8BC9CEB8-8B4A-11D0-8D11-00A0C91BC942}") = "Translit", "..\..\Core\cpp\Translit\Translit.vcxproj", "{B6DC926C-4FF1-4A2D-948B-3702A6A8A3B7}"
EndProject
Project("{8BC9CEB8-8B4A-11D0-8D11-00A0C91BC942}") = "Transliteration", "..\..\Core\cpp\Transliteration\Transliteration.vcxproj", "{8C135C83-B0B2-4F14-973E-A09D7616856E}"
EndProject
Project("{8BC9CEB8-8B4A-11D0-8D11-00A0C91BC942}") = "UMCommonServices", "..\..\Core\cpp\UMCommonServices\UMCommonServices.vcxproj", "{53FB776C-EB57-46E4-99B1-CC0463507331}"
EndProject
Project("{8BC9CEB8-8B4A-11D0-8D11-00A0C91BC942}") = "NER", "..\..\Core\cpp_cli\NER\NER.vcxproj", "{7D945518-4D9F-4F27-A7BE-08ED62D36BD1}"
EndProject
Project("{8BC9CEB8-8B4A-11D0-8D11-00A0C91BC942}") = "LinguisticsKernel", "..\..\Core\cpp_cli\LinguisticsKernel\LinguisticsKernel.vcxproj", "{2035B1D5-7979-4451-BB33-6886BE24395F}"
EndProject
Project("{2150E333-8FDC-42A3-9474-1A3956D46DE8}") = "Service", "Service", "{4AC40067-BF65-4443-92AE-2BF7990AEBAC}"
EndProject
Project("{FAE04EC0-301F-11D3-BF4B-00C04F79EFBC}") = "TestLingvisticServer", "..\..\Tests\TestLingvisticServer\TestLingvisticServer.csproj", "{5FDA0660-D198-4C58-AE2E-255F5DC3B9AF}"
EndProject
Project("{FAE04EC0-301F-11D3-BF4B-00C04F79EFBC}") = "LingvisticsTest", "..\..\Tests\LingvisticsTest\LingvisticsTest.csproj", "{00EC3EC0-1292-4B79-B177-38AE94EB6787}"
EndProject
Project("{FAE04EC0-301F-11D3-BF4B-00C04F79EFBC}") = "TestLingvisticService2", "..\..\Tests\TestLingvisticService2\TestLingvisticService2.csproj", "{6B8B8F83-271F-4EEF-8B7D-4AD91A31628F}"
EndProject
Project("{2150E333-8FDC-42A3-9474-1A3956D46DE8}") = "1). FeatureLibrary", "1). FeatureLibrary", "{6CE84F2A-6607-4333-A203-C515F5CB52B5}"
EndProject
Project("{2150E333-8FDC-42A3-9474-1A3956D46DE8}") = "OM-TM", "OM-TM", "{4CF313AA-1375-4210-ADB1-B1563F3CA0AD}"
EndProject
Project("{2150E333-8FDC-42A3-9474-1A3956D46DE8}") = "Core", "Core", "{4936DE09-B188-414B-B061-B891D946C069}"
EndProject
Project("{2150E333-8FDC-42A3-9474-1A3956D46DE8}") = "Implementation", "Implementation", "{A1C49A88-9EAC-4877-BEE5-EBEE5555AD02}"
EndProject
Project("{FAE04EC0-301F-11D3-BF4B-00C04F79EFBC}") = "Offsets", "..\..\TextMining\Offsets\Offsets\Offsets.csproj", "{448C0A30-6DBA-41C6-ACE8-1C7057CE4BAA}"
EndProject
Project("{FAE04EC0-301F-11D3-BF4B-00C04F79EFBC}") = "TextMining.Service-inproc-Lingvistic", "..\..\TextMining\Core\TextMining.Service\TextMining.Service-inproc-Lingvistic.csproj", "{E90B466D-B0D8-4BF3-A463-D08D82251F87}"
EndProject
Project("{FAE04EC0-301F-11D3-BF4B-00C04F79EFBC}") = "TonalityMarking.WcfService-inproc-Lingvistic", "..\..\TextMining\TonalityMarking\Implementation\TonalityMarking.WcfService\TonalityMarking.WcfService-inproc-Lingvistic.csproj", "{5CC141D3-6839-4B92-A3A3-DA45E2427384}"
EndProject
Project("{FAE04EC0-301F-11D3-BF4B-00C04F79EFBC}") = "OpinionMining.WcfService-inproc-Lingvistic", "..\..\TextMining\OpinionMining\Implementation\OpinionMining.WcfService\OpinionMining.WcfService-inproc-Lingvistic.csproj", "{02C2B0F0-4EF3-4035-85B1-61054A4C09A9}"
EndProject
Project("{FAE04EC0-301F-11D3-BF4B-00C04F79EFBC}") = "Digest.WcfService-inproc-Lingvistic", "..\..\TextMining\Digest\Implementation\Digest.WcfService\Digest.WcfService-inproc-Lingvistic.csproj", "{6DFDCA7E-431D-41EA-9DAB-51C3C1AAB49F}"
EndProject
Project("{FAE04EC0-301F-11D3-BF4B-00C04F79EFBC}") = "Lingvistics.Client-with-OM-TM", "..\..\Core\csharp\Lingvistics.Client\Lingvistics.Client-with-OM-TM.csproj", "{5C93BD69-CE81-48E8-9D8C-00C36917DC5D}"
EndProject
Project("{FAE04EC0-301F-11D3-BF4B-00C04F79EFBC}") = "LingvisticsService-with-OM-TM", "..\..\Service\LingvisticsService\LingvisticsService-with-OM-TM.csproj", "{45FC6710-0510-4215-B06C-1692C481B9A7}"
EndProject
Project("{FAE04EC0-301F-11D3-BF4B-00C04F79EFBC}") = "LingvisticsWorkProcess-with-OM-TM", "..\..\Service\LingvisticsWorkProcess\LingvisticsWorkProcess-with-OM-TM.csproj", "{258BB8FE-BCF0-4FFE-B8D1-02F53E211BE2}"
EndProject
Project("{FAE04EC0-301F-11D3-BF4B-00C04F79EFBC}") = "Pool.TestApp-with-OM-TM", "..\..\Tests\Pool.TestApp\Pool.TestApp-with-OM-TM.csproj", "{71543773-0DAD-4786-95F8-6E40826CC754}"
EndProject
Project("{2150E333-8FDC-42A3-9474-1A3956D46DE8}") = "Web", "Web", "{6D2464DC-F491-49C4-98C2-41D6FC6C1C01}"
EndProject
Project("{FAE04EC0-301F-11D3-BF4B-00C04F79EFBC}") = "Test.Digest-LingvisticService-with-OM-TM.Web", "..\..\TextMining\Digest\Web\Test.Digest-LingvisticService-with-OM-TM.Web\Test.Digest-LingvisticService-with-OM-TM.Web.csproj", "{D81A319A-66FA-499A-9E9C-282251D15AEA}"
EndProject
Project("{FAE04EC0-301F-11D3-BF4B-00C04F79EFBC}") = "LingvisticsTest-with-OM-TM", "..\..\Tests\LingvisticsTest\LingvisticsTest-with-OM-TM.csproj", "{17CAC66E-A190-4043-94A1-7B4D33B00BAA}"
EndProject
Global
	GlobalSection(SolutionConfigurationPlatforms) = preSolution
		Debug|Any CPU = Debug|Any CPU
		Debug|Mixed Platforms = Debug|Mixed Platforms
		Debug|Win32 = Debug|Win32
		Debug|x86 = Debug|x86
		Release|Any CPU = Release|Any CPU
		Release|Mixed Platforms = Release|Mixed Platforms
		Release|Win32 = Release|Win32
		Release|x86 = Release|x86
	EndGlobalSection
	GlobalSection(ProjectConfigurationPlatforms) = postSolution
		{1E5B578C-8B5C-4BE4-A179-7FE6890DD35B}.Debug|Any CPU.ActiveCfg = Debug|x86
		{1E5B578C-8B5C-4BE4-A179-7FE6890DD35B}.Debug|Mixed Platforms.ActiveCfg = Debug|x86
		{1E5B578C-8B5C-4BE4-A179-7FE6890DD35B}.Debug|Mixed Platforms.Build.0 = Debug|x86
		{1E5B578C-8B5C-4BE4-A179-7FE6890DD35B}.Debug|Win32.ActiveCfg = Debug|x86
		{1E5B578C-8B5C-4BE4-A179-7FE6890DD35B}.Debug|x86.ActiveCfg = Debug|x86
		{1E5B578C-8B5C-4BE4-A179-7FE6890DD35B}.Debug|x86.Build.0 = Debug|x86
		{1E5B578C-8B5C-4BE4-A179-7FE6890DD35B}.Release|Any CPU.ActiveCfg = Release|x86
		{1E5B578C-8B5C-4BE4-A179-7FE6890DD35B}.Release|Mixed Platforms.ActiveCfg = Release|x86
		{1E5B578C-8B5C-4BE4-A179-7FE6890DD35B}.Release|Win32.ActiveCfg = Release|x86
		{1E5B578C-8B5C-4BE4-A179-7FE6890DD35B}.Release|x86.ActiveCfg = Release|x86
		{1E5B578C-8B5C-4BE4-A179-7FE6890DD35B}.Release|x86.Build.0 = Release|x86
		{FE580D26-4740-4595-AAAD-110C5FAE2449}.Debug|Any CPU.ActiveCfg = Debug|Any CPU
		{FE580D26-4740-4595-AAAD-110C5FAE2449}.Debug|Any CPU.Build.0 = Debug|Any CPU
		{FE580D26-4740-4595-AAAD-110C5FAE2449}.Debug|Mixed Platforms.ActiveCfg = Debug|Any CPU
		{FE580D26-4740-4595-AAAD-110C5FAE2449}.Debug|Win32.ActiveCfg = Debug|Any CPU
		{FE580D26-4740-4595-AAAD-110C5FAE2449}.Debug|x86.ActiveCfg = Debug|Any CPU
		{FE580D26-4740-4595-AAAD-110C5FAE2449}.Release|Any CPU.ActiveCfg = Release|Any CPU
		{FE580D26-4740-4595-AAAD-110C5FAE2449}.Release|Any CPU.Build.0 = Release|Any CPU
		{FE580D26-4740-4595-AAAD-110C5FAE2449}.Release|Mixed Platforms.ActiveCfg = Release|Any CPU
		{FE580D26-4740-4595-AAAD-110C5FAE2449}.Release|Win32.ActiveCfg = Release|Any CPU
		{FE580D26-4740-4595-AAAD-110C5FAE2449}.Release|x86.ActiveCfg = Release|Any CPU
		{F8C93C08-1732-4A08-8ECE-97C5B9B2736B}.Debug|Any CPU.ActiveCfg = Debug|Win32
		{F8C93C08-1732-4A08-8ECE-97C5B9B2736B}.Debug|Mixed Platforms.ActiveCfg = Debug|Win32
		{F8C93C08-1732-4A08-8ECE-97C5B9B2736B}.Debug|Mixed Platforms.Build.0 = Debug|Win32
		{F8C93C08-1732-4A08-8ECE-97C5B9B2736B}.Debug|Win32.ActiveCfg = Debug|Win32
		{F8C93C08-1732-4A08-8ECE-97C5B9B2736B}.Debug|Win32.Build.0 = Debug|Win32
		{F8C93C08-1732-4A08-8ECE-97C5B9B2736B}.Debug|x86.ActiveCfg = Debug|Win32
		{F8C93C08-1732-4A08-8ECE-97C5B9B2736B}.Debug|x86.Build.0 = Debug|Win32
		{F8C93C08-1732-4A08-8ECE-97C5B9B2736B}.Release|Any CPU.ActiveCfg = Release|Win32
		{F8C93C08-1732-4A08-8ECE-97C5B9B2736B}.Release|Mixed Platforms.ActiveCfg = Release|Win32
		{F8C93C08-1732-4A08-8ECE-97C5B9B2736B}.Release|Mixed Platforms.Build.0 = Release|Win32
		{F8C93C08-1732-4A08-8ECE-97C5B9B2736B}.Release|Win32.ActiveCfg = Release|Win32
		{F8C93C08-1732-4A08-8ECE-97C5B9B2736B}.Release|Win32.Build.0 = Release|Win32
		{F8C93C08-1732-4A08-8ECE-97C5B9B2736B}.Release|x86.ActiveCfg = Release|Win32
		{F8C93C08-1732-4A08-8ECE-97C5B9B2736B}.Release|x86.Build.0 = Release|Win32
		{B849EBCF-AE4E-436F-88D2-26A3561C00B8}.Debug|Any CPU.ActiveCfg = Debug|Win32
		{B849EBCF-AE4E-436F-88D2-26A3561C00B8}.Debug|Mixed Platforms.ActiveCfg = Debug|Win32
		{B849EBCF-AE4E-436F-88D2-26A3561C00B8}.Debug|Mixed Platforms.Build.0 = Debug|Win32
		{B849EBCF-AE4E-436F-88D2-26A3561C00B8}.Debug|Win32.ActiveCfg = Debug|Win32
		{B849EBCF-AE4E-436F-88D2-26A3561C00B8}.Debug|Win32.Build.0 = Debug|Win32
		{B849EBCF-AE4E-436F-88D2-26A3561C00B8}.Debug|x86.ActiveCfg = Debug|Win32
		{B849EBCF-AE4E-436F-88D2-26A3561C00B8}.Debug|x86.Build.0 = Debug|Win32
		{B849EBCF-AE4E-436F-88D2-26A3561C00B8}.Release|Any CPU.ActiveCfg = Release|Win32
		{B849EBCF-AE4E-436F-88D2-26A3561C00B8}.Release|Mixed Platforms.ActiveCfg = Release|Win32
		{B849EBCF-AE4E-436F-88D2-26A3561C00B8}.Release|Mixed Platforms.Build.0 = Release|Win32
		{B849EBCF-AE4E-436F-88D2-26A3561C00B8}.Release|Win32.ActiveCfg = Release|Win32
		{B849EBCF-AE4E-436F-88D2-26A3561C00B8}.Release|Win32.Build.0 = Release|Win32
		{B849EBCF-AE4E-436F-88D2-26A3561C00B8}.Release|x86.ActiveCfg = Release|Win32
		{B849EBCF-AE4E-436F-88D2-26A3561C00B8}.Release|x86.Build.0 = Release|Win32
		{1C0B1164-0DE2-47AA-9B72-CC10C5281839}.Debug|Any CPU.ActiveCfg = Debug|Win32
		{1C0B1164-0DE2-47AA-9B72-CC10C5281839}.Debug|Mixed Platforms.ActiveCfg = Debug|Win32
		{1C0B1164-0DE2-47AA-9B72-CC10C5281839}.Debug|Mixed Platforms.Build.0 = Debug|Win32
		{1C0B1164-0DE2-47AA-9B72-CC10C5281839}.Debug|Win32.ActiveCfg = Debug|Win32
		{1C0B1164-0DE2-47AA-9B72-CC10C5281839}.Debug|Win32.Build.0 = Debug|Win32
		{1C0B1164-0DE2-47AA-9B72-CC10C5281839}.Debug|x86.ActiveCfg = Debug|Win32
		{1C0B1164-0DE2-47AA-9B72-CC10C5281839}.Debug|x86.Build.0 = Debug|Win32
		{1C0B1164-0DE2-47AA-9B72-CC10C5281839}.Release|Any CPU.ActiveCfg = Release|Win32
		{1C0B1164-0DE2-47AA-9B72-CC10C5281839}.Release|Mixed Platforms.ActiveCfg = Release|Win32
		{1C0B1164-0DE2-47AA-9B72-CC10C5281839}.Release|Mixed Platforms.Build.0 = Release|Win32
		{1C0B1164-0DE2-47AA-9B72-CC10C5281839}.Release|Win32.ActiveCfg = Release|Win32
		{1C0B1164-0DE2-47AA-9B72-CC10C5281839}.Release|Win32.Build.0 = Release|Win32
		{1C0B1164-0DE2-47AA-9B72-CC10C5281839}.Release|x86.ActiveCfg = Release|Win32
		{1C0B1164-0DE2-47AA-9B72-CC10C5281839}.Release|x86.Build.0 = Release|Win32
		{9B10FF7D-6C87-4FB4-A905-BF48C2CB814D}.Debug|Any CPU.ActiveCfg = Debug|Win32
		{9B10FF7D-6C87-4FB4-A905-BF48C2CB814D}.Debug|Mixed Platforms.ActiveCfg = Debug|Win32
		{9B10FF7D-6C87-4FB4-A905-BF48C2CB814D}.Debug|Mixed Platforms.Build.0 = Debug|Win32
		{9B10FF7D-6C87-4FB4-A905-BF48C2CB814D}.Debug|Win32.ActiveCfg = Debug|Win32
		{9B10FF7D-6C87-4FB4-A905-BF48C2CB814D}.Debug|Win32.Build.0 = Debug|Win32
		{9B10FF7D-6C87-4FB4-A905-BF48C2CB814D}.Debug|x86.ActiveCfg = Debug|Win32
		{9B10FF7D-6C87-4FB4-A905-BF48C2CB814D}.Debug|x86.Build.0 = Debug|Win32
		{9B10FF7D-6C87-4FB4-A905-BF48C2CB814D}.Release|Any CPU.ActiveCfg = Release|Win32
		{9B10FF7D-6C87-4FB4-A905-BF48C2CB814D}.Release|Mixed Platforms.ActiveCfg = Release|Win32
		{9B10FF7D-6C87-4FB4-A905-BF48C2CB814D}.Release|Mixed Platforms.Build.0 = Release|Win32
		{9B10FF7D-6C87-4FB4-A905-BF48C2CB814D}.Release|Win32.ActiveCfg = Release|Win32
		{9B10FF7D-6C87-4FB4-A905-BF48C2CB814D}.Release|Win32.Build.0 = Release|Win32
		{9B10FF7D-6C87-4FB4-A905-BF48C2CB814D}.Release|x86.ActiveCfg = Release|Win32
		{9B10FF7D-6C87-4FB4-A905-BF48C2CB814D}.Release|x86.Build.0 = Release|Win32
		{032A3B00-1598-4B70-8378-7C26B69472EF}.Debug|Any CPU.ActiveCfg = Debug|Win32
		{032A3B00-1598-4B70-8378-7C26B69472EF}.Debug|Mixed Platforms.ActiveCfg = Debug|Win32
		{032A3B00-1598-4B70-8378-7C26B69472EF}.Debug|Mixed Platforms.Build.0 = Debug|Win32
		{032A3B00-1598-4B70-8378-7C26B69472EF}.Debug|Win32.ActiveCfg = Debug|Win32
		{032A3B00-1598-4B70-8378-7C26B69472EF}.Debug|Win32.Build.0 = Debug|Win32
		{032A3B00-1598-4B70-8378-7C26B69472EF}.Debug|x86.ActiveCfg = Debug|Win32
		{032A3B00-1598-4B70-8378-7C26B69472EF}.Debug|x86.Build.0 = Debug|Win32
		{032A3B00-1598-4B70-8378-7C26B69472EF}.Release|Any CPU.ActiveCfg = Release|Win32
		{032A3B00-1598-4B70-8378-7C26B69472EF}.Release|Mixed Platforms.ActiveCfg = Release|Win32
		{032A3B00-1598-4B70-8378-7C26B69472EF}.Release|Mixed Platforms.Build.0 = Release|Win32
		{032A3B00-1598-4B70-8378-7C26B69472EF}.Release|Win32.ActiveCfg = Release|Win32
		{032A3B00-1598-4B70-8378-7C26B69472EF}.Release|Win32.Build.0 = Release|Win32
		{032A3B00-1598-4B70-8378-7C26B69472EF}.Release|x86.ActiveCfg = Release|Win32
		{032A3B00-1598-4B70-8378-7C26B69472EF}.Release|x86.Build.0 = Release|Win32
		{B92BD292-E48B-4F5C-B8ED-5CD632048067}.Debug|Any CPU.ActiveCfg = Debug|Win32
		{B92BD292-E48B-4F5C-B8ED-5CD632048067}.Debug|Mixed Platforms.ActiveCfg = Debug|Win32
		{B92BD292-E48B-4F5C-B8ED-5CD632048067}.Debug|Mixed Platforms.Build.0 = Debug|Win32
		{B92BD292-E48B-4F5C-B8ED-5CD632048067}.Debug|Win32.ActiveCfg = Debug|Win32
		{B92BD292-E48B-4F5C-B8ED-5CD632048067}.Debug|Win32.Build.0 = Debug|Win32
		{B92BD292-E48B-4F5C-B8ED-5CD632048067}.Debug|x86.ActiveCfg = Debug|Win32
		{B92BD292-E48B-4F5C-B8ED-5CD632048067}.Debug|x86.Build.0 = Debug|Win32
		{B92BD292-E48B-4F5C-B8ED-5CD632048067}.Release|Any CPU.ActiveCfg = Release|Win32
		{B92BD292-E48B-4F5C-B8ED-5CD632048067}.Release|Mixed Platforms.ActiveCfg = Release|Win32
		{B92BD292-E48B-4F5C-B8ED-5CD632048067}.Release|Mixed Platforms.Build.0 = Release|Win32
		{B92BD292-E48B-4F5C-B8ED-5CD632048067}.Release|Win32.ActiveCfg = Release|Win32
		{B92BD292-E48B-4F5C-B8ED-5CD632048067}.Release|Win32.Build.0 = Release|Win32
		{B92BD292-E48B-4F5C-B8ED-5CD632048067}.Release|x86.ActiveCfg = Release|Win32
		{B92BD292-E48B-4F5C-B8ED-5CD632048067}.Release|x86.Build.0 = Release|Win32
		{EB16F032-F54A-4C6A-A33D-009BBA68111F}.Debug|Any CPU.ActiveCfg = Debug|Win32
		{EB16F032-F54A-4C6A-A33D-009BBA68111F}.Debug|Mixed Platforms.ActiveCfg = Debug|Win32
		{EB16F032-F54A-4C6A-A33D-009BBA68111F}.Debug|Mixed Platforms.Build.0 = Debug|Win32
		{EB16F032-F54A-4C6A-A33D-009BBA68111F}.Debug|Win32.ActiveCfg = Debug|Win32
		{EB16F032-F54A-4C6A-A33D-009BBA68111F}.Debug|Win32.Build.0 = Debug|Win32
		{EB16F032-F54A-4C6A-A33D-009BBA68111F}.Debug|x86.ActiveCfg = Debug|Win32
		{EB16F032-F54A-4C6A-A33D-009BBA68111F}.Debug|x86.Build.0 = Debug|Win32
		{EB16F032-F54A-4C6A-A33D-009BBA68111F}.Release|Any CPU.ActiveCfg = Release|Win32
		{EB16F032-F54A-4C6A-A33D-009BBA68111F}.Release|Mixed Platforms.ActiveCfg = Release|Win32
		{EB16F032-F54A-4C6A-A33D-009BBA68111F}.Release|Mixed Platforms.Build.0 = Release|Win32
		{EB16F032-F54A-4C6A-A33D-009BBA68111F}.Release|Win32.ActiveCfg = Release|Win32
		{EB16F032-F54A-4C6A-A33D-009BBA68111F}.Release|Win32.Build.0 = Release|Win32
		{EB16F032-F54A-4C6A-A33D-009BBA68111F}.Release|x86.ActiveCfg = Release|Win32
		{EB16F032-F54A-4C6A-A33D-009BBA68111F}.Release|x86.Build.0 = Release|Win32
		{BB3AA881-FC16-40DD-8824-D6E1FC357038}.Debug|Any CPU.ActiveCfg = Debug|Any CPU
		{BB3AA881-FC16-40DD-8824-D6E1FC357038}.Debug|Any CPU.Build.0 = Debug|Any CPU
		{BB3AA881-FC16-40DD-8824-D6E1FC357038}.Debug|Mixed Platforms.ActiveCfg = Debug|Any CPU
		{BB3AA881-FC16-40DD-8824-D6E1FC357038}.Debug|Mixed Platforms.Build.0 = Debug|Any CPU
		{BB3AA881-FC16-40DD-8824-D6E1FC357038}.Debug|Win32.ActiveCfg = Debug|Any CPU
		{BB3AA881-FC16-40DD-8824-D6E1FC357038}.Debug|x86.ActiveCfg = Debug|Any CPU
		{BB3AA881-FC16-40DD-8824-D6E1FC357038}.Release|Any CPU.ActiveCfg = Release|Any CPU
		{BB3AA881-FC16-40DD-8824-D6E1FC357038}.Release|Any CPU.Build.0 = Release|Any CPU
		{BB3AA881-FC16-40DD-8824-D6E1FC357038}.Release|Mixed Platforms.ActiveCfg = Release|Any CPU
		{BB3AA881-FC16-40DD-8824-D6E1FC357038}.Release|Mixed Platforms.Build.0 = Release|Any CPU
		{BB3AA881-FC16-40DD-8824-D6E1FC357038}.Release|Win32.ActiveCfg = Release|Any CPU
		{BB3AA881-FC16-40DD-8824-D6E1FC357038}.Release|x86.ActiveCfg = Release|Any CPU
		{44189D32-B782-4EDB-A0F9-8606C916E18F}.Debug|Any CPU.ActiveCfg = Debug|Any CPU
		{44189D32-B782-4EDB-A0F9-8606C916E18F}.Debug|Any CPU.Build.0 = Debug|Any CPU
		{44189D32-B782-4EDB-A0F9-8606C916E18F}.Debug|Mixed Platforms.ActiveCfg = Debug|Any CPU
		{44189D32-B782-4EDB-A0F9-8606C916E18F}.Debug|Mixed Platforms.Build.0 = Debug|Any CPU
		{44189D32-B782-4EDB-A0F9-8606C916E18F}.Debug|Win32.ActiveCfg = Debug|Any CPU
		{44189D32-B782-4EDB-A0F9-8606C916E18F}.Debug|x86.ActiveCfg = Debug|Any CPU
		{44189D32-B782-4EDB-A0F9-8606C916E18F}.Release|Any CPU.ActiveCfg = Release|Any CPU
		{44189D32-B782-4EDB-A0F9-8606C916E18F}.Release|Any CPU.Build.0 = Release|Any CPU
		{44189D32-B782-4EDB-A0F9-8606C916E18F}.Release|Mixed Platforms.ActiveCfg = Release|Any CPU
		{44189D32-B782-4EDB-A0F9-8606C916E18F}.Release|Mixed Platforms.Build.0 = Release|Any CPU
		{44189D32-B782-4EDB-A0F9-8606C916E18F}.Release|Win32.ActiveCfg = Release|Any CPU
		{44189D32-B782-4EDB-A0F9-8606C916E18F}.Release|x86.ActiveCfg = Release|Any CPU
		{9A1890DC-37D1-4784-97DE-690FD50B029D}.Debug|Any CPU.ActiveCfg = Debug|Any CPU
		{9A1890DC-37D1-4784-97DE-690FD50B029D}.Debug|Any CPU.Build.0 = Debug|Any CPU
		{9A1890DC-37D1-4784-97DE-690FD50B029D}.Debug|Mixed Platforms.ActiveCfg = Debug|Any CPU
		{9A1890DC-37D1-4784-97DE-690FD50B029D}.Debug|Mixed Platforms.Build.0 = Debug|Any CPU
		{9A1890DC-37D1-4784-97DE-690FD50B029D}.Debug|Win32.ActiveCfg = Debug|Any CPU
		{9A1890DC-37D1-4784-97DE-690FD50B029D}.Debug|x86.ActiveCfg = Debug|Any CPU
		{9A1890DC-37D1-4784-97DE-690FD50B029D}.Release|Any CPU.ActiveCfg = Release|Any CPU
		{9A1890DC-37D1-4784-97DE-690FD50B029D}.Release|Any CPU.Build.0 = Release|Any CPU
		{9A1890DC-37D1-4784-97DE-690FD50B029D}.Release|Mixed Platforms.ActiveCfg = Release|Any CPU
		{9A1890DC-37D1-4784-97DE-690FD50B029D}.Release|Mixed Platforms.Build.0 = Release|Any CPU
		{9A1890DC-37D1-4784-97DE-690FD50B029D}.Release|Win32.ActiveCfg = Release|Any CPU
		{9A1890DC-37D1-4784-97DE-690FD50B029D}.Release|x86.ActiveCfg = Release|Any CPU
		{19396F4C-3866-4F08-A866-438863AAFC5E}.Debug|Any CPU.ActiveCfg = Debug|Any CPU
		{19396F4C-3866-4F08-A866-438863AAFC5E}.Debug|Any CPU.Build.0 = Debug|Any CPU
		{19396F4C-3866-4F08-A866-438863AAFC5E}.Debug|Mixed Platforms.ActiveCfg = Debug|Any CPU
		{19396F4C-3866-4F08-A866-438863AAFC5E}.Debug|Mixed Platforms.Build.0 = Debug|Any CPU
		{19396F4C-3866-4F08-A866-438863AAFC5E}.Debug|Win32.ActiveCfg = Debug|Any CPU
		{19396F4C-3866-4F08-A866-438863AAFC5E}.Debug|x86.ActiveCfg = Debug|Any CPU
		{19396F4C-3866-4F08-A866-438863AAFC5E}.Release|Any CPU.ActiveCfg = Release|Any CPU
		{19396F4C-3866-4F08-A866-438863AAFC5E}.Release|Any CPU.Build.0 = Release|Any CPU
		{19396F4C-3866-4F08-A866-438863AAFC5E}.Release|Mixed Platforms.ActiveCfg = Release|Any CPU
		{19396F4C-3866-4F08-A866-438863AAFC5E}.Release|Mixed Platforms.Build.0 = Release|Any CPU
		{19396F4C-3866-4F08-A866-438863AAFC5E}.Release|Win32.ActiveCfg = Release|Any CPU
		{19396F4C-3866-4F08-A866-438863AAFC5E}.Release|x86.ActiveCfg = Release|Any CPU
		{449C9700-77EB-46F4-A32B-D7669D2A86BF}.Debug|Any CPU.ActiveCfg = Debug|Any CPU
		{449C9700-77EB-46F4-A32B-D7669D2A86BF}.Debug|Any CPU.Build.0 = Debug|Any CPU
		{449C9700-77EB-46F4-A32B-D7669D2A86BF}.Debug|Mixed Platforms.ActiveCfg = Debug|Any CPU
		{449C9700-77EB-46F4-A32B-D7669D2A86BF}.Debug|Mixed Platforms.Build.0 = Debug|Any CPU
		{449C9700-77EB-46F4-A32B-D7669D2A86BF}.Debug|Win32.ActiveCfg = Debug|Any CPU
		{449C9700-77EB-46F4-A32B-D7669D2A86BF}.Debug|x86.ActiveCfg = Debug|Any CPU
		{449C9700-77EB-46F4-A32B-D7669D2A86BF}.Release|Any CPU.ActiveCfg = Release|Any CPU
		{449C9700-77EB-46F4-A32B-D7669D2A86BF}.Release|Any CPU.Build.0 = Release|Any CPU
		{449C9700-77EB-46F4-A32B-D7669D2A86BF}.Release|Mixed Platforms.ActiveCfg = Release|Any CPU
		{449C9700-77EB-46F4-A32B-D7669D2A86BF}.Release|Mixed Platforms.Build.0 = Release|Any CPU
		{449C9700-77EB-46F4-A32B-D7669D2A86BF}.Release|Win32.ActiveCfg = Release|Any CPU
		{449C9700-77EB-46F4-A32B-D7669D2A86BF}.Release|x86.ActiveCfg = Release|Any CPU
		{61D53EA1-ED0A-45A5-BA83-122CF51C112B}.Debug|Any CPU.ActiveCfg = Debug|Any CPU
		{61D53EA1-ED0A-45A5-BA83-122CF51C112B}.Debug|Any CPU.Build.0 = Debug|Any CPU
		{61D53EA1-ED0A-45A5-BA83-122CF51C112B}.Debug|Mixed Platforms.ActiveCfg = Debug|Any CPU
		{61D53EA1-ED0A-45A5-BA83-122CF51C112B}.Debug|Mixed Platforms.Build.0 = Debug|Any CPU
		{61D53EA1-ED0A-45A5-BA83-122CF51C112B}.Debug|Win32.ActiveCfg = Debug|Any CPU
		{61D53EA1-ED0A-45A5-BA83-122CF51C112B}.Debug|x86.ActiveCfg = Debug|Any CPU
		{61D53EA1-ED0A-45A5-BA83-122CF51C112B}.Release|Any CPU.ActiveCfg = Release|Any CPU
		{61D53EA1-ED0A-45A5-BA83-122CF51C112B}.Release|Any CPU.Build.0 = Release|Any CPU
		{61D53EA1-ED0A-45A5-BA83-122CF51C112B}.Release|Mixed Platforms.ActiveCfg = Release|Any CPU
		{61D53EA1-ED0A-45A5-BA83-122CF51C112B}.Release|Mixed Platforms.Build.0 = Release|Any CPU
		{61D53EA1-ED0A-45A5-BA83-122CF51C112B}.Release|Win32.ActiveCfg = Release|Any CPU
		{61D53EA1-ED0A-45A5-BA83-122CF51C112B}.Release|x86.ActiveCfg = Release|Any CPU
		{BB6CF68C-B8B8-4CE9-BEE9-4AADDAD01C45}.Debug|Any CPU.ActiveCfg = Debug|Any CPU
		{BB6CF68C-B8B8-4CE9-BEE9-4AADDAD01C45}.Debug|Any CPU.Build.0 = Debug|Any CPU
		{BB6CF68C-B8B8-4CE9-BEE9-4AADDAD01C45}.Debug|Mixed Platforms.ActiveCfg = Debug|Any CPU
		{BB6CF68C-B8B8-4CE9-BEE9-4AADDAD01C45}.Debug|Mixed Platforms.Build.0 = Debug|Any CPU
		{BB6CF68C-B8B8-4CE9-BEE9-4AADDAD01C45}.Debug|Win32.ActiveCfg = Debug|Any CPU
		{BB6CF68C-B8B8-4CE9-BEE9-4AADDAD01C45}.Debug|x86.ActiveCfg = Debug|Any CPU
		{BB6CF68C-B8B8-4CE9-BEE9-4AADDAD01C45}.Release|Any CPU.ActiveCfg = Release|Any CPU
		{BB6CF68C-B8B8-4CE9-BEE9-4AADDAD01C45}.Release|Any CPU.Build.0 = Release|Any CPU
		{BB6CF68C-B8B8-4CE9-BEE9-4AADDAD01C45}.Release|Mixed Platforms.ActiveCfg = Release|Any CPU
		{BB6CF68C-B8B8-4CE9-BEE9-4AADDAD01C45}.Release|Mixed Platforms.Build.0 = Release|Any CPU
		{BB6CF68C-B8B8-4CE9-BEE9-4AADDAD01C45}.Release|Win32.ActiveCfg = Release|Any CPU
		{BB6CF68C-B8B8-4CE9-BEE9-4AADDAD01C45}.Release|x86.ActiveCfg = Release|Any CPU
		{5016ED7A-762D-4A32-9911-737EC83211CC}.Debug|Any CPU.ActiveCfg = Debug|Any CPU
		{5016ED7A-762D-4A32-9911-737EC83211CC}.Debug|Any CPU.Build.0 = Debug|Any CPU
		{5016ED7A-762D-4A32-9911-737EC83211CC}.Debug|Mixed Platforms.ActiveCfg = Debug|Any CPU
		{5016ED7A-762D-4A32-9911-737EC83211CC}.Debug|Mixed Platforms.Build.0 = Debug|Any CPU
		{5016ED7A-762D-4A32-9911-737EC83211CC}.Debug|Win32.ActiveCfg = Debug|Any CPU
		{5016ED7A-762D-4A32-9911-737EC83211CC}.Debug|x86.ActiveCfg = Debug|Any CPU
		{5016ED7A-762D-4A32-9911-737EC83211CC}.Release|Any CPU.ActiveCfg = Release|Any CPU
		{5016ED7A-762D-4A32-9911-737EC83211CC}.Release|Any CPU.Build.0 = Release|Any CPU
		{5016ED7A-762D-4A32-9911-737EC83211CC}.Release|Mixed Platforms.ActiveCfg = Release|Any CPU
		{5016ED7A-762D-4A32-9911-737EC83211CC}.Release|Mixed Platforms.Build.0 = Release|Any CPU
		{5016ED7A-762D-4A32-9911-737EC83211CC}.Release|Win32.ActiveCfg = Release|Any CPU
		{5016ED7A-762D-4A32-9911-737EC83211CC}.Release|x86.ActiveCfg = Release|Any CPU
		{F9B86F0B-E4D4-4F0C-9010-F64C70103EF3}.Debug|Any CPU.ActiveCfg = Debug|Any CPU
		{F9B86F0B-E4D4-4F0C-9010-F64C70103EF3}.Debug|Any CPU.Build.0 = Debug|Any CPU
		{F9B86F0B-E4D4-4F0C-9010-F64C70103EF3}.Debug|Mixed Platforms.ActiveCfg = Debug|x86
		{F9B86F0B-E4D4-4F0C-9010-F64C70103EF3}.Debug|Mixed Platforms.Build.0 = Debug|x86
		{F9B86F0B-E4D4-4F0C-9010-F64C70103EF3}.Debug|Win32.ActiveCfg = Debug|x86
		{F9B86F0B-E4D4-4F0C-9010-F64C70103EF3}.Debug|Win32.Build.0 = Debug|x86
		{F9B86F0B-E4D4-4F0C-9010-F64C70103EF3}.Debug|x86.ActiveCfg = Debug|x86
		{F9B86F0B-E4D4-4F0C-9010-F64C70103EF3}.Debug|x86.Build.0 = Debug|x86
		{F9B86F0B-E4D4-4F0C-9010-F64C70103EF3}.Release|Any CPU.ActiveCfg = Release|Any CPU
		{F9B86F0B-E4D4-4F0C-9010-F64C70103EF3}.Release|Any CPU.Build.0 = Release|Any CPU
		{F9B86F0B-E4D4-4F0C-9010-F64C70103EF3}.Release|Mixed Platforms.ActiveCfg = Release|x86
		{F9B86F0B-E4D4-4F0C-9010-F64C70103EF3}.Release|Mixed Platforms.Build.0 = Release|x86
		{F9B86F0B-E4D4-4F0C-9010-F64C70103EF3}.Release|Win32.ActiveCfg = Release|x86
		{F9B86F0B-E4D4-4F0C-9010-F64C70103EF3}.Release|Win32.Build.0 = Release|x86
		{F9B86F0B-E4D4-4F0C-9010-F64C70103EF3}.Release|x86.ActiveCfg = Release|x86
		{F9B86F0B-E4D4-4F0C-9010-F64C70103EF3}.Release|x86.Build.0 = Release|x86
		{1C86F203-F7D7-4C3D-9DFF-07CC73139DEB}.Debug|Any CPU.ActiveCfg = Debug|Any CPU
		{1C86F203-F7D7-4C3D-9DFF-07CC73139DEB}.Debug|Any CPU.Build.0 = Debug|Any CPU
		{1C86F203-F7D7-4C3D-9DFF-07CC73139DEB}.Debug|Mixed Platforms.ActiveCfg = Debug|Any CPU
		{1C86F203-F7D7-4C3D-9DFF-07CC73139DEB}.Debug|Mixed Platforms.Build.0 = Debug|Any CPU
		{1C86F203-F7D7-4C3D-9DFF-07CC73139DEB}.Debug|Win32.ActiveCfg = Debug|Any CPU
		{1C86F203-F7D7-4C3D-9DFF-07CC73139DEB}.Debug|x86.ActiveCfg = Debug|Any CPU
		{1C86F203-F7D7-4C3D-9DFF-07CC73139DEB}.Release|Any CPU.ActiveCfg = Release|Any CPU
		{1C86F203-F7D7-4C3D-9DFF-07CC73139DEB}.Release|Any CPU.Build.0 = Release|Any CPU
		{1C86F203-F7D7-4C3D-9DFF-07CC73139DEB}.Release|Mixed Platforms.ActiveCfg = Release|Any CPU
		{1C86F203-F7D7-4C3D-9DFF-07CC73139DEB}.Release|Mixed Platforms.Build.0 = Release|Any CPU
		{1C86F203-F7D7-4C3D-9DFF-07CC73139DEB}.Release|Win32.ActiveCfg = Release|Any CPU
		{1C86F203-F7D7-4C3D-9DFF-07CC73139DEB}.Release|x86.ActiveCfg = Release|Any CPU
		{11528BC6-CA83-452D-9180-6D19F555FE7C}.Debug|Any CPU.ActiveCfg = Debug|Any CPU
		{11528BC6-CA83-452D-9180-6D19F555FE7C}.Debug|Any CPU.Build.0 = Debug|Any CPU
		{11528BC6-CA83-452D-9180-6D19F555FE7C}.Debug|Mixed Platforms.ActiveCfg = Debug|Any CPU
		{11528BC6-CA83-452D-9180-6D19F555FE7C}.Debug|Mixed Platforms.Build.0 = Debug|Any CPU
		{11528BC6-CA83-452D-9180-6D19F555FE7C}.Debug|Win32.ActiveCfg = Debug|Any CPU
		{11528BC6-CA83-452D-9180-6D19F555FE7C}.Debug|x86.ActiveCfg = Debug|Any CPU
		{11528BC6-CA83-452D-9180-6D19F555FE7C}.Release|Any CPU.ActiveCfg = Release|Any CPU
		{11528BC6-CA83-452D-9180-6D19F555FE7C}.Release|Any CPU.Build.0 = Release|Any CPU
		{11528BC6-CA83-452D-9180-6D19F555FE7C}.Release|Mixed Platforms.ActiveCfg = Release|Any CPU
		{11528BC6-CA83-452D-9180-6D19F555FE7C}.Release|Mixed Platforms.Build.0 = Release|Any CPU
		{11528BC6-CA83-452D-9180-6D19F555FE7C}.Release|Win32.ActiveCfg = Release|Any CPU
		{11528BC6-CA83-452D-9180-6D19F555FE7C}.Release|x86.ActiveCfg = Release|Any CPU
		{0AE2A230-D008-41CD-91AF-0E6A5491272D}.Debug|Any CPU.ActiveCfg = Debug|Win32
		{0AE2A230-D008-41CD-91AF-0E6A5491272D}.Debug|Mixed Platforms.ActiveCfg = Debug|Win32
		{0AE2A230-D008-41CD-91AF-0E6A5491272D}.Debug|Mixed Platforms.Build.0 = Debug|Win32
		{0AE2A230-D008-41CD-91AF-0E6A5491272D}.Debug|Win32.ActiveCfg = Debug|Win32
		{0AE2A230-D008-41CD-91AF-0E6A5491272D}.Debug|Win32.Build.0 = Debug|Win32
		{0AE2A230-D008-41CD-91AF-0E6A5491272D}.Debug|x86.ActiveCfg = Debug|Win32
		{0AE2A230-D008-41CD-91AF-0E6A5491272D}.Debug|x86.Build.0 = Debug|Win32
		{0AE2A230-D008-41CD-91AF-0E6A5491272D}.Release|Any CPU.ActiveCfg = Release|Win32
		{0AE2A230-D008-41CD-91AF-0E6A5491272D}.Release|Mixed Platforms.ActiveCfg = Release|Win32
		{0AE2A230-D008-41CD-91AF-0E6A5491272D}.Release|Mixed Platforms.Build.0 = Release|Win32
		{0AE2A230-D008-41CD-91AF-0E6A5491272D}.Release|Win32.ActiveCfg = Release|Win32
		{0AE2A230-D008-41CD-91AF-0E6A5491272D}.Release|Win32.Build.0 = Release|Win32
		{0AE2A230-D008-41CD-91AF-0E6A5491272D}.Release|x86.ActiveCfg = Release|Win32
		{0AE2A230-D008-41CD-91AF-0E6A5491272D}.Release|x86.Build.0 = Release|Win32
		{F808CB7B-32FC-452E-8083-FC585351F478}.Debug|Any CPU.ActiveCfg = Debug|Win32
		{F808CB7B-32FC-452E-8083-FC585351F478}.Debug|Mixed Platforms.ActiveCfg = Debug|Win32
		{F808CB7B-32FC-452E-8083-FC585351F478}.Debug|Mixed Platforms.Build.0 = Debug|Win32
		{F808CB7B-32FC-452E-8083-FC585351F478}.Debug|Win32.ActiveCfg = Debug|Win32
		{F808CB7B-32FC-452E-8083-FC585351F478}.Debug|Win32.Build.0 = Debug|Win32
		{F808CB7B-32FC-452E-8083-FC585351F478}.Debug|x86.ActiveCfg = Debug|Win32
		{F808CB7B-32FC-452E-8083-FC585351F478}.Debug|x86.Build.0 = Debug|Win32
		{F808CB7B-32FC-452E-8083-FC585351F478}.Release|Any CPU.ActiveCfg = Release|Win32
		{F808CB7B-32FC-452E-8083-FC585351F478}.Release|Mixed Platforms.ActiveCfg = Release|Win32
		{F808CB7B-32FC-452E-8083-FC585351F478}.Release|Mixed Platforms.Build.0 = Release|Win32
		{F808CB7B-32FC-452E-8083-FC585351F478}.Release|Win32.ActiveCfg = Release|Win32
		{F808CB7B-32FC-452E-8083-FC585351F478}.Release|Win32.Build.0 = Release|Win32
		{F808CB7B-32FC-452E-8083-FC585351F478}.Release|x86.ActiveCfg = Release|Win32
		{F808CB7B-32FC-452E-8083-FC585351F478}.Release|x86.Build.0 = Release|Win32
		{31D91F78-1959-4EA2-8EF7-A8E158548A2C}.Debug|Any CPU.ActiveCfg = Debug|Win32
		{31D91F78-1959-4EA2-8EF7-A8E158548A2C}.Debug|Mixed Platforms.ActiveCfg = Debug|Win32
		{31D91F78-1959-4EA2-8EF7-A8E158548A2C}.Debug|Mixed Platforms.Build.0 = Debug|Win32
		{31D91F78-1959-4EA2-8EF7-A8E158548A2C}.Debug|Win32.ActiveCfg = Debug|Win32
		{31D91F78-1959-4EA2-8EF7-A8E158548A2C}.Debug|Win32.Build.0 = Debug|Win32
		{31D91F78-1959-4EA2-8EF7-A8E158548A2C}.Debug|x86.ActiveCfg = Debug|Win32
		{31D91F78-1959-4EA2-8EF7-A8E158548A2C}.Debug|x86.Build.0 = Debug|Win32
		{31D91F78-1959-4EA2-8EF7-A8E158548A2C}.Release|Any CPU.ActiveCfg = Release|Win32
		{31D91F78-1959-4EA2-8EF7-A8E158548A2C}.Release|Mixed Platforms.ActiveCfg = Release|Win32
		{31D91F78-1959-4EA2-8EF7-A8E158548A2C}.Release|Mixed Platforms.Build.0 = Release|Win32
		{31D91F78-1959-4EA2-8EF7-A8E158548A2C}.Release|Win32.ActiveCfg = Release|Win32
		{31D91F78-1959-4EA2-8EF7-A8E158548A2C}.Release|Win32.Build.0 = Release|Win32
		{31D91F78-1959-4EA2-8EF7-A8E158548A2C}.Release|x86.ActiveCfg = Release|Win32
		{31D91F78-1959-4EA2-8EF7-A8E158548A2C}.Release|x86.Build.0 = Release|Win32
		{28EA48FA-4A87-4FA3-A9DD-8FBF2355B98E}.Debug|Any CPU.ActiveCfg = Debug|Win32
		{28EA48FA-4A87-4FA3-A9DD-8FBF2355B98E}.Debug|Mixed Platforms.ActiveCfg = Debug|Win32
		{28EA48FA-4A87-4FA3-A9DD-8FBF2355B98E}.Debug|Mixed Platforms.Build.0 = Debug|Win32
		{28EA48FA-4A87-4FA3-A9DD-8FBF2355B98E}.Debug|Win32.ActiveCfg = Debug|Win32
		{28EA48FA-4A87-4FA3-A9DD-8FBF2355B98E}.Debug|Win32.Build.0 = Debug|Win32
		{28EA48FA-4A87-4FA3-A9DD-8FBF2355B98E}.Debug|x86.ActiveCfg = Debug|Win32
		{28EA48FA-4A87-4FA3-A9DD-8FBF2355B98E}.Debug|x86.Build.0 = Debug|Win32
		{28EA48FA-4A87-4FA3-A9DD-8FBF2355B98E}.Release|Any CPU.ActiveCfg = Release|Win32
		{28EA48FA-4A87-4FA3-A9DD-8FBF2355B98E}.Release|Mixed Platforms.ActiveCfg = Release|Win32
		{28EA48FA-4A87-4FA3-A9DD-8FBF2355B98E}.Release|Mixed Platforms.Build.0 = Release|Win32
		{28EA48FA-4A87-4FA3-A9DD-8FBF2355B98E}.Release|Win32.ActiveCfg = Release|Win32
		{28EA48FA-4A87-4FA3-A9DD-8FBF2355B98E}.Release|Win32.Build.0 = Release|Win32
		{28EA48FA-4A87-4FA3-A9DD-8FBF2355B98E}.Release|x86.ActiveCfg = Release|Win32
		{28EA48FA-4A87-4FA3-A9DD-8FBF2355B98E}.Release|x86.Build.0 = Release|Win32
		{7F9622C8-2DBD-471F-BEBB-DFF809438254}.Debug|Any CPU.ActiveCfg = Debug|Win32
		{7F9622C8-2DBD-471F-BEBB-DFF809438254}.Debug|Mixed Platforms.ActiveCfg = Debug|Win32
		{7F9622C8-2DBD-471F-BEBB-DFF809438254}.Debug|Mixed Platforms.Build.0 = Debug|Win32
		{7F9622C8-2DBD-471F-BEBB-DFF809438254}.Debug|Win32.ActiveCfg = Debug|Win32
		{7F9622C8-2DBD-471F-BEBB-DFF809438254}.Debug|Win32.Build.0 = Debug|Win32
		{7F9622C8-2DBD-471F-BEBB-DFF809438254}.Debug|x86.ActiveCfg = Debug|Win32
		{7F9622C8-2DBD-471F-BEBB-DFF809438254}.Debug|x86.Build.0 = Debug|Win32
		{7F9622C8-2DBD-471F-BEBB-DFF809438254}.Release|Any CPU.ActiveCfg = Release|Win32
		{7F9622C8-2DBD-471F-BEBB-DFF809438254}.Release|Mixed Platforms.ActiveCfg = Release|Win32
		{7F9622C8-2DBD-471F-BEBB-DFF809438254}.Release|Mixed Platforms.Build.0 = Release|Win32
		{7F9622C8-2DBD-471F-BEBB-DFF809438254}.Release|Win32.ActiveCfg = Release|Win32
		{7F9622C8-2DBD-471F-BEBB-DFF809438254}.Release|Win32.Build.0 = Release|Win32
		{7F9622C8-2DBD-471F-BEBB-DFF809438254}.Release|x86.ActiveCfg = Release|Win32
		{7F9622C8-2DBD-471F-BEBB-DFF809438254}.Release|x86.Build.0 = Release|Win32
		{2ACC64A8-FE4C-4865-B5B8-82C2CE7250E8}.Debug|Any CPU.ActiveCfg = Debug|Win32
		{2ACC64A8-FE4C-4865-B5B8-82C2CE7250E8}.Debug|Mixed Platforms.ActiveCfg = Debug|Win32
		{2ACC64A8-FE4C-4865-B5B8-82C2CE7250E8}.Debug|Mixed Platforms.Build.0 = Debug|Win32
		{2ACC64A8-FE4C-4865-B5B8-82C2CE7250E8}.Debug|Win32.ActiveCfg = Debug|Win32
		{2ACC64A8-FE4C-4865-B5B8-82C2CE7250E8}.Debug|Win32.Build.0 = Debug|Win32
		{2ACC64A8-FE4C-4865-B5B8-82C2CE7250E8}.Debug|x86.ActiveCfg = Debug|Win32
		{2ACC64A8-FE4C-4865-B5B8-82C2CE7250E8}.Debug|x86.Build.0 = Debug|Win32
		{2ACC64A8-FE4C-4865-B5B8-82C2CE7250E8}.Release|Any CPU.ActiveCfg = Release|Win32
		{2ACC64A8-FE4C-4865-B5B8-82C2CE7250E8}.Release|Mixed Platforms.ActiveCfg = Release|Win32
		{2ACC64A8-FE4C-4865-B5B8-82C2CE7250E8}.Release|Mixed Platforms.Build.0 = Release|Win32
		{2ACC64A8-FE4C-4865-B5B8-82C2CE7250E8}.Release|Win32.ActiveCfg = Release|Win32
		{2ACC64A8-FE4C-4865-B5B8-82C2CE7250E8}.Release|Win32.Build.0 = Release|Win32
		{2ACC64A8-FE4C-4865-B5B8-82C2CE7250E8}.Release|x86.ActiveCfg = Release|Win32
		{2ACC64A8-FE4C-4865-B5B8-82C2CE7250E8}.Release|x86.Build.0 = Release|Win32
		{877C0F36-BB7D-4B7C-913C-20A77A1941D9}.Debug|Any CPU.ActiveCfg = Debug|Win32
		{877C0F36-BB7D-4B7C-913C-20A77A1941D9}.Debug|Mixed Platforms.ActiveCfg = Debug|Win32
		{877C0F36-BB7D-4B7C-913C-20A77A1941D9}.Debug|Mixed Platforms.Build.0 = Debug|Win32
		{877C0F36-BB7D-4B7C-913C-20A77A1941D9}.Debug|Win32.ActiveCfg = Debug|Win32
		{877C0F36-BB7D-4B7C-913C-20A77A1941D9}.Debug|Win32.Build.0 = Debug|Win32
		{877C0F36-BB7D-4B7C-913C-20A77A1941D9}.Debug|x86.ActiveCfg = Debug|Win32
		{877C0F36-BB7D-4B7C-913C-20A77A1941D9}.Debug|x86.Build.0 = Debug|Win32
		{877C0F36-BB7D-4B7C-913C-20A77A1941D9}.Release|Any CPU.ActiveCfg = Release|Win32
		{877C0F36-BB7D-4B7C-913C-20A77A1941D9}.Release|Mixed Platforms.ActiveCfg = Release|Win32
		{877C0F36-BB7D-4B7C-913C-20A77A1941D9}.Release|Mixed Platforms.Build.0 = Release|Win32
		{877C0F36-BB7D-4B7C-913C-20A77A1941D9}.Release|Win32.ActiveCfg = Release|Win32
		{877C0F36-BB7D-4B7C-913C-20A77A1941D9}.Release|Win32.Build.0 = Release|Win32
		{877C0F36-BB7D-4B7C-913C-20A77A1941D9}.Release|x86.ActiveCfg = Release|Win32
		{877C0F36-BB7D-4B7C-913C-20A77A1941D9}.Release|x86.Build.0 = Release|Win32
		{56645DA4-7524-44ED-932B-D798029F5BD7}.Debug|Any CPU.ActiveCfg = Debug|Win32
		{56645DA4-7524-44ED-932B-D798029F5BD7}.Debug|Mixed Platforms.ActiveCfg = Debug|Win32
		{56645DA4-7524-44ED-932B-D798029F5BD7}.Debug|Mixed Platforms.Build.0 = Debug|Win32
		{56645DA4-7524-44ED-932B-D798029F5BD7}.Debug|Win32.ActiveCfg = Debug|Win32
		{56645DA4-7524-44ED-932B-D798029F5BD7}.Debug|Win32.Build.0 = Debug|Win32
		{56645DA4-7524-44ED-932B-D798029F5BD7}.Debug|x86.ActiveCfg = Debug|Win32
		{56645DA4-7524-44ED-932B-D798029F5BD7}.Debug|x86.Build.0 = Debug|Win32
		{56645DA4-7524-44ED-932B-D798029F5BD7}.Release|Any CPU.ActiveCfg = Release|Win32
		{56645DA4-7524-44ED-932B-D798029F5BD7}.Release|Mixed Platforms.ActiveCfg = Release|Win32
		{56645DA4-7524-44ED-932B-D798029F5BD7}.Release|Mixed Platforms.Build.0 = Release|Win32
		{56645DA4-7524-44ED-932B-D798029F5BD7}.Release|Win32.ActiveCfg = Release|Win32
		{56645DA4-7524-44ED-932B-D798029F5BD7}.Release|Win32.Build.0 = Release|Win32
		{56645DA4-7524-44ED-932B-D798029F5BD7}.Release|x86.ActiveCfg = Release|Win32
		{56645DA4-7524-44ED-932B-D798029F5BD7}.Release|x86.Build.0 = Release|Win32
		{21CCBF51-EE8C-4E56-97E6-ACA2EC9E87F0}.Debug|Any CPU.ActiveCfg = Debug|Win32
		{21CCBF51-EE8C-4E56-97E6-ACA2EC9E87F0}.Debug|Mixed Platforms.ActiveCfg = Debug|Win32
		{21CCBF51-EE8C-4E56-97E6-ACA2EC9E87F0}.Debug|Mixed Platforms.Build.0 = Debug|Win32
		{21CCBF51-EE8C-4E56-97E6-ACA2EC9E87F0}.Debug|Win32.ActiveCfg = Debug|Win32
		{21CCBF51-EE8C-4E56-97E6-ACA2EC9E87F0}.Debug|Win32.Build.0 = Debug|Win32
		{21CCBF51-EE8C-4E56-97E6-ACA2EC9E87F0}.Debug|x86.ActiveCfg = Debug|Win32
		{21CCBF51-EE8C-4E56-97E6-ACA2EC9E87F0}.Debug|x86.Build.0 = Debug|Win32
		{21CCBF51-EE8C-4E56-97E6-ACA2EC9E87F0}.Release|Any CPU.ActiveCfg = Release|Win32
		{21CCBF51-EE8C-4E56-97E6-ACA2EC9E87F0}.Release|Mixed Platforms.ActiveCfg = Release|Win32
		{21CCBF51-EE8C-4E56-97E6-ACA2EC9E87F0}.Release|Mixed Platforms.Build.0 = Release|Win32
		{21CCBF51-EE8C-4E56-97E6-ACA2EC9E87F0}.Release|Win32.ActiveCfg = Release|Win32
		{21CCBF51-EE8C-4E56-97E6-ACA2EC9E87F0}.Release|Win32.Build.0 = Release|Win32
		{21CCBF51-EE8C-4E56-97E6-ACA2EC9E87F0}.Release|x86.ActiveCfg = Release|Win32
		{21CCBF51-EE8C-4E56-97E6-ACA2EC9E87F0}.Release|x86.Build.0 = Release|Win32
		{1430E8CD-BCC5-441A-94B1-46CF2D8072B3}.Debug|Any CPU.ActiveCfg = Debug|Win32
		{1430E8CD-BCC5-441A-94B1-46CF2D8072B3}.Debug|Mixed Platforms.ActiveCfg = Debug|Win32
		{1430E8CD-BCC5-441A-94B1-46CF2D8072B3}.Debug|Mixed Platforms.Build.0 = Debug|Win32
		{1430E8CD-BCC5-441A-94B1-46CF2D8072B3}.Debug|Win32.ActiveCfg = Debug|Win32
		{1430E8CD-BCC5-441A-94B1-46CF2D8072B3}.Debug|Win32.Build.0 = Debug|Win32
		{1430E8CD-BCC5-441A-94B1-46CF2D8072B3}.Debug|x86.ActiveCfg = Debug|Win32
		{1430E8CD-BCC5-441A-94B1-46CF2D8072B3}.Debug|x86.Build.0 = Debug|Win32
		{1430E8CD-BCC5-441A-94B1-46CF2D8072B3}.Release|Any CPU.ActiveCfg = Release|Win32
		{1430E8CD-BCC5-441A-94B1-46CF2D8072B3}.Release|Mixed Platforms.ActiveCfg = Release|Win32
		{1430E8CD-BCC5-441A-94B1-46CF2D8072B3}.Release|Mixed Platforms.Build.0 = Release|Win32
		{1430E8CD-BCC5-441A-94B1-46CF2D8072B3}.Release|Win32.ActiveCfg = Release|Win32
		{1430E8CD-BCC5-441A-94B1-46CF2D8072B3}.Release|Win32.Build.0 = Release|Win32
		{1430E8CD-BCC5-441A-94B1-46CF2D8072B3}.Release|x86.ActiveCfg = Release|Win32
		{1430E8CD-BCC5-441A-94B1-46CF2D8072B3}.Release|x86.Build.0 = Release|Win32
		{3EDCEE69-E8FC-4D29-80E4-E373B6EF905D}.Debug|Any CPU.ActiveCfg = Debug|Win32
		{3EDCEE69-E8FC-4D29-80E4-E373B6EF905D}.Debug|Mixed Platforms.ActiveCfg = Debug|Win32
		{3EDCEE69-E8FC-4D29-80E4-E373B6EF905D}.Debug|Mixed Platforms.Build.0 = Debug|Win32
		{3EDCEE69-E8FC-4D29-80E4-E373B6EF905D}.Debug|Win32.ActiveCfg = Debug|Win32
		{3EDCEE69-E8FC-4D29-80E4-E373B6EF905D}.Debug|Win32.Build.0 = Debug|Win32
		{3EDCEE69-E8FC-4D29-80E4-E373B6EF905D}.Debug|x86.ActiveCfg = Debug|Win32
		{3EDCEE69-E8FC-4D29-80E4-E373B6EF905D}.Debug|x86.Build.0 = Debug|Win32
		{3EDCEE69-E8FC-4D29-80E4-E373B6EF905D}.Release|Any CPU.ActiveCfg = Release|Win32
		{3EDCEE69-E8FC-4D29-80E4-E373B6EF905D}.Release|Mixed Platforms.ActiveCfg = Release|Win32
		{3EDCEE69-E8FC-4D29-80E4-E373B6EF905D}.Release|Mixed Platforms.Build.0 = Release|Win32
		{3EDCEE69-E8FC-4D29-80E4-E373B6EF905D}.Release|Win32.ActiveCfg = Release|Win32
		{3EDCEE69-E8FC-4D29-80E4-E373B6EF905D}.Release|Win32.Build.0 = Release|Win32
		{3EDCEE69-E8FC-4D29-80E4-E373B6EF905D}.Release|x86.ActiveCfg = Release|Win32
		{3EDCEE69-E8FC-4D29-80E4-E373B6EF905D}.Release|x86.Build.0 = Release|Win32
		{A3E41506-9D0A-475C-88E7-3BBA86CDF660}.Debug|Any CPU.ActiveCfg = Debug|Win32
		{A3E41506-9D0A-475C-88E7-3BBA86CDF660}.Debug|Mixed Platforms.ActiveCfg = Debug|Win32
		{A3E41506-9D0A-475C-88E7-3BBA86CDF660}.Debug|Mixed Platforms.Build.0 = Debug|Win32
		{A3E41506-9D0A-475C-88E7-3BBA86CDF660}.Debug|Win32.ActiveCfg = Debug|Win32
		{A3E41506-9D0A-475C-88E7-3BBA86CDF660}.Debug|Win32.Build.0 = Debug|Win32
		{A3E41506-9D0A-475C-88E7-3BBA86CDF660}.Debug|x86.ActiveCfg = Debug|Win32
		{A3E41506-9D0A-475C-88E7-3BBA86CDF660}.Debug|x86.Build.0 = Debug|Win32
		{A3E41506-9D0A-475C-88E7-3BBA86CDF660}.Release|Any CPU.ActiveCfg = Release|Win32
		{A3E41506-9D0A-475C-88E7-3BBA86CDF660}.Release|Mixed Platforms.ActiveCfg = Release|Win32
		{A3E41506-9D0A-475C-88E7-3BBA86CDF660}.Release|Mixed Platforms.Build.0 = Release|Win32
		{A3E41506-9D0A-475C-88E7-3BBA86CDF660}.Release|Win32.ActiveCfg = Release|Win32
		{A3E41506-9D0A-475C-88E7-3BBA86CDF660}.Release|Win32.Build.0 = Release|Win32
		{A3E41506-9D0A-475C-88E7-3BBA86CDF660}.Release|x86.ActiveCfg = Release|Win32
		{A3E41506-9D0A-475C-88E7-3BBA86CDF660}.Release|x86.Build.0 = Release|Win32
		{F44BF1C8-63C6-4B4A-8923-A2F7C9741A4D}.Debug|Any CPU.ActiveCfg = Debug|Win32
		{F44BF1C8-63C6-4B4A-8923-A2F7C9741A4D}.Debug|Mixed Platforms.ActiveCfg = Debug|Win32
		{F44BF1C8-63C6-4B4A-8923-A2F7C9741A4D}.Debug|Mixed Platforms.Build.0 = Debug|Win32
		{F44BF1C8-63C6-4B4A-8923-A2F7C9741A4D}.Debug|Win32.ActiveCfg = Debug|Win32
		{F44BF1C8-63C6-4B4A-8923-A2F7C9741A4D}.Debug|Win32.Build.0 = Debug|Win32
		{F44BF1C8-63C6-4B4A-8923-A2F7C9741A4D}.Debug|x86.ActiveCfg = Debug|Win32
		{F44BF1C8-63C6-4B4A-8923-A2F7C9741A4D}.Debug|x86.Build.0 = Debug|Win32
		{F44BF1C8-63C6-4B4A-8923-A2F7C9741A4D}.Release|Any CPU.ActiveCfg = Release|Win32
		{F44BF1C8-63C6-4B4A-8923-A2F7C9741A4D}.Release|Mixed Platforms.ActiveCfg = Release|Win32
		{F44BF1C8-63C6-4B4A-8923-A2F7C9741A4D}.Release|Mixed Platforms.Build.0 = Release|Win32
		{F44BF1C8-63C6-4B4A-8923-A2F7C9741A4D}.Release|Win32.ActiveCfg = Release|Win32
		{F44BF1C8-63C6-4B4A-8923-A2F7C9741A4D}.Release|Win32.Build.0 = Release|Win32
		{F44BF1C8-63C6-4B4A-8923-A2F7C9741A4D}.Release|x86.ActiveCfg = Release|Win32
		{F44BF1C8-63C6-4B4A-8923-A2F7C9741A4D}.Release|x86.Build.0 = Release|Win32
		{049A641D-5C1C-4A71-8EFA-74BDB238AD67}.Debug|Any CPU.ActiveCfg = Debug|Win32
		{049A641D-5C1C-4A71-8EFA-74BDB238AD67}.Debug|Mixed Platforms.ActiveCfg = Debug|Win32
		{049A641D-5C1C-4A71-8EFA-74BDB238AD67}.Debug|Mixed Platforms.Build.0 = Debug|Win32
		{049A641D-5C1C-4A71-8EFA-74BDB238AD67}.Debug|Win32.ActiveCfg = Debug|Win32
		{049A641D-5C1C-4A71-8EFA-74BDB238AD67}.Debug|Win32.Build.0 = Debug|Win32
		{049A641D-5C1C-4A71-8EFA-74BDB238AD67}.Debug|x86.ActiveCfg = Debug|Win32
		{049A641D-5C1C-4A71-8EFA-74BDB238AD67}.Debug|x86.Build.0 = Debug|Win32
		{049A641D-5C1C-4A71-8EFA-74BDB238AD67}.Release|Any CPU.ActiveCfg = Release|Win32
		{049A641D-5C1C-4A71-8EFA-74BDB238AD67}.Release|Mixed Platforms.ActiveCfg = Release|Win32
		{049A641D-5C1C-4A71-8EFA-74BDB238AD67}.Release|Mixed Platforms.Build.0 = Release|Win32
		{049A641D-5C1C-4A71-8EFA-74BDB238AD67}.Release|Win32.ActiveCfg = Release|Win32
		{049A641D-5C1C-4A71-8EFA-74BDB238AD67}.Release|Win32.Build.0 = Release|Win32
		{049A641D-5C1C-4A71-8EFA-74BDB238AD67}.Release|x86.ActiveCfg = Release|Win32
		{049A641D-5C1C-4A71-8EFA-74BDB238AD67}.Release|x86.Build.0 = Release|Win32
		{C78BCA03-DECC-4BBA-89F6-2973EC19FD63}.Debug|Any CPU.ActiveCfg = Debug|Win32
		{C78BCA03-DECC-4BBA-89F6-2973EC19FD63}.Debug|Mixed Platforms.ActiveCfg = Debug|Win32
		{C78BCA03-DECC-4BBA-89F6-2973EC19FD63}.Debug|Mixed Platforms.Build.0 = Debug|Win32
		{C78BCA03-DECC-4BBA-89F6-2973EC19FD63}.Debug|Win32.ActiveCfg = Debug|Win32
		{C78BCA03-DECC-4BBA-89F6-2973EC19FD63}.Debug|Win32.Build.0 = Debug|Win32
		{C78BCA03-DECC-4BBA-89F6-2973EC19FD63}.Debug|x86.ActiveCfg = Debug|Win32
		{C78BCA03-DECC-4BBA-89F6-2973EC19FD63}.Debug|x86.Build.0 = Debug|Win32
		{C78BCA03-DECC-4BBA-89F6-2973EC19FD63}.Release|Any CPU.ActiveCfg = Release|Win32
		{C78BCA03-DECC-4BBA-89F6-2973EC19FD63}.Release|Mixed Platforms.ActiveCfg = Release|Win32
		{C78BCA03-DECC-4BBA-89F6-2973EC19FD63}.Release|Mixed Platforms.Build.0 = Release|Win32
		{C78BCA03-DECC-4BBA-89F6-2973EC19FD63}.Release|Win32.ActiveCfg = Release|Win32
		{C78BCA03-DECC-4BBA-89F6-2973EC19FD63}.Release|Win32.Build.0 = Release|Win32
		{C78BCA03-DECC-4BBA-89F6-2973EC19FD63}.Release|x86.ActiveCfg = Release|Win32
		{C78BCA03-DECC-4BBA-89F6-2973EC19FD63}.Release|x86.Build.0 = Release|Win32
		{B589A688-60B5-4D30-94D7-2748A69EF0F0}.Debug|Any CPU.ActiveCfg = Debug|Win32
		{B589A688-60B5-4D30-94D7-2748A69EF0F0}.Debug|Mixed Platforms.ActiveCfg = Debug|Win32
		{B589A688-60B5-4D30-94D7-2748A69EF0F0}.Debug|Mixed Platforms.Build.0 = Debug|Win32
		{B589A688-60B5-4D30-94D7-2748A69EF0F0}.Debug|Win32.ActiveCfg = Debug|Win32
		{B589A688-60B5-4D30-94D7-2748A69EF0F0}.Debug|Win32.Build.0 = Debug|Win32
		{B589A688-60B5-4D30-94D7-2748A69EF0F0}.Debug|x86.ActiveCfg = Debug|Win32
		{B589A688-60B5-4D30-94D7-2748A69EF0F0}.Debug|x86.Build.0 = Debug|Win32
		{B589A688-60B5-4D30-94D7-2748A69EF0F0}.Release|Any CPU.ActiveCfg = Release|Win32
		{B589A688-60B5-4D30-94D7-2748A69EF0F0}.Release|Mixed Platforms.ActiveCfg = Release|Win32
		{B589A688-60B5-4D30-94D7-2748A69EF0F0}.Release|Mixed Platforms.Build.0 = Release|Win32
		{B589A688-60B5-4D30-94D7-2748A69EF0F0}.Release|Win32.ActiveCfg = Release|Win32
		{B589A688-60B5-4D30-94D7-2748A69EF0F0}.Release|Win32.Build.0 = Release|Win32
		{B589A688-60B5-4D30-94D7-2748A69EF0F0}.Release|x86.ActiveCfg = Release|Win32
		{B589A688-60B5-4D30-94D7-2748A69EF0F0}.Release|x86.Build.0 = Release|Win32
		{54138354-2A6B-4076-9429-144626E90C5A}.Debug|Any CPU.ActiveCfg = Debug|Win32
		{54138354-2A6B-4076-9429-144626E90C5A}.Debug|Mixed Platforms.ActiveCfg = Debug|Win32
		{54138354-2A6B-4076-9429-144626E90C5A}.Debug|Mixed Platforms.Build.0 = Debug|Win32
		{54138354-2A6B-4076-9429-144626E90C5A}.Debug|Win32.ActiveCfg = Debug|Win32
		{54138354-2A6B-4076-9429-144626E90C5A}.Debug|Win32.Build.0 = Debug|Win32
		{54138354-2A6B-4076-9429-144626E90C5A}.Debug|x86.ActiveCfg = Debug|Win32
		{54138354-2A6B-4076-9429-144626E90C5A}.Debug|x86.Build.0 = Debug|Win32
		{54138354-2A6B-4076-9429-144626E90C5A}.Release|Any CPU.ActiveCfg = Release|Win32
		{54138354-2A6B-4076-9429-144626E90C5A}.Release|Mixed Platforms.ActiveCfg = Release|Win32
		{54138354-2A6B-4076-9429-144626E90C5A}.Release|Mixed Platforms.Build.0 = Release|Win32
		{54138354-2A6B-4076-9429-144626E90C5A}.Release|Win32.ActiveCfg = Release|Win32
		{54138354-2A6B-4076-9429-144626E90C5A}.Release|Win32.Build.0 = Release|Win32
		{54138354-2A6B-4076-9429-144626E90C5A}.Release|x86.ActiveCfg = Release|Win32
		{54138354-2A6B-4076-9429-144626E90C5A}.Release|x86.Build.0 = Release|Win32
		{39A8D164-AD54-4F02-BB4C-CFD71DB6FE7F}.Debug|Any CPU.ActiveCfg = Debug|Win32
		{39A8D164-AD54-4F02-BB4C-CFD71DB6FE7F}.Debug|Mixed Platforms.ActiveCfg = Debug|Win32
		{39A8D164-AD54-4F02-BB4C-CFD71DB6FE7F}.Debug|Mixed Platforms.Build.0 = Debug|Win32
		{39A8D164-AD54-4F02-BB4C-CFD71DB6FE7F}.Debug|Win32.ActiveCfg = Debug|Win32
		{39A8D164-AD54-4F02-BB4C-CFD71DB6FE7F}.Debug|Win32.Build.0 = Debug|Win32
		{39A8D164-AD54-4F02-BB4C-CFD71DB6FE7F}.Debug|x86.ActiveCfg = Debug|Win32
		{39A8D164-AD54-4F02-BB4C-CFD71DB6FE7F}.Debug|x86.Build.0 = Debug|Win32
		{39A8D164-AD54-4F02-BB4C-CFD71DB6FE7F}.Release|Any CPU.ActiveCfg = Release|Win32
		{39A8D164-AD54-4F02-BB4C-CFD71DB6FE7F}.Release|Mixed Platforms.ActiveCfg = Release|Win32
		{39A8D164-AD54-4F02-BB4C-CFD71DB6FE7F}.Release|Mixed Platforms.Build.0 = Release|Win32
		{39A8D164-AD54-4F02-BB4C-CFD71DB6FE7F}.Release|Win32.ActiveCfg = Release|Win32
		{39A8D164-AD54-4F02-BB4C-CFD71DB6FE7F}.Release|Win32.Build.0 = Release|Win32
		{39A8D164-AD54-4F02-BB4C-CFD71DB6FE7F}.Release|x86.ActiveCfg = Release|Win32
		{39A8D164-AD54-4F02-BB4C-CFD71DB6FE7F}.Release|x86.Build.0 = Release|Win32
		{4936990A-9341-451E-8847-27003CA852E9}.Debug|Any CPU.ActiveCfg = Debug|Win32
		{4936990A-9341-451E-8847-27003CA852E9}.Debug|Mixed Platforms.ActiveCfg = Debug|Win32
		{4936990A-9341-451E-8847-27003CA852E9}.Debug|Mixed Platforms.Build.0 = Debug|Win32
		{4936990A-9341-451E-8847-27003CA852E9}.Debug|Win32.ActiveCfg = Debug|Win32
		{4936990A-9341-451E-8847-27003CA852E9}.Debug|Win32.Build.0 = Debug|Win32
		{4936990A-9341-451E-8847-27003CA852E9}.Debug|x86.ActiveCfg = Debug|Win32
		{4936990A-9341-451E-8847-27003CA852E9}.Debug|x86.Build.0 = Debug|Win32
		{4936990A-9341-451E-8847-27003CA852E9}.Release|Any CPU.ActiveCfg = Release|Win32
		{4936990A-9341-451E-8847-27003CA852E9}.Release|Mixed Platforms.ActiveCfg = Release|Win32
		{4936990A-9341-451E-8847-27003CA852E9}.Release|Mixed Platforms.Build.0 = Release|Win32
		{4936990A-9341-451E-8847-27003CA852E9}.Release|Win32.ActiveCfg = Release|Win32
		{4936990A-9341-451E-8847-27003CA852E9}.Release|Win32.Build.0 = Release|Win32
		{4936990A-9341-451E-8847-27003CA852E9}.Release|x86.ActiveCfg = Release|Win32
		{4936990A-9341-451E-8847-27003CA852E9}.Release|x86.Build.0 = Release|Win32
		{F9FE307E-909A-4A77-9CC0-AB6013822CB6}.Debug|Any CPU.ActiveCfg = Debug|Win32
		{F9FE307E-909A-4A77-9CC0-AB6013822CB6}.Debug|Mixed Platforms.ActiveCfg = Debug|Win32
		{F9FE307E-909A-4A77-9CC0-AB6013822CB6}.Debug|Mixed Platforms.Build.0 = Debug|Win32
		{F9FE307E-909A-4A77-9CC0-AB6013822CB6}.Debug|Win32.ActiveCfg = Debug|Win32
		{F9FE307E-909A-4A77-9CC0-AB6013822CB6}.Debug|Win32.Build.0 = Debug|Win32
		{F9FE307E-909A-4A77-9CC0-AB6013822CB6}.Debug|x86.ActiveCfg = Debug|Win32
		{F9FE307E-909A-4A77-9CC0-AB6013822CB6}.Debug|x86.Build.0 = Debug|Win32
		{F9FE307E-909A-4A77-9CC0-AB6013822CB6}.Release|Any CPU.ActiveCfg = Release|Win32
		{F9FE307E-909A-4A77-9CC0-AB6013822CB6}.Release|Mixed Platforms.ActiveCfg = Release|Win32
		{F9FE307E-909A-4A77-9CC0-AB6013822CB6}.Release|Mixed Platforms.Build.0 = Release|Win32
		{F9FE307E-909A-4A77-9CC0-AB6013822CB6}.Release|Win32.ActiveCfg = Release|Win32
		{F9FE307E-909A-4A77-9CC0-AB6013822CB6}.Release|Win32.Build.0 = Release|Win32
		{F9FE307E-909A-4A77-9CC0-AB6013822CB6}.Release|x86.ActiveCfg = Release|Win32
		{F9FE307E-909A-4A77-9CC0-AB6013822CB6}.Release|x86.Build.0 = Release|Win32
		{3DAACC2D-BB49-48C3-81C4-4ED453D3BE7D}.Debug|Any CPU.ActiveCfg = Debug|Win32
		{3DAACC2D-BB49-48C3-81C4-4ED453D3BE7D}.Debug|Mixed Platforms.ActiveCfg = Debug|Win32
		{3DAACC2D-BB49-48C3-81C4-4ED453D3BE7D}.Debug|Mixed Platforms.Build.0 = Debug|Win32
		{3DAACC2D-BB49-48C3-81C4-4ED453D3BE7D}.Debug|Win32.ActiveCfg = Debug|Win32
		{3DAACC2D-BB49-48C3-81C4-4ED453D3BE7D}.Debug|Win32.Build.0 = Debug|Win32
		{3DAACC2D-BB49-48C3-81C4-4ED453D3BE7D}.Debug|x86.ActiveCfg = Debug|Win32
		{3DAACC2D-BB49-48C3-81C4-4ED453D3BE7D}.Debug|x86.Build.0 = Debug|Win32
		{3DAACC2D-BB49-48C3-81C4-4ED453D3BE7D}.Release|Any CPU.ActiveCfg = Release|Win32
		{3DAACC2D-BB49-48C3-81C4-4ED453D3BE7D}.Release|Mixed Platforms.ActiveCfg = Release|Win32
		{3DAACC2D-BB49-48C3-81C4-4ED453D3BE7D}.Release|Mixed Platforms.Build.0 = Release|Win32
		{3DAACC2D-BB49-48C3-81C4-4ED453D3BE7D}.Release|Win32.ActiveCfg = Release|Win32
		{3DAACC2D-BB49-48C3-81C4-4ED453D3BE7D}.Release|Win32.Build.0 = Release|Win32
		{3DAACC2D-BB49-48C3-81C4-4ED453D3BE7D}.Release|x86.ActiveCfg = Release|Win32
		{3DAACC2D-BB49-48C3-81C4-4ED453D3BE7D}.Release|x86.Build.0 = Release|Win32
		{B6DC926C-4FF1-4A2D-948B-3702A6A8A3B7}.Debug|Any CPU.ActiveCfg = Debug|Win32
		{B6DC926C-4FF1-4A2D-948B-3702A6A8A3B7}.Debug|Mixed Platforms.ActiveCfg = Debug|Win32
		{B6DC926C-4FF1-4A2D-948B-3702A6A8A3B7}.Debug|Mixed Platforms.Build.0 = Debug|Win32
		{B6DC926C-4FF1-4A2D-948B-3702A6A8A3B7}.Debug|Win32.ActiveCfg = Debug|Win32
		{B6DC926C-4FF1-4A2D-948B-3702A6A8A3B7}.Debug|Win32.Build.0 = Debug|Win32
		{B6DC926C-4FF1-4A2D-948B-3702A6A8A3B7}.Debug|x86.ActiveCfg = Debug|Win32
		{B6DC926C-4FF1-4A2D-948B-3702A6A8A3B7}.Debug|x86.Build.0 = Debug|Win32
		{B6DC926C-4FF1-4A2D-948B-3702A6A8A3B7}.Release|Any CPU.ActiveCfg = Release|Win32
		{B6DC926C-4FF1-4A2D-948B-3702A6A8A3B7}.Release|Mixed Platforms.ActiveCfg = Release|Win32
		{B6DC926C-4FF1-4A2D-948B-3702A6A8A3B7}.Release|Mixed Platforms.Build.0 = Release|Win32
		{B6DC926C-4FF1-4A2D-948B-3702A6A8A3B7}.Release|Win32.ActiveCfg = Release|Win32
		{B6DC926C-4FF1-4A2D-948B-3702A6A8A3B7}.Release|Win32.Build.0 = Release|Win32
		{B6DC926C-4FF1-4A2D-948B-3702A6A8A3B7}.Release|x86.ActiveCfg = Release|Win32
		{B6DC926C-4FF1-4A2D-948B-3702A6A8A3B7}.Release|x86.Build.0 = Release|Win32
		{8C135C83-B0B2-4F14-973E-A09D7616856E}.Debug|Any CPU.ActiveCfg = Debug|Win32
		{8C135C83-B0B2-4F14-973E-A09D7616856E}.Debug|Mixed Platforms.ActiveCfg = Debug|Win32
		{8C135C83-B0B2-4F14-973E-A09D7616856E}.Debug|Mixed Platforms.Build.0 = Debug|Win32
		{8C135C83-B0B2-4F14-973E-A09D7616856E}.Debug|Win32.ActiveCfg = Debug|Win32
		{8C135C83-B0B2-4F14-973E-A09D7616856E}.Debug|Win32.Build.0 = Debug|Win32
		{8C135C83-B0B2-4F14-973E-A09D7616856E}.Debug|x86.ActiveCfg = Debug|Win32
		{8C135C83-B0B2-4F14-973E-A09D7616856E}.Debug|x86.Build.0 = Debug|Win32
		{8C135C83-B0B2-4F14-973E-A09D7616856E}.Release|Any CPU.ActiveCfg = Release|Win32
		{8C135C83-B0B2-4F14-973E-A09D7616856E}.Release|Mixed Platforms.ActiveCfg = Release|Win32
		{8C135C83-B0B2-4F14-973E-A09D7616856E}.Release|Mixed Platforms.Build.0 = Release|Win32
		{8C135C83-B0B2-4F14-973E-A09D7616856E}.Release|Win32.ActiveCfg = Release|Win32
		{8C135C83-B0B2-4F14-973E-A09D7616856E}.Release|Win32.Build.0 = Release|Win32
		{8C135C83-B0B2-4F14-973E-A09D7616856E}.Release|x86.ActiveCfg = Release|Win32
		{8C135C83-B0B2-4F14-973E-A09D7616856E}.Release|x86.Build.0 = Release|Win32
		{53FB776C-EB57-46E4-99B1-CC0463507331}.Debug|Any CPU.ActiveCfg = Debug|Win32
		{53FB776C-EB57-46E4-99B1-CC0463507331}.Debug|Mixed Platforms.ActiveCfg = Debug|Win32
		{53FB776C-EB57-46E4-99B1-CC0463507331}.Debug|Mixed Platforms.Build.0 = Debug|Win32
		{53FB776C-EB57-46E4-99B1-CC0463507331}.Debug|Win32.ActiveCfg = Debug|Win32
		{53FB776C-EB57-46E4-99B1-CC0463507331}.Debug|Win32.Build.0 = Debug|Win32
		{53FB776C-EB57-46E4-99B1-CC0463507331}.Debug|x86.ActiveCfg = Debug|Win32
		{53FB776C-EB57-46E4-99B1-CC0463507331}.Debug|x86.Build.0 = Debug|Win32
		{53FB776C-EB57-46E4-99B1-CC0463507331}.Release|Any CPU.ActiveCfg = Release|Win32
		{53FB776C-EB57-46E4-99B1-CC0463507331}.Release|Mixed Platforms.ActiveCfg = Release|Win32
		{53FB776C-EB57-46E4-99B1-CC0463507331}.Release|Mixed Platforms.Build.0 = Release|Win32
		{53FB776C-EB57-46E4-99B1-CC0463507331}.Release|Win32.ActiveCfg = Release|Win32
		{53FB776C-EB57-46E4-99B1-CC0463507331}.Release|Win32.Build.0 = Release|Win32
		{53FB776C-EB57-46E4-99B1-CC0463507331}.Release|x86.ActiveCfg = Release|Win32
		{53FB776C-EB57-46E4-99B1-CC0463507331}.Release|x86.Build.0 = Release|Win32
		{7D945518-4D9F-4F27-A7BE-08ED62D36BD1}.Debug|Any CPU.ActiveCfg = Debug|Win32
		{7D945518-4D9F-4F27-A7BE-08ED62D36BD1}.Debug|Mixed Platforms.ActiveCfg = Debug|Win32
		{7D945518-4D9F-4F27-A7BE-08ED62D36BD1}.Debug|Mixed Platforms.Build.0 = Debug|Win32
		{7D945518-4D9F-4F27-A7BE-08ED62D36BD1}.Debug|Win32.ActiveCfg = Debug|Win32
		{7D945518-4D9F-4F27-A7BE-08ED62D36BD1}.Debug|Win32.Build.0 = Debug|Win32
		{7D945518-4D9F-4F27-A7BE-08ED62D36BD1}.Debug|x86.ActiveCfg = Debug|Win32
		{7D945518-4D9F-4F27-A7BE-08ED62D36BD1}.Debug|x86.Build.0 = Debug|Win32
		{7D945518-4D9F-4F27-A7BE-08ED62D36BD1}.Release|Any CPU.ActiveCfg = Release|Win32
		{7D945518-4D9F-4F27-A7BE-08ED62D36BD1}.Release|Mixed Platforms.ActiveCfg = Release|Win32
		{7D945518-4D9F-4F27-A7BE-08ED62D36BD1}.Release|Mixed Platforms.Build.0 = Release|Win32
		{7D945518-4D9F-4F27-A7BE-08ED62D36BD1}.Release|Win32.ActiveCfg = Release|Win32
		{7D945518-4D9F-4F27-A7BE-08ED62D36BD1}.Release|Win32.Build.0 = Release|Win32
		{7D945518-4D9F-4F27-A7BE-08ED62D36BD1}.Release|x86.ActiveCfg = Release|Win32
		{7D945518-4D9F-4F27-A7BE-08ED62D36BD1}.Release|x86.Build.0 = Release|Win32
		{2035B1D5-7979-4451-BB33-6886BE24395F}.Debug|Any CPU.ActiveCfg = Debug|Win32
		{2035B1D5-7979-4451-BB33-6886BE24395F}.Debug|Mixed Platforms.ActiveCfg = Debug|Win32
		{2035B1D5-7979-4451-BB33-6886BE24395F}.Debug|Mixed Platforms.Build.0 = Debug|Win32
		{2035B1D5-7979-4451-BB33-6886BE24395F}.Debug|Win32.ActiveCfg = Debug|Win32
		{2035B1D5-7979-4451-BB33-6886BE24395F}.Debug|Win32.Build.0 = Debug|Win32
		{2035B1D5-7979-4451-BB33-6886BE24395F}.Debug|x86.ActiveCfg = Debug|Win32
		{2035B1D5-7979-4451-BB33-6886BE24395F}.Debug|x86.Build.0 = Debug|Win32
		{2035B1D5-7979-4451-BB33-6886BE24395F}.Release|Any CPU.ActiveCfg = Release|Win32
		{2035B1D5-7979-4451-BB33-6886BE24395F}.Release|Mixed Platforms.ActiveCfg = Release|Win32
		{2035B1D5-7979-4451-BB33-6886BE24395F}.Release|Mixed Platforms.Build.0 = Release|Win32
		{2035B1D5-7979-4451-BB33-6886BE24395F}.Release|Win32.ActiveCfg = Release|Win32
		{2035B1D5-7979-4451-BB33-6886BE24395F}.Release|Win32.Build.0 = Release|Win32
		{2035B1D5-7979-4451-BB33-6886BE24395F}.Release|x86.ActiveCfg = Release|Win32
		{2035B1D5-7979-4451-BB33-6886BE24395F}.Release|x86.Build.0 = Release|Win32
		{5FDA0660-D198-4C58-AE2E-255F5DC3B9AF}.Debug|Any CPU.ActiveCfg = Debug|x86
		{5FDA0660-D198-4C58-AE2E-255F5DC3B9AF}.Debug|Mixed Platforms.ActiveCfg = Debug|x86
		{5FDA0660-D198-4C58-AE2E-255F5DC3B9AF}.Debug|Mixed Platforms.Build.0 = Debug|x86
		{5FDA0660-D198-4C58-AE2E-255F5DC3B9AF}.Debug|Win32.ActiveCfg = Debug|x86
		{5FDA0660-D198-4C58-AE2E-255F5DC3B9AF}.Debug|Win32.Build.0 = Debug|x86
		{5FDA0660-D198-4C58-AE2E-255F5DC3B9AF}.Debug|x86.ActiveCfg = Debug|x86
		{5FDA0660-D198-4C58-AE2E-255F5DC3B9AF}.Debug|x86.Build.0 = Debug|x86
		{5FDA0660-D198-4C58-AE2E-255F5DC3B9AF}.Release|Any CPU.ActiveCfg = Release|x86
		{5FDA0660-D198-4C58-AE2E-255F5DC3B9AF}.Release|Mixed Platforms.ActiveCfg = Release|x86
		{5FDA0660-D198-4C58-AE2E-255F5DC3B9AF}.Release|Win32.ActiveCfg = Release|x86
		{5FDA0660-D198-4C58-AE2E-255F5DC3B9AF}.Release|Win32.Build.0 = Release|x86
		{5FDA0660-D198-4C58-AE2E-255F5DC3B9AF}.Release|x86.ActiveCfg = Release|x86
		{5FDA0660-D198-4C58-AE2E-255F5DC3B9AF}.Release|x86.Build.0 = Release|x86
		{00EC3EC0-1292-4B79-B177-38AE94EB6787}.Debug|Any CPU.ActiveCfg = Debug|x86
		{00EC3EC0-1292-4B79-B177-38AE94EB6787}.Debug|Mixed Platforms.ActiveCfg = Debug|x86
		{00EC3EC0-1292-4B79-B177-38AE94EB6787}.Debug|Mixed Platforms.Build.0 = Debug|x86
		{00EC3EC0-1292-4B79-B177-38AE94EB6787}.Debug|Win32.ActiveCfg = Debug|x86
		{00EC3EC0-1292-4B79-B177-38AE94EB6787}.Debug|Win32.Build.0 = Debug|x86
		{00EC3EC0-1292-4B79-B177-38AE94EB6787}.Debug|x86.ActiveCfg = Debug|x86
		{00EC3EC0-1292-4B79-B177-38AE94EB6787}.Debug|x86.Build.0 = Debug|x86
		{00EC3EC0-1292-4B79-B177-38AE94EB6787}.Release|Any CPU.ActiveCfg = Release|x86
		{00EC3EC0-1292-4B79-B177-38AE94EB6787}.Release|Mixed Platforms.ActiveCfg = Release|x86
		{00EC3EC0-1292-4B79-B177-38AE94EB6787}.Release|Mixed Platforms.Build.0 = Release|x86
		{00EC3EC0-1292-4B79-B177-38AE94EB6787}.Release|Win32.ActiveCfg = Release|x86
		{00EC3EC0-1292-4B79-B177-38AE94EB6787}.Release|Win32.Build.0 = Release|x86
		{00EC3EC0-1292-4B79-B177-38AE94EB6787}.Release|x86.ActiveCfg = Release|x86
		{00EC3EC0-1292-4B79-B177-38AE94EB6787}.Release|x86.Build.0 = Release|x86
		{6B8B8F83-271F-4EEF-8B7D-4AD91A31628F}.Debug|Any CPU.ActiveCfg = Debug|x86
		{6B8B8F83-271F-4EEF-8B7D-4AD91A31628F}.Debug|Mixed Platforms.ActiveCfg = Debug|x86
		{6B8B8F83-271F-4EEF-8B7D-4AD91A31628F}.Debug|Mixed Platforms.Build.0 = Debug|x86
		{6B8B8F83-271F-4EEF-8B7D-4AD91A31628F}.Debug|Win32.ActiveCfg = Debug|x86
		{6B8B8F83-271F-4EEF-8B7D-4AD91A31628F}.Debug|Win32.Build.0 = Debug|x86
		{6B8B8F83-271F-4EEF-8B7D-4AD91A31628F}.Debug|x86.ActiveCfg = Debug|x86
		{6B8B8F83-271F-4EEF-8B7D-4AD91A31628F}.Debug|x86.Build.0 = Debug|x86
		{6B8B8F83-271F-4EEF-8B7D-4AD91A31628F}.Release|Any CPU.ActiveCfg = Release|x86
		{6B8B8F83-271F-4EEF-8B7D-4AD91A31628F}.Release|Mixed Platforms.ActiveCfg = Release|x86
		{6B8B8F83-271F-4EEF-8B7D-4AD91A31628F}.Release|Win32.ActiveCfg = Release|x86
		{6B8B8F83-271F-4EEF-8B7D-4AD91A31628F}.Release|Win32.Build.0 = Release|x86
		{6B8B8F83-271F-4EEF-8B7D-4AD91A31628F}.Release|x86.ActiveCfg = Release|x86
		{6B8B8F83-271F-4EEF-8B7D-4AD91A31628F}.Release|x86.Build.0 = Release|x86
		{448C0A30-6DBA-41C6-ACE8-1C7057CE4BAA}.Debug|Any CPU.ActiveCfg = Debug|Any CPU
		{448C0A30-6DBA-41C6-ACE8-1C7057CE4BAA}.Debug|Any CPU.Build.0 = Debug|Any CPU
		{448C0A30-6DBA-41C6-ACE8-1C7057CE4BAA}.Debug|Mixed Platforms.ActiveCfg = Debug|Any CPU
		{448C0A30-6DBA-41C6-ACE8-1C7057CE4BAA}.Debug|Mixed Platforms.Build.0 = Debug|Any CPU
		{448C0A30-6DBA-41C6-ACE8-1C7057CE4BAA}.Debug|Win32.ActiveCfg = Debug|Any CPU
		{448C0A30-6DBA-41C6-ACE8-1C7057CE4BAA}.Debug|x86.ActiveCfg = Debug|Any CPU
		{448C0A30-6DBA-41C6-ACE8-1C7057CE4BAA}.Release|Any CPU.ActiveCfg = Release|Any CPU
		{448C0A30-6DBA-41C6-ACE8-1C7057CE4BAA}.Release|Any CPU.Build.0 = Release|Any CPU
		{448C0A30-6DBA-41C6-ACE8-1C7057CE4BAA}.Release|Mixed Platforms.ActiveCfg = Release|Any CPU
		{448C0A30-6DBA-41C6-ACE8-1C7057CE4BAA}.Release|Mixed Platforms.Build.0 = Release|Any CPU
		{448C0A30-6DBA-41C6-ACE8-1C7057CE4BAA}.Release|Win32.ActiveCfg = Release|Any CPU
		{448C0A30-6DBA-41C6-ACE8-1C7057CE4BAA}.Release|x86.ActiveCfg = Release|Any CPU
		{E90B466D-B0D8-4BF3-A463-D08D82251F87}.Debug|Any CPU.ActiveCfg = Debug|Any CPU
		{E90B466D-B0D8-4BF3-A463-D08D82251F87}.Debug|Any CPU.Build.0 = Debug|Any CPU
		{E90B466D-B0D8-4BF3-A463-D08D82251F87}.Debug|Mixed Platforms.ActiveCfg = Debug|Any CPU
		{E90B466D-B0D8-4BF3-A463-D08D82251F87}.Debug|Mixed Platforms.Build.0 = Debug|Any CPU
		{E90B466D-B0D8-4BF3-A463-D08D82251F87}.Debug|Win32.ActiveCfg = Debug|Any CPU
		{E90B466D-B0D8-4BF3-A463-D08D82251F87}.Debug|x86.ActiveCfg = Debug|Any CPU
		{E90B466D-B0D8-4BF3-A463-D08D82251F87}.Release|Any CPU.ActiveCfg = Release|Any CPU
		{E90B466D-B0D8-4BF3-A463-D08D82251F87}.Release|Any CPU.Build.0 = Release|Any CPU
		{E90B466D-B0D8-4BF3-A463-D08D82251F87}.Release|Mixed Platforms.ActiveCfg = Release|Any CPU
		{E90B466D-B0D8-4BF3-A463-D08D82251F87}.Release|Mixed Platforms.Build.0 = Release|Any CPU
		{E90B466D-B0D8-4BF3-A463-D08D82251F87}.Release|Win32.ActiveCfg = Release|Any CPU
		{E90B466D-B0D8-4BF3-A463-D08D82251F87}.Release|x86.ActiveCfg = Release|Any CPU
		{5CC141D3-6839-4B92-A3A3-DA45E2427384}.Debug|Any CPU.ActiveCfg = Debug|Any CPU
		{5CC141D3-6839-4B92-A3A3-DA45E2427384}.Debug|Any CPU.Build.0 = Debug|Any CPU
		{5CC141D3-6839-4B92-A3A3-DA45E2427384}.Debug|Mixed Platforms.ActiveCfg = Debug|Any CPU
		{5CC141D3-6839-4B92-A3A3-DA45E2427384}.Debug|Mixed Platforms.Build.0 = Debug|Any CPU
		{5CC141D3-6839-4B92-A3A3-DA45E2427384}.Debug|Win32.ActiveCfg = Debug|Any CPU
		{5CC141D3-6839-4B92-A3A3-DA45E2427384}.Debug|x86.ActiveCfg = Debug|Any CPU
		{5CC141D3-6839-4B92-A3A3-DA45E2427384}.Release|Any CPU.ActiveCfg = Release|Any CPU
		{5CC141D3-6839-4B92-A3A3-DA45E2427384}.Release|Any CPU.Build.0 = Release|Any CPU
		{5CC141D3-6839-4B92-A3A3-DA45E2427384}.Release|Mixed Platforms.ActiveCfg = Release|Any CPU
		{5CC141D3-6839-4B92-A3A3-DA45E2427384}.Release|Mixed Platforms.Build.0 = Release|Any CPU
		{5CC141D3-6839-4B92-A3A3-DA45E2427384}.Release|Win32.ActiveCfg = Release|Any CPU
		{5CC141D3-6839-4B92-A3A3-DA45E2427384}.Release|x86.ActiveCfg = Release|Any CPU
		{02C2B0F0-4EF3-4035-85B1-61054A4C09A9}.Debug|Any CPU.ActiveCfg = Debug|Any CPU
		{02C2B0F0-4EF3-4035-85B1-61054A4C09A9}.Debug|Any CPU.Build.0 = Debug|Any CPU
		{02C2B0F0-4EF3-4035-85B1-61054A4C09A9}.Debug|Mixed Platforms.ActiveCfg = Debug|Any CPU
		{02C2B0F0-4EF3-4035-85B1-61054A4C09A9}.Debug|Mixed Platforms.Build.0 = Debug|Any CPU
		{02C2B0F0-4EF3-4035-85B1-61054A4C09A9}.Debug|Win32.ActiveCfg = Debug|Any CPU
		{02C2B0F0-4EF3-4035-85B1-61054A4C09A9}.Debug|x86.ActiveCfg = Debug|Any CPU
		{02C2B0F0-4EF3-4035-85B1-61054A4C09A9}.Release|Any CPU.ActiveCfg = Release|Any CPU
		{02C2B0F0-4EF3-4035-85B1-61054A4C09A9}.Release|Any CPU.Build.0 = Release|Any CPU
		{02C2B0F0-4EF3-4035-85B1-61054A4C09A9}.Release|Mixed Platforms.ActiveCfg = Release|Any CPU
		{02C2B0F0-4EF3-4035-85B1-61054A4C09A9}.Release|Mixed Platforms.Build.0 = Release|Any CPU
		{02C2B0F0-4EF3-4035-85B1-61054A4C09A9}.Release|Win32.ActiveCfg = Release|Any CPU
		{02C2B0F0-4EF3-4035-85B1-61054A4C09A9}.Release|x86.ActiveCfg = Release|Any CPU
		{6DFDCA7E-431D-41EA-9DAB-51C3C1AAB49F}.Debug|Any CPU.ActiveCfg = Debug|Any CPU
		{6DFDCA7E-431D-41EA-9DAB-51C3C1AAB49F}.Debug|Any CPU.Build.0 = Debug|Any CPU
		{6DFDCA7E-431D-41EA-9DAB-51C3C1AAB49F}.Debug|Mixed Platforms.ActiveCfg = Debug|Any CPU
		{6DFDCA7E-431D-41EA-9DAB-51C3C1AAB49F}.Debug|Mixed Platforms.Build.0 = Debug|Any CPU
		{6DFDCA7E-431D-41EA-9DAB-51C3C1AAB49F}.Debug|Win32.ActiveCfg = Debug|Any CPU
		{6DFDCA7E-431D-41EA-9DAB-51C3C1AAB49F}.Debug|x86.ActiveCfg = Debug|Any CPU
		{6DFDCA7E-431D-41EA-9DAB-51C3C1AAB49F}.Release|Any CPU.ActiveCfg = Release|Any CPU
		{6DFDCA7E-431D-41EA-9DAB-51C3C1AAB49F}.Release|Any CPU.Build.0 = Release|Any CPU
		{6DFDCA7E-431D-41EA-9DAB-51C3C1AAB49F}.Release|Mixed Platforms.ActiveCfg = Release|Any CPU
		{6DFDCA7E-431D-41EA-9DAB-51C3C1AAB49F}.Release|Mixed Platforms.Build.0 = Release|Any CPU
		{6DFDCA7E-431D-41EA-9DAB-51C3C1AAB49F}.Release|Win32.ActiveCfg = Release|Any CPU
		{6DFDCA7E-431D-41EA-9DAB-51C3C1AAB49F}.Release|x86.ActiveCfg = Release|Any CPU
		{5C93BD69-CE81-48E8-9D8C-00C36917DC5D}.Debug|Any CPU.ActiveCfg = Debug|Any CPU
		{5C93BD69-CE81-48E8-9D8C-00C36917DC5D}.Debug|Any CPU.Build.0 = Debug|Any CPU
		{5C93BD69-CE81-48E8-9D8C-00C36917DC5D}.Debug|Mixed Platforms.ActiveCfg = Debug|Any CPU
		{5C93BD69-CE81-48E8-9D8C-00C36917DC5D}.Debug|Mixed Platforms.Build.0 = Debug|Any CPU
		{5C93BD69-CE81-48E8-9D8C-00C36917DC5D}.Debug|Win32.ActiveCfg = Debug|Any CPU
		{5C93BD69-CE81-48E8-9D8C-00C36917DC5D}.Debug|x86.ActiveCfg = Debug|Any CPU
		{5C93BD69-CE81-48E8-9D8C-00C36917DC5D}.Release|Any CPU.ActiveCfg = Release|Any CPU
		{5C93BD69-CE81-48E8-9D8C-00C36917DC5D}.Release|Any CPU.Build.0 = Release|Any CPU
		{5C93BD69-CE81-48E8-9D8C-00C36917DC5D}.Release|Mixed Platforms.ActiveCfg = Release|Any CPU
		{5C93BD69-CE81-48E8-9D8C-00C36917DC5D}.Release|Mixed Platforms.Build.0 = Release|Any CPU
		{5C93BD69-CE81-48E8-9D8C-00C36917DC5D}.Release|Win32.ActiveCfg = Release|Any CPU
		{5C93BD69-CE81-48E8-9D8C-00C36917DC5D}.Release|x86.ActiveCfg = Release|Any CPU
		{45FC6710-0510-4215-B06C-1692C481B9A7}.Debug|Any CPU.ActiveCfg = Debug|Any CPU
		{45FC6710-0510-4215-B06C-1692C481B9A7}.Debug|Any CPU.Build.0 = Debug|Any CPU
		{45FC6710-0510-4215-B06C-1692C481B9A7}.Debug|Mixed Platforms.ActiveCfg = Debug|Any CPU
		{45FC6710-0510-4215-B06C-1692C481B9A7}.Debug|Mixed Platforms.Build.0 = Debug|Any CPU
		{45FC6710-0510-4215-B06C-1692C481B9A7}.Debug|Win32.ActiveCfg = Debug|Any CPU
		{45FC6710-0510-4215-B06C-1692C481B9A7}.Debug|x86.ActiveCfg = Debug|Any CPU
		{45FC6710-0510-4215-B06C-1692C481B9A7}.Release|Any CPU.ActiveCfg = Release|Any CPU
		{45FC6710-0510-4215-B06C-1692C481B9A7}.Release|Any CPU.Build.0 = Release|Any CPU
		{45FC6710-0510-4215-B06C-1692C481B9A7}.Release|Mixed Platforms.ActiveCfg = Release|Any CPU
		{45FC6710-0510-4215-B06C-1692C481B9A7}.Release|Mixed Platforms.Build.0 = Release|Any CPU
		{45FC6710-0510-4215-B06C-1692C481B9A7}.Release|Win32.ActiveCfg = Release|Any CPU
		{45FC6710-0510-4215-B06C-1692C481B9A7}.Release|x86.ActiveCfg = Release|Any CPU
		{258BB8FE-BCF0-4FFE-B8D1-02F53E211BE2}.Debug|Any CPU.ActiveCfg = Debug|Any CPU
		{258BB8FE-BCF0-4FFE-B8D1-02F53E211BE2}.Debug|Any CPU.Build.0 = Debug|Any CPU
		{258BB8FE-BCF0-4FFE-B8D1-02F53E211BE2}.Debug|Mixed Platforms.ActiveCfg = Debug|x86
		{258BB8FE-BCF0-4FFE-B8D1-02F53E211BE2}.Debug|Mixed Platforms.Build.0 = Debug|x86
		{258BB8FE-BCF0-4FFE-B8D1-02F53E211BE2}.Debug|Win32.ActiveCfg = Debug|x86
		{258BB8FE-BCF0-4FFE-B8D1-02F53E211BE2}.Debug|Win32.Build.0 = Debug|x86
		{258BB8FE-BCF0-4FFE-B8D1-02F53E211BE2}.Debug|x86.ActiveCfg = Debug|x86
		{258BB8FE-BCF0-4FFE-B8D1-02F53E211BE2}.Debug|x86.Build.0 = Debug|x86
		{258BB8FE-BCF0-4FFE-B8D1-02F53E211BE2}.Release|Any CPU.ActiveCfg = Release|Any CPU
		{258BB8FE-BCF0-4FFE-B8D1-02F53E211BE2}.Release|Any CPU.Build.0 = Release|Any CPU
		{258BB8FE-BCF0-4FFE-B8D1-02F53E211BE2}.Release|Mixed Platforms.ActiveCfg = Release|x86
		{258BB8FE-BCF0-4FFE-B8D1-02F53E211BE2}.Release|Mixed Platforms.Build.0 = Release|x86
		{258BB8FE-BCF0-4FFE-B8D1-02F53E211BE2}.Release|Win32.ActiveCfg = Release|x86
		{258BB8FE-BCF0-4FFE-B8D1-02F53E211BE2}.Release|Win32.Build.0 = Release|x86
		{258BB8FE-BCF0-4FFE-B8D1-02F53E211BE2}.Release|x86.ActiveCfg = Release|x86
		{258BB8FE-BCF0-4FFE-B8D1-02F53E211BE2}.Release|x86.Build.0 = Release|x86
		{71543773-0DAD-4786-95F8-6E40826CC754}.Debug|Any CPU.ActiveCfg = Debug|Any CPU
		{71543773-0DAD-4786-95F8-6E40826CC754}.Debug|Any CPU.Build.0 = Debug|Any CPU
		{71543773-0DAD-4786-95F8-6E40826CC754}.Debug|Mixed Platforms.ActiveCfg = Debug|Any CPU
		{71543773-0DAD-4786-95F8-6E40826CC754}.Debug|Mixed Platforms.Build.0 = Debug|Any CPU
		{71543773-0DAD-4786-95F8-6E40826CC754}.Debug|Win32.ActiveCfg = Debug|Any CPU
		{71543773-0DAD-4786-95F8-6E40826CC754}.Debug|x86.ActiveCfg = Debug|Any CPU
		{71543773-0DAD-4786-95F8-6E40826CC754}.Release|Any CPU.ActiveCfg = Release|Any CPU
		{71543773-0DAD-4786-95F8-6E40826CC754}.Release|Any CPU.Build.0 = Release|Any CPU
		{71543773-0DAD-4786-95F8-6E40826CC754}.Release|Mixed Platforms.ActiveCfg = Release|Any CPU
		{71543773-0DAD-4786-95F8-6E40826CC754}.Release|Mixed Platforms.Build.0 = Release|Any CPU
		{71543773-0DAD-4786-95F8-6E40826CC754}.Release|Win32.ActiveCfg = Release|Any CPU
		{71543773-0DAD-4786-95F8-6E40826CC754}.Release|x86.ActiveCfg = Release|Any CPU
		{D81A319A-66FA-499A-9E9C-282251D15AEA}.Debug|Any CPU.ActiveCfg = Debug|Any CPU
		{D81A319A-66FA-499A-9E9C-282251D15AEA}.Debug|Any CPU.Build.0 = Debug|Any CPU
		{D81A319A-66FA-499A-9E9C-282251D15AEA}.Debug|Mixed Platforms.ActiveCfg = Debug|Any CPU
		{D81A319A-66FA-499A-9E9C-282251D15AEA}.Debug|Mixed Platforms.Build.0 = Debug|Any CPU
		{D81A319A-66FA-499A-9E9C-282251D15AEA}.Debug|Win32.ActiveCfg = Debug|Any CPU
		{D81A319A-66FA-499A-9E9C-282251D15AEA}.Debug|x86.ActiveCfg = Debug|Any CPU
		{D81A319A-66FA-499A-9E9C-282251D15AEA}.Release|Any CPU.ActiveCfg = Release|Any CPU
		{D81A319A-66FA-499A-9E9C-282251D15AEA}.Release|Any CPU.Build.0 = Release|Any CPU
		{D81A319A-66FA-499A-9E9C-282251D15AEA}.Release|Mixed Platforms.ActiveCfg = Release|Any CPU
		{D81A319A-66FA-499A-9E9C-282251D15AEA}.Release|Mixed Platforms.Build.0 = Release|Any CPU
		{D81A319A-66FA-499A-9E9C-282251D15AEA}.Release|Win32.ActiveCfg = Release|Any CPU
		{D81A319A-66FA-499A-9E9C-282251D15AEA}.Release|x86.ActiveCfg = Release|Any CPU
		{17CAC66E-A190-4043-94A1-7B4D33B00BAA}.Debug|Any CPU.ActiveCfg = Debug|x86
		{17CAC66E-A190-4043-94A1-7B4D33B00BAA}.Debug|Mixed Platforms.ActiveCfg = Debug|x86
		{17CAC66E-A190-4043-94A1-7B4D33B00BAA}.Debug|Mixed Platforms.Build.0 = Debug|x86
		{17CAC66E-A190-4043-94A1-7B4D33B00BAA}.Debug|Win32.ActiveCfg = Debug|x86
		{17CAC66E-A190-4043-94A1-7B4D33B00BAA}.Debug|Win32.Build.0 = Debug|x86
		{17CAC66E-A190-4043-94A1-7B4D33B00BAA}.Debug|x86.ActiveCfg = Debug|x86
		{17CAC66E-A190-4043-94A1-7B4D33B00BAA}.Debug|x86.Build.0 = Debug|x86
		{17CAC66E-A190-4043-94A1-7B4D33B00BAA}.Release|Any CPU.ActiveCfg = Release|x86
		{17CAC66E-A190-4043-94A1-7B4D33B00BAA}.Release|Mixed Platforms.ActiveCfg = Release|x86
		{17CAC66E-A190-4043-94A1-7B4D33B00BAA}.Release|Mixed Platforms.Build.0 = Release|x86
		{17CAC66E-A190-4043-94A1-7B4D33B00BAA}.Release|Win32.ActiveCfg = Release|x86
		{17CAC66E-A190-4043-94A1-7B4D33B00BAA}.Release|Win32.Build.0 = Release|x86
		{17CAC66E-A190-4043-94A1-7B4D33B00BAA}.Release|x86.ActiveCfg = Release|x86
		{17CAC66E-A190-4043-94A1-7B4D33B00BAA}.Release|x86.Build.0 = Release|x86
	EndGlobalSection
	GlobalSection(SolutionProperties) = preSolution
		HideSolutionNode = FALSE
	EndGlobalSection
	GlobalSection(NestedProjects) = preSolution
		{FE580D26-4740-4595-AAAD-110C5FAE2449} = {AC936714-4E14-4AE6-92AC-62B4351AE477}
		{1E5B578C-8B5C-4BE4-A179-7FE6890DD35B} = {AC936714-4E14-4AE6-92AC-62B4351AE477}
		{5FDA0660-D198-4C58-AE2E-255F5DC3B9AF} = {AC936714-4E14-4AE6-92AC-62B4351AE477}
		{00EC3EC0-1292-4B79-B177-38AE94EB6787} = {AC936714-4E14-4AE6-92AC-62B4351AE477}
		{6B8B8F83-271F-4EEF-8B7D-4AD91A31628F} = {AC936714-4E14-4AE6-92AC-62B4351AE477}
		{71543773-0DAD-4786-95F8-6E40826CC754} = {AC936714-4E14-4AE6-92AC-62B4351AE477}
		{17CAC66E-A190-4043-94A1-7B4D33B00BAA} = {AC936714-4E14-4AE6-92AC-62B4351AE477}
		{6F95417A-EA69-4006-8D9C-AF71B2AC63A3} = {1761D04A-332F-40AC-86AF-B3A7AEBF5152}
		{0CBA56B5-0488-4CD8-867A-33DCE55163C5} = {1761D04A-332F-40AC-86AF-B3A7AEBF5152}
		{93A82BC7-EA82-468F-8983-56500C8369D7} = {1761D04A-332F-40AC-86AF-B3A7AEBF5152}
		{F8C93C08-1732-4A08-8ECE-97C5B9B2736B} = {6F95417A-EA69-4006-8D9C-AF71B2AC63A3}
		{B849EBCF-AE4E-436F-88D2-26A3561C00B8} = {6F95417A-EA69-4006-8D9C-AF71B2AC63A3}
		{1C0B1164-0DE2-47AA-9B72-CC10C5281839} = {6F95417A-EA69-4006-8D9C-AF71B2AC63A3}
		{9B10FF7D-6C87-4FB4-A905-BF48C2CB814D} = {6F95417A-EA69-4006-8D9C-AF71B2AC63A3}
		{032A3B00-1598-4B70-8378-7C26B69472EF} = {6F95417A-EA69-4006-8D9C-AF71B2AC63A3}
		{B92BD292-E48B-4F5C-B8ED-5CD632048067} = {6F95417A-EA69-4006-8D9C-AF71B2AC63A3}
		{EB16F032-F54A-4C6A-A33D-009BBA68111F} = {6F95417A-EA69-4006-8D9C-AF71B2AC63A3}
		{0AE2A230-D008-41CD-91AF-0E6A5491272D} = {6F95417A-EA69-4006-8D9C-AF71B2AC63A3}
		{F808CB7B-32FC-452E-8083-FC585351F478} = {6F95417A-EA69-4006-8D9C-AF71B2AC63A3}
		{31D91F78-1959-4EA2-8EF7-A8E158548A2C} = {6F95417A-EA69-4006-8D9C-AF71B2AC63A3}
		{6CE84F2A-6607-4333-A203-C515F5CB52B5} = {6F95417A-EA69-4006-8D9C-AF71B2AC63A3}
		{7F9622C8-2DBD-471F-BEBB-DFF809438254} = {6F95417A-EA69-4006-8D9C-AF71B2AC63A3}
		{877C0F36-BB7D-4B7C-913C-20A77A1941D9} = {6F95417A-EA69-4006-8D9C-AF71B2AC63A3}
		{56645DA4-7524-44ED-932B-D798029F5BD7} = {6F95417A-EA69-4006-8D9C-AF71B2AC63A3}
		{21CCBF51-EE8C-4E56-97E6-ACA2EC9E87F0} = {6F95417A-EA69-4006-8D9C-AF71B2AC63A3}
		{1430E8CD-BCC5-441A-94B1-46CF2D8072B3} = {6F95417A-EA69-4006-8D9C-AF71B2AC63A3}
		{3EDCEE69-E8FC-4D29-80E4-E373B6EF905D} = {6F95417A-EA69-4006-8D9C-AF71B2AC63A3}
		{A3E41506-9D0A-475C-88E7-3BBA86CDF660} = {6F95417A-EA69-4006-8D9C-AF71B2AC63A3}
		{F44BF1C8-63C6-4B4A-8923-A2F7C9741A4D} = {6F95417A-EA69-4006-8D9C-AF71B2AC63A3}
		{049A641D-5C1C-4A71-8EFA-74BDB238AD67} = {6F95417A-EA69-4006-8D9C-AF71B2AC63A3}
		{C78BCA03-DECC-4BBA-89F6-2973EC19FD63} = {6F95417A-EA69-4006-8D9C-AF71B2AC63A3}
		{B589A688-60B5-4D30-94D7-2748A69EF0F0} = {6F95417A-EA69-4006-8D9C-AF71B2AC63A3}
		{54138354-2A6B-4076-9429-144626E90C5A} = {6F95417A-EA69-4006-8D9C-AF71B2AC63A3}
		{39A8D164-AD54-4F02-BB4C-CFD71DB6FE7F} = {6F95417A-EA69-4006-8D9C-AF71B2AC63A3}
		{4936990A-9341-451E-8847-27003CA852E9} = {6F95417A-EA69-4006-8D9C-AF71B2AC63A3}
		{F9FE307E-909A-4A77-9CC0-AB6013822CB6} = {6F95417A-EA69-4006-8D9C-AF71B2AC63A3}
		{3DAACC2D-BB49-48C3-81C4-4ED453D3BE7D} = {6F95417A-EA69-4006-8D9C-AF71B2AC63A3}
		{B6DC926C-4FF1-4A2D-948B-3702A6A8A3B7} = {6F95417A-EA69-4006-8D9C-AF71B2AC63A3}
		{8C135C83-B0B2-4F14-973E-A09D7616856E} = {6F95417A-EA69-4006-8D9C-AF71B2AC63A3}
		{53FB776C-EB57-46E4-99B1-CC0463507331} = {6F95417A-EA69-4006-8D9C-AF71B2AC63A3}
		{BB3AA881-FC16-40DD-8824-D6E1FC357038} = {0CBA56B5-0488-4CD8-867A-33DCE55163C5}
		{44189D32-B782-4EDB-A0F9-8606C916E18F} = {0CBA56B5-0488-4CD8-867A-33DCE55163C5}
		{9A1890DC-37D1-4784-97DE-690FD50B029D} = {0CBA56B5-0488-4CD8-867A-33DCE55163C5}
		{19396F4C-3866-4F08-A866-438863AAFC5E} = {0CBA56B5-0488-4CD8-867A-33DCE55163C5}
		{449C9700-77EB-46F4-A32B-D7669D2A86BF} = {0CBA56B5-0488-4CD8-867A-33DCE55163C5}
		{61D53EA1-ED0A-45A5-BA83-122CF51C112B} = {0CBA56B5-0488-4CD8-867A-33DCE55163C5}
		{BB6CF68C-B8B8-4CE9-BEE9-4AADDAD01C45} = {0CBA56B5-0488-4CD8-867A-33DCE55163C5}
		{5016ED7A-762D-4A32-9911-737EC83211CC} = {0CBA56B5-0488-4CD8-867A-33DCE55163C5}
		{F9B86F0B-E4D4-4F0C-9010-F64C70103EF3} = {0CBA56B5-0488-4CD8-867A-33DCE55163C5}
		{1C86F203-F7D7-4C3D-9DFF-07CC73139DEB} = {0CBA56B5-0488-4CD8-867A-33DCE55163C5}
		{11528BC6-CA83-452D-9180-6D19F555FE7C} = {0CBA56B5-0488-4CD8-867A-33DCE55163C5}
		{5C93BD69-CE81-48E8-9D8C-00C36917DC5D} = {0CBA56B5-0488-4CD8-867A-33DCE55163C5}
		{2ACC64A8-FE4C-4865-B5B8-82C2CE7250E8} = {93A82BC7-EA82-468F-8983-56500C8369D7}
		{7D945518-4D9F-4F27-A7BE-08ED62D36BD1} = {93A82BC7-EA82-468F-8983-56500C8369D7}
		{2035B1D5-7979-4451-BB33-6886BE24395F} = {93A82BC7-EA82-468F-8983-56500C8369D7}
		{28EA48FA-4A87-4FA3-A9DD-8FBF2355B98E} = {6CE84F2A-6607-4333-A203-C515F5CB52B5}
		{45FC6710-0510-4215-B06C-1692C481B9A7} = {4AC40067-BF65-4443-92AE-2BF7990AEBAC}
		{258BB8FE-BCF0-4FFE-B8D1-02F53E211BE2} = {4AC40067-BF65-4443-92AE-2BF7990AEBAC}
		{4936DE09-B188-414B-B061-B891D946C069} = {4CF313AA-1375-4210-ADB1-B1563F3CA0AD}
		{A1C49A88-9EAC-4877-BEE5-EBEE5555AD02} = {4CF313AA-1375-4210-ADB1-B1563F3CA0AD}
		{6D2464DC-F491-49C4-98C2-41D6FC6C1C01} = {4CF313AA-1375-4210-ADB1-B1563F3CA0AD}
		{448C0A30-6DBA-41C6-ACE8-1C7057CE4BAA} = {4936DE09-B188-414B-B061-B891D946C069}
		{E90B466D-B0D8-4BF3-A463-D08D82251F87} = {4936DE09-B188-414B-B061-B891D946C069}
		{5CC141D3-6839-4B92-A3A3-DA45E2427384} = {A1C49A88-9EAC-4877-BEE5-EBEE5555AD02}
		{02C2B0F0-4EF3-4035-85B1-61054A4C09A9} = {A1C49A88-9EAC-4877-BEE5-EBEE5555AD02}
		{6DFDCA7E-431D-41EA-9DAB-51C3C1AAB49F} = {A1C49A88-9EAC-4877-BEE5-EBEE5555AD02}
		{D81A319A-66FA-499A-9E9C-282251D15AEA} = {6D2464DC-F491-49C4-98C2-41D6FC6C1C01}
	EndGlobalSection
EndGlobal
