
Microsoft Visual Studio Solution File, Format Version 12.00
# Visual Studio 2012
Project("{FAE04EC0-301F-11D3-BF4B-00C04F79EFBC}") = "Test.Digest-LingvisticService-with-OM-TM.Web", "Test.Digest-LingvisticService-with-OM-TM.Web.csproj", "{D81A319A-66FA-499A-9E9C-282251D15AEA}"
EndProject
Project("{FAE04EC0-301F-11D3-BF4B-00C04F79EFBC}") = "Lingvistics.Client-with-OM-TM", "..\..\..\..\Core\csharp\Lingvistics.Client\Lingvistics.Client-with-OM-TM.csproj", "{5C93BD69-CE81-48E8-9D8C-00C36917DC5D}"
EndProject
Project("{FAE04EC0-301F-11D3-BF4B-00C04F79EFBC}") = "Lingvistics.Types", "..\..\..\..\Core\csharp\Lingvistics.Types\Lingvistics.Types.csproj", "{9A1890DC-37D1-4784-97DE-690FD50B029D}"
EndProject
Global
	GlobalSection(SolutionConfigurationPlatforms) = preSolution
		Debug|Any CPU = Debug|Any CPU
		Release|Any CPU = Release|Any CPU
	EndGlobalSection
	GlobalSection(ProjectConfigurationPlatforms) = postSolution
		{D81A319A-66FA-499A-9E9C-282251D15AEA}.Debug|Any CPU.ActiveCfg = Debug|Any CPU
		{D81A319A-66FA-499A-9E9C-282251D15AEA}.Debug|Any CPU.Build.0 = Debug|Any CPU
		{D81A319A-66FA-499A-9E9C-282251D15AEA}.Release|Any CPU.ActiveCfg = Release|Any CPU
		{D81A319A-66FA-499A-9E9C-282251D15AEA}.Release|Any CPU.Build.0 = Release|Any CPU
		{5C93BD69-CE81-48E8-9D8C-00C36917DC5D}.Debug|Any CPU.ActiveCfg = Debug|Any CPU
		{5C93BD69-CE81-48E8-9D8C-00C36917DC5D}.Debug|Any CPU.Build.0 = Debug|Any CPU
		{5C93BD69-CE81-48E8-9D8C-00C36917DC5D}.Release|Any CPU.ActiveCfg = Release|Any CPU
		{5C93BD69-CE81-48E8-9D8C-00C36917DC5D}.Release|Any CPU.Build.0 = Release|Any CPU
		{9A1890DC-37D1-4784-97DE-690FD50B029D}.Debug|Any CPU.ActiveCfg = Debug|Any CPU
		{9A1890DC-37D1-4784-97DE-690FD50B029D}.Debug|Any CPU.Build.0 = Debug|Any CPU
		{9A1890DC-37D1-4784-97DE-690FD50B029D}.Release|Any CPU.ActiveCfg = Release|Any CPU
		{9A1890DC-37D1-4784-97DE-690FD50B029D}.Release|Any CPU.Build.0 = Release|Any CPU
	EndGlobalSection
	GlobalSection(SolutionProperties) = preSolution
		HideSolutionNode = FALSE
	EndGlobalSection
EndGlobal
