<?xml version="1.0" encoding="utf-8"?>
<Project ToolsVersion="4.0" xmlns="http://schemas.microsoft.com/developer/msbuild/2003">
  <ItemGroup>
    <Filter Include="Source Files">
      <UniqueIdentifier>{4FC737F1-C7A5-4376-A066-2A32D752A2FF}</UniqueIdentifier>
      <Extensions>cpp;c;cxx;def;odl;idl;hpj;bat;asm;asmx</Extensions>
    </Filter>
    <Filter Include="Header Files">
      <UniqueIdentifier>{93995380-89BD-4b04-88EB-625FBE52EBFB}</UniqueIdentifier>
      <Extensions>h;hpp;hxx;hm;inl;inc;xsd</Extensions>
    </Filter>
    <Filter Include="libs">
      <UniqueIdentifier>{ef153377-35a9-4d72-9d5e-b59d4d0801f6}</UniqueIdentifier>
    </Filter>
  </ItemGroup>
  <ItemGroup>
    <ClCompile Include="Main.cpp">
      <Filter>Source Files</Filter>
    </ClCompile>
    <ClCompile Include="stdafx.cpp">
      <Filter>Source Files</Filter>
    </ClCompile>
    <ClCompile Include="TestRunner.cpp">
      <Filter>Source Files</Filter>
    </ClCompile>
    <ClCompile Include="UserTextStorage.cpp">
      <Filter>Source Files</Filter>
    </ClCompile>
    <ClCompile Include="UserTextStorageDetail.cpp">
      <Filter>Source Files</Filter>
    </ClCompile>
    <ClCompile Include="XMLOperation.cpp">
      <Filter>Source Files</Filter>
    </ClCompile>
    <ClCompile Include="..\[libs]\Auxiliary.cpp">
      <Filter>Source Files</Filter>
    </ClCompile>
    <ClCompile Include="..\[libs]\CoutConvert.cpp">
      <Filter>Source Files</Filter>
    </ClCompile>
    <ClCompile Include="..\[libs]\DBMSCreateManager.cpp">
      <Filter>Source Files</Filter>
    </ClCompile>
    <ClCompile Include="..\[libs]\FileSystem.cpp">
      <Filter>Source Files</Filter>
    </ClCompile>
    <ClCompile Include="..\[libs]\TestHelper.cpp">
      <Filter>Source Files</Filter>
    </ClCompile>
  </ItemGroup>
  <ItemGroup>
    <ClInclude Include="_Help.h">
      <Filter>Header Files</Filter>
    </ClInclude>
    <ClInclude Include="Main.h">
      <Filter>Header Files</Filter>
    </ClInclude>
    <ClInclude Include="stdafx.h">
      <Filter>Header Files</Filter>
    </ClInclude>
    <ClInclude Include="TestRunner.h">
      <Filter>Header Files</Filter>
    </ClInclude>
    <ClInclude Include="UserTextStorage.h">
      <Filter>Header Files</Filter>
    </ClInclude>
    <ClInclude Include="UserTextStorageDetail.h">
      <Filter>Header Files</Filter>
    </ClInclude>
    <ClInclude Include="XMLOperation.h">
      <Filter>Header Files</Filter>
    </ClInclude>
    <ClInclude Include="..\[libs]\Auxiliary.h">
      <Filter>Header Files</Filter>
    </ClInclude>
    <ClInclude Include="..\[libs]\CoutConvert.h">
      <Filter>Header Files</Filter>
    </ClInclude>
    <ClInclude Include="..\[libs]\DBMSAuxiliary.hpp">
      <Filter>Header Files</Filter>
    </ClInclude>
    <ClInclude Include="..\[libs]\DBMSCreateManager.h">
      <Filter>Header Files</Filter>
    </ClInclude>
    <ClInclude Include="..\[libs]\FileSystem.h">
      <Filter>Header Files</Filter>
    </ClInclude>
    <ClInclude Include="..\[libs]\FirstHeader.h">
      <Filter>Header Files</Filter>
    </ClInclude>
    <ClInclude Include="..\[libs]\StlAuxiliary.h">
      <Filter>Header Files</Filter>
    </ClInclude>
    <ClInclude Include="..\[libs]\TestHelper.h">
      <Filter>Header Files</Filter>
    </ClInclude>
  </ItemGroup>
</Project>