<?xml version="1.0" encoding="utf-8"?>
<Project ToolsVersion="4.0" xmlns="http://schemas.microsoft.com/developer/msbuild/2003">
  <ItemGroup>
    <Filter Include="Header Files">
      <UniqueIdentifier>{93995380-89BD-4b04-88EB-625FBE52EBFB}</UniqueIdentifier>
      <Extensions>h;hpp;hxx;hm;inl;inc;xsd</Extensions>
    </Filter>
  </ItemGroup>
  <ItemGroup>
    <ClInclude Include="_Help.h">
      <Filter>Header Files</Filter>
    </ClInclude>
    <ClInclude Include="_NamespaceHelp.h">
      <Filter>Header Files</Filter>
    </ClInclude>
    <ClInclude Include="CObligatory.h">
      <Filter>Header Files</Filter>
    </ClInclude>
    <ClInclude Include="Constants.h">
      <Filter>Header Files</Filter>
    </ClInclude>
    <ClInclude Include="Construction.h">
      <Filter>Header Files</Filter>
    </ClInclude>
    <ClInclude Include="DataArray.h">
      <Filter>Header Files</Filter>
    </ClInclude>
    <ClInclude Include="GlobalSearchDefines.h">
      <Filter>Header Files</Filter>
    </ClInclude>
    <ClInclude Include="IAMConverter.h">
      <Filter>Header Files</Filter>
    </ClInclude>
    <ClInclude Include="IAutorization.h">
      <Filter>Header Files</Filter>
    </ClInclude>
    <ClInclude Include="IBlackBox.h">
      <Filter>Header Files</Filter>
    </ClInclude>
    <ClInclude Include="IBlackBoxDictionaryIndex.h">
      <Filter>Header Files</Filter>
    </ClInclude>
    <ClInclude Include="IBlackBoxFeature.h">
      <Filter>Header Files</Filter>
    </ClInclude>
    <ClInclude Include="IBlackBoxIndex.h">
      <Filter>Header Files</Filter>
    </ClInclude>
    <ClInclude Include="IBlackBoxItems.h">
      <Filter>Header Files</Filter>
    </ClInclude>
    <ClInclude Include="IBlackBoxQuery.h">
      <Filter>Header Files</Filter>
    </ClInclude>
    <ClInclude Include="IBlackBoxSyntaxUnit.h">
      <Filter>Header Files</Filter>
    </ClInclude>
    <ClInclude Include="IBlackBoxUnit.h">
      <Filter>Header Files</Filter>
    </ClInclude>
    <ClInclude Include="ICacheModule.h">
      <Filter>Header Files</Filter>
    </ClInclude>
    <ClInclude Include="ICommon.h">
      <Filter>Header Files</Filter>
    </ClInclude>
    <ClInclude Include="ICommonContainersEx.h">
      <Filter>Header Files</Filter>
    </ClInclude>
    <ClInclude Include="ICoSeDi.h">
      <Filter>Header Files</Filter>
    </ClInclude>
    <ClInclude Include="IDictionaryManager.h">
      <Filter>Header Files</Filter>
    </ClInclude>
    <ClInclude Include="IDigestManager.h">
      <Filter>Header Files</Filter>
    </ClInclude>
    <ClInclude Include="IEnumerator.h">
      <Filter>Header Files</Filter>
    </ClInclude>
    <ClInclude Include="IGSPluginManager.h">
      <Filter>Header Files</Filter>
    </ClInclude>
    <ClInclude Include="ILexicaLib.h">
      <Filter>Header Files</Filter>
    </ClInclude>
    <ClInclude Include="ILinguisticProcessorEx.h">
      <Filter>Header Files</Filter>
    </ClInclude>
    <ClInclude Include="ILingvoBaseManager.h">
      <Filter>Header Files</Filter>
    </ClInclude>
    <ClInclude Include="IMainAnalyse.h">
      <Filter>Header Files</Filter>
    </ClInclude>
    <ClInclude Include="IObjectDescr.h">
      <Filter>Header Files</Filter>
    </ClInclude>
    <ClInclude Include="IPluginManager.h">
      <Filter>Header Files</Filter>
    </ClInclude>
    <ClInclude Include="IQueryDeformer.h">
      <Filter>Header Files</Filter>
    </ClInclude>
    <ClInclude Include="IQueryResultEx.h">
      <Filter>Header Files</Filter>
    </ClInclude>
    <ClInclude Include="IRev.h">
      <Filter>Header Files</Filter>
    </ClInclude>
    <ClInclude Include="ISelectSimpleEssence.h">
      <Filter>Header Files</Filter>
    </ClInclude>
    <ClInclude Include="ISemanticAnalyze.h">
      <Filter>Header Files</Filter>
    </ClInclude>
    <ClInclude Include="ISocketBase.h">
      <Filter>Header Files</Filter>
    </ClInclude>
    <ClInclude Include="ISocketClient.h">
      <Filter>Header Files</Filter>
    </ClInclude>
    <ClInclude Include="ISocketServer.h">
      <Filter>Header Files</Filter>
    </ClInclude>
    <ClInclude Include="IStatisticsCollector.h">
      <Filter>Header Files</Filter>
    </ClInclude>
    <ClInclude Include="ISupervisor.h">
      <Filter>Header Files</Filter>
    </ClInclude>
    <ClInclude Include="ISyntaxAnalyzer.h">
      <Filter>Header Files</Filter>
    </ClInclude>
    <ClInclude Include="ISyntaxConstructions.h">
      <Filter>Header Files</Filter>
    </ClInclude>
    <ClInclude Include="Iterators.h">
      <Filter>Header Files</Filter>
    </ClInclude>
    <ClInclude Include="ITesters.h">
      <Filter>Header Files</Filter>
    </ClInclude>
    <ClInclude Include="ITextBlockEx.h">
      <Filter>Header Files</Filter>
    </ClInclude>
    <ClInclude Include="ITextManager.h">
      <Filter>Header Files</Filter>
    </ClInclude>
    <ClInclude Include="ITextsComparers.h">
      <Filter>Header Files</Filter>
    </ClInclude>
    <ClInclude Include="ITextStatisticsProcessor.h">
      <Filter>Header Files</Filter>
    </ClInclude>
    <ClInclude Include="ITranslit.h">
      <Filter>Header Files</Filter>
    </ClInclude>
    <ClInclude Include="ITransliteration.h">
      <Filter>Header Files</Filter>
    </ClInclude>
    <ClInclude Include="IXML.h">
      <Filter>Header Files</Filter>
    </ClInclude>
    <ClInclude Include="LoadManager.h">
      <Filter>Header Files</Filter>
    </ClInclude>
    <ClInclude Include="TAbsentWords.h">
      <Filter>Header Files</Filter>
    </ClInclude>
    <ClInclude Include="TAMConverterSyntaxStructures.h">
      <Filter>Header Files</Filter>
    </ClInclude>
    <ClInclude Include="TBaseNames.h">
      <Filter>Header Files</Filter>
    </ClInclude>
    <ClInclude Include="TCitation.h">
      <Filter>Header Files</Filter>
    </ClInclude>
    <ClInclude Include="TCoSeDiDataTypes.h">
      <Filter>Header Files</Filter>
    </ClInclude>
    <ClInclude Include="TDBMS_Names.h">
      <Filter>Header Files</Filter>
    </ClInclude>
    <ClInclude Include="TDictionaryManager.h">
      <Filter>Header Files</Filter>
    </ClInclude>
    <ClInclude Include="TDictionaryNames.h">
      <Filter>Header Files</Filter>
    </ClInclude>
    <ClInclude Include="TLibBrokerTypes.h">
      <Filter>Header Files</Filter>
    </ClInclude>
    <ClInclude Include="TListEnumerator.h">
      <Filter>Header Files</Filter>
    </ClInclude>
    <ClInclude Include="TMainAnalyseTypes.h">
      <Filter>Header Files</Filter>
    </ClInclude>
    <ClInclude Include="TStatisticsCollector.h">
      <Filter>Header Files</Filter>
    </ClInclude>
    <ClInclude Include="TSynonymsSplit.h">
      <Filter>Header Files</Filter>
    </ClInclude>
    <ClInclude Include="TSyntaxConstructions.h">
      <Filter>Header Files</Filter>
    </ClInclude>
    <ClInclude Include="TTextsComparers.h">
      <Filter>Header Files</Filter>
    </ClInclude>
  </ItemGroup>
  <ItemGroup>
    <ClCompile Include="TextEntity.h">
      <Filter>Header Files</Filter>
    </ClCompile>
  </ItemGroup>
</Project>