<?xml version="1.0" encoding="utf-8"?>
<Project ToolsVersion="4.0" xmlns="http://schemas.microsoft.com/developer/msbuild/2003">
  <ItemGroup>
    <Filter Include="Source Files">
      <UniqueIdentifier>{4FC737F1-C7A5-4376-A066-2A32D752A2FF}</UniqueIdentifier>
      <Extensions>cpp;c;cxx;def;odl;idl;hpj;bat;asm;asmx</Extensions>
    </Filter>
    <Filter Include="Header Files">
      <UniqueIdentifier>{93995380-89BD-4b04-88EB-625FBE52EBFB}</UniqueIdentifier>
      <Extensions>h;hpp;hxx;hm;inl;inc;xsd</Extensions>
    </Filter>
    <Filter Include="EngineBase">
      <UniqueIdentifier>{bc73158a-02af-43a0-811c-04385583d891}</UniqueIdentifier>
    </Filter>
    <Filter Include="Resource Files">
      <UniqueIdentifier>{67DA6AB6-F800-4c08-8B7A-83BB121AAD01}</UniqueIdentifier>
      <Extensions>rc;ico;cur;bmp;dlg;rc2;rct;bin;rgs;gif;jpg;jpeg;jpe;resx</Extensions>
    </Filter>
    <Filter Include="NumberDictionary">
      <UniqueIdentifier>{f976420d-9b7b-4459-a943-8fe8fa60dd0a}</UniqueIdentifier>
    </Filter>
  </ItemGroup>
  <ItemGroup>
    <ClCompile Include="AbbreviationsDictionary.cpp">
      <Filter>Source Files</Filter>
    </ClCompile>
    <ClCompile Include="AbbreviationSource.cpp">
      <Filter>Source Files</Filter>
    </ClCompile>
    <ClCompile Include="AdditionalAnalysis.cpp">
      <Filter>Source Files</Filter>
    </ClCompile>
    <ClCompile Include="CreateManagers.cpp">
      <Filter>Source Files</Filter>
    </ClCompile>
    <ClCompile Include="Detail.cpp">
      <Filter>Source Files</Filter>
    </ClCompile>
    <ClCompile Include="Dictionary.cpp">
      <Filter>Source Files</Filter>
    </ClCompile>
    <ClCompile Include="InitData.cpp">
      <Filter>Source Files</Filter>
    </ClCompile>
    <ClCompile Include="Main.cpp">
      <Filter>Source Files</Filter>
    </ClCompile>
    <ClCompile Include="MALanguagesManager.cpp">
      <Filter>Source Files</Filter>
    </ClCompile>
    <ClCompile Include="MinimalHypothesisTree.cpp">
      <Filter>Source Files</Filter>
    </ClCompile>
    <ClCompile Include="MorphoTypesCollection.cpp">
      <Filter>Source Files</Filter>
    </ClCompile>
    <ClCompile Include="NewWordsList.cpp">
      <Filter>Source Files</Filter>
    </ClCompile>
    <ClCompile Include="NumberDictionary.cpp">
      <Filter>Source Files</Filter>
    </ClCompile>
    <ClCompile Include="NumericOrderingDictionary.cpp">
      <Filter>Source Files</Filter>
    </ClCompile>
    <ClCompile Include="OneRoot.cpp">
      <Filter>Source Files</Filter>
    </ClCompile>
    <ClCompile Include="OrderingRussian.cpp">
      <Filter>Source Files</Filter>
    </ClCompile>
    <ClCompile Include="OrderingRussianFeature.cpp">
      <Filter>Source Files</Filter>
    </ClCompile>
    <ClCompile Include="PerfomanceTestRunner.cpp">
      <Filter>Source Files</Filter>
    </ClCompile>
    <ClCompile Include="RomanNumberDictionary.cpp">
      <Filter>Source Files</Filter>
    </ClCompile>
    <ClCompile Include="SmartDictionary.cpp">
      <Filter>Source Files</Filter>
    </ClCompile>
    <ClCompile Include="Source.cpp">
      <Filter>Source Files</Filter>
    </ClCompile>
    <ClCompile Include="Statistics.cpp">
      <Filter>Source Files</Filter>
    </ClCompile>
    <ClCompile Include="stdafx.cpp">
      <Filter>Source Files</Filter>
    </ClCompile>
    <ClCompile Include="SymbolsDictionary.cpp">
      <Filter>Source Files</Filter>
    </ClCompile>
    <ClCompile Include="TestAuxiliary.cpp">
      <Filter>Source Files</Filter>
    </ClCompile>
    <ClCompile Include="TestRunner.cpp">
      <Filter>Source Files</Filter>
    </ClCompile>
    <ClCompile Include="TestSmartDictionary.cpp">
      <Filter>Source Files</Filter>
    </ClCompile>
    <ClCompile Include="EngineBase\cl_TimeMeter.cpp">
      <Filter>EngineBase</Filter>
    </ClCompile>
    <ClCompile Include="EngineBase\CMorphoTypesSearch.cpp">
      <Filter>EngineBase</Filter>
    </ClCompile>
    <ClCompile Include="EngineBase\CMorphoTypesSearch_Plus.cpp">
      <Filter>EngineBase</Filter>
    </ClCompile>
    <ClCompile Include="EngineBase\CPartOfWordsSearch.cpp">
      <Filter>EngineBase</Filter>
    </ClCompile>
    <ClCompile Include="EngineBase\CPartOfWordsSearch_Plus.cpp">
      <Filter>EngineBase</Filter>
    </ClCompile>
    <ClCompile Include="NumberDictionary\NumberCombinatory.cpp">
      <Filter>NumberDictionary</Filter>
    </ClCompile>
    <ClCompile Include="NumberDictionary\NumberGrammar.tab.c">
      <Filter>NumberDictionary</Filter>
    </ClCompile>
    <ClCompile Include="NumberDictionary\NumericParser.cpp">
      <Filter>NumberDictionary</Filter>
    </ClCompile>
    <ClCompile Include="..\[libs]\Auxiliary.cpp">
      <Filter>Source Files</Filter>
    </ClCompile>
    <ClCompile Include="..\[libs]\CoutConvert.cpp">
      <Filter>Source Files</Filter>
    </ClCompile>
    <ClCompile Include="..\[libs]\FileSystem.cpp">
      <Filter>Source Files</Filter>
    </ClCompile>
    <ClCompile Include="..\[libs]\TestHelper.cpp">
      <Filter>Source Files</Filter>
    </ClCompile>
    <ClCompile Include="..\[libs]\Threads.cpp">
      <Filter>Source Files</Filter>
    </ClCompile>
    <ClCompile Include="..\[libs]\SSFramework\SSAuxiliary.cpp">
      <Filter>Source Files</Filter>
    </ClCompile>
  </ItemGroup>
  <ItemGroup>
    <ClInclude Include="_Help.h">
      <Filter>Header Files</Filter>
    </ClInclude>
    <ClInclude Include="AbbreviationsDictionary.h">
      <Filter>Header Files</Filter>
    </ClInclude>
    <ClInclude Include="AbbreviationSource.h">
      <Filter>Header Files</Filter>
    </ClInclude>
    <ClInclude Include="AdditionalAnalysis.h">
      <Filter>Header Files</Filter>
    </ClInclude>
    <ClInclude Include="CreateManagers.h">
      <Filter>Header Files</Filter>
    </ClInclude>
    <ClInclude Include="Detail.h">
      <Filter>Header Files</Filter>
    </ClInclude>
    <ClInclude Include="Dictionary.h">
      <Filter>Header Files</Filter>
    </ClInclude>
    <ClInclude Include="InitData.h">
      <Filter>Header Files</Filter>
    </ClInclude>
    <ClInclude Include="Main.h">
      <Filter>Header Files</Filter>
    </ClInclude>
    <ClInclude Include="MALanguagesManager.h">
      <Filter>Header Files</Filter>
    </ClInclude>
    <ClInclude Include="MinimalHypothesisTree.h">
      <Filter>Header Files</Filter>
    </ClInclude>
    <ClInclude Include="MorphoTypesCollection.h">
      <Filter>Header Files</Filter>
    </ClInclude>
    <ClInclude Include="NewWordsList.h">
      <Filter>Header Files</Filter>
    </ClInclude>
    <ClInclude Include="NumberDictionary.h">
      <Filter>Header Files</Filter>
    </ClInclude>
    <ClInclude Include="NumericOrderingDictionary.h">
      <Filter>Header Files</Filter>
    </ClInclude>
    <ClInclude Include="OneRoot.h">
      <Filter>Header Files</Filter>
    </ClInclude>
    <ClInclude Include="OrderingRussian.h">
      <Filter>Header Files</Filter>
    </ClInclude>
    <ClInclude Include="OrderingRussianFeature.h">
      <Filter>Header Files</Filter>
    </ClInclude>
    <ClInclude Include="PerfomanceTestRunner.h">
      <Filter>Header Files</Filter>
    </ClInclude>
    <ClInclude Include="resource.h">
      <Filter>Header Files</Filter>
    </ClInclude>
    <ClInclude Include="RomanNumberDictionary.h">
      <Filter>Header Files</Filter>
    </ClInclude>
    <ClInclude Include="SmartDictionary.h">
      <Filter>Header Files</Filter>
    </ClInclude>
    <ClInclude Include="Source.h">
      <Filter>Header Files</Filter>
    </ClInclude>
    <ClInclude Include="Statistics.h">
      <Filter>Header Files</Filter>
    </ClInclude>
    <ClInclude Include="stdafx.h">
      <Filter>Header Files</Filter>
    </ClInclude>
    <ClInclude Include="SymbolsDictionary.h">
      <Filter>Header Files</Filter>
    </ClInclude>
    <ClInclude Include="TestAuxiliary.h">
      <Filter>Header Files</Filter>
    </ClInclude>
    <ClInclude Include="TestRunner.h">
      <Filter>Header Files</Filter>
    </ClInclude>
    <ClInclude Include="TestSmartDictionary.h">
      <Filter>Header Files</Filter>
    </ClInclude>
    <ClInclude Include="EngineBase\cl_TimeMeter.h">
      <Filter>EngineBase</Filter>
    </ClInclude>
    <ClInclude Include="EngineBase\CMorphoTypesSearch.h">
      <Filter>EngineBase</Filter>
    </ClInclude>
    <ClInclude Include="EngineBase\CPartOfWordsSearch.h">
      <Filter>EngineBase</Filter>
    </ClInclude>
    <ClInclude Include="EngineBase\IMorphoTypesSearch.h">
      <Filter>EngineBase</Filter>
    </ClInclude>
    <ClInclude Include="EngineBase\IPartOfWordsSearch.h">
      <Filter>EngineBase</Filter>
    </ClInclude>
    <ClInclude Include="NumberDictionary\NumberCombinatory.h">
      <Filter>NumberDictionary</Filter>
    </ClInclude>
    <ClInclude Include="NumberDictionary\NumberGrammar.tab.h">
      <Filter>NumberDictionary</Filter>
    </ClInclude>
    <ClInclude Include="NumberDictionary\NumericParser.h">
      <Filter>NumberDictionary</Filter>
    </ClInclude>
    <ClInclude Include="..\[libs]\AssocVector.h">
      <Filter>Header Files</Filter>
    </ClInclude>
    <ClInclude Include="..\[libs]\Auxiliary.h">
      <Filter>Header Files</Filter>
    </ClInclude>
    <ClInclude Include="..\[libs]\Compose.hpp">
      <Filter>Header Files</Filter>
    </ClInclude>
    <ClInclude Include="..\[libs]\CoutConvert.h">
      <Filter>Header Files</Filter>
    </ClInclude>
    <ClInclude Include="..\[libs]\DBMSAuxiliary.hpp">
      <Filter>Header Files</Filter>
    </ClInclude>
    <ClInclude Include="..\[libs]\FileSystem.h">
      <Filter>Header Files</Filter>
    </ClInclude>
    <ClInclude Include="..\[libs]\FirstHeader.h">
      <Filter>Header Files</Filter>
    </ClInclude>
    <ClInclude Include="..\[libs]\LikePointer.hpp">
      <Filter>Header Files</Filter>
    </ClInclude>
    <ClInclude Include="..\[libs]\MultipleCompare.hpp">
      <Filter>Header Files</Filter>
    </ClInclude>
    <ClInclude Include="..\[libs]\Progress.hpp">
      <Filter>Header Files</Filter>
    </ClInclude>
    <ClInclude Include="..\[libs]\StlAuxiliary.h">
      <Filter>Header Files</Filter>
    </ClInclude>
    <ClInclude Include="..\[libs]\TestHelper.h">
      <Filter>Header Files</Filter>
    </ClInclude>
    <ClInclude Include="..\[libs]\Threads.h">
      <Filter>Header Files</Filter>
    </ClInclude>
    <ClInclude Include="..\[libs]\Timer.hpp">
      <Filter>Header Files</Filter>
    </ClInclude>
    <ClInclude Include="..\[libs]\SSFramework\SSAuxiliary.h">
      <Filter>Header Files</Filter>
    </ClInclude>
  </ItemGroup>
  <ItemGroup>
    <None Include="res\ArabicNumbersCharacters.txt">
      <Filter>Resource Files</Filter>
    </None>
    <None Include="res\EnglishAbbreviationCharacters.txt">
      <Filter>Resource Files</Filter>
    </None>
    <None Include="res\EnglishBaseCharacters.txt">
      <Filter>Resource Files</Filter>
    </None>
    <None Include="Res\EngNegationReduction.txt">
      <Filter>Resource Files</Filter>
    </None>
    <None Include="res\RomanNumbersCharacters.txt">
      <Filter>Resource Files</Filter>
    </None>
    <None Include="res\RussianAbbreviationCharacters.txt">
      <Filter>Resource Files</Filter>
    </None>
    <None Include="res\RussianBaseCharacters.txt">
      <Filter>Resource Files</Filter>
    </None>
    <None Include="res\SymbolsCharacters.txt">
      <Filter>Resource Files</Filter>
    </None>
    <None Include="Res\NumericOrderingCharacters.txt" />
    <None Include="Res\PreSearchTransform.txt" />
    <None Include="Res\RussianOrdering.txt" />
  </ItemGroup>
  <ItemGroup>
    <ResourceCompile Include="Dictionaries.rc">
      <Filter>Resource Files</Filter>
    </ResourceCompile>
  </ItemGroup>
  <ItemGroup>
    <CustomBuild Include="NumberDictionary\NumberGrammar">
      <Filter>NumberDictionary</Filter>
    </CustomBuild>
  </ItemGroup>
</Project>