<?xml version="1.0" encoding="utf-8"?>
<Project ToolsVersion="4.0" xmlns="http://schemas.microsoft.com/developer/msbuild/2003">
  <ItemGroup>
    <Filter Include="Source Files">
      <UniqueIdentifier>{4FC737F1-C7A5-4376-A066-2A32D752A2FF}</UniqueIdentifier>
      <Extensions>cpp;c;cxx;def;odl;idl;hpj;bat;asm;asmx</Extensions>
    </Filter>
    <Filter Include="Header Files">
      <UniqueIdentifier>{93995380-89BD-4b04-88EB-625FBE52EBFB}</UniqueIdentifier>
      <Extensions>h;hpp;hxx;hm;inl;inc;xsd</Extensions>
    </Filter>
    <Filter Include="Resource Files">
      <UniqueIdentifier>{67DA6AB6-F800-4c08-8B7A-83BB121AAD01}</UniqueIdentifier>
      <Extensions>rc;ico;cur;bmp;dlg;rc2;rct;bin;rgs;gif;jpg;jpeg;jpe;resx</Extensions>
    </Filter>
  </ItemGroup>
  <ItemGroup>
    <ClCompile Include="BaseFeature.cpp">
      <Filter>Source Files</Filter>
    </ClCompile>
    <ClCompile Include="BaseFeatureCollection.cpp">
      <Filter>Source Files</Filter>
    </ClCompile>
    <ClCompile Include="BaseType.cpp">
      <Filter>Source Files</Filter>
    </ClCompile>
    <ClCompile Include="ConstructionFeature.cpp">
      <Filter>Source Files</Filter>
    </ClCompile>
    <ClCompile Include="define.cpp">
      <Filter>Source Files</Filter>
    </ClCompile>
    <ClCompile Include="IntegerFeature.cpp">
      <Filter>Source Files</Filter>
    </ClCompile>
    <ClCompile Include="MapFeature.cpp">
      <Filter>Source Files</Filter>
    </ClCompile>
    <ClCompile Include="MorphoFeature.cpp">
      <Filter>Source Files</Filter>
    </ClCompile>
    <ClCompile Include="MorphoFeatureAposteriori.cpp">
      <Filter>Source Files</Filter>
    </ClCompile>
    <ClCompile Include="MorphoFeatureApriori.cpp">
      <Filter>Source Files</Filter>
    </ClCompile>
    <ClCompile Include="ObjectFeature.cpp">
      <Filter>Source Files</Filter>
    </ClCompile>
    <ClCompile Include="PercentFeature.cpp">
      <Filter>Source Files</Filter>
    </ClCompile>
    <ClCompile Include="SemanticFeature.cpp">
      <Filter>Source Files</Filter>
    </ClCompile>
    <ClCompile Include="SemanticFeatureAposteriori.cpp">
      <Filter>Source Files</Filter>
    </ClCompile>
    <ClCompile Include="SemanticFeatureApriori.cpp">
      <Filter>Source Files</Filter>
    </ClCompile>
    <ClCompile Include="SentenceFeature.cpp">
      <Filter>Source Files</Filter>
    </ClCompile>
    <ClCompile Include="stdafx.cpp">
      <Filter>Source Files</Filter>
    </ClCompile>
    <ClCompile Include="SyntaxFeatureAposteriori.cpp">
      <Filter>Source Files</Filter>
    </ClCompile>
    <ClCompile Include="SyntaxFeatureApriori.cpp">
      <Filter>Source Files</Filter>
    </ClCompile>
    <ClCompile Include="XMLReader.cpp">
      <Filter>Source Files</Filter>
    </ClCompile>
  </ItemGroup>
  <ItemGroup>
    <ClInclude Include="_Help.h">
      <Filter>Header Files</Filter>
    </ClInclude>
    <ClInclude Include="AutoFeatures.h">
      <Filter>Header Files</Filter>
    </ClInclude>
    <ClInclude Include="BaseFeature.h">
      <Filter>Header Files</Filter>
    </ClInclude>
    <ClInclude Include="BaseFeatureCollection.h">
      <Filter>Header Files</Filter>
    </ClInclude>
    <ClInclude Include="BaseType.h">
      <Filter>Header Files</Filter>
    </ClInclude>
    <ClInclude Include="BitSize.h">
      <Filter>Header Files</Filter>
    </ClInclude>
    <ClInclude Include="ConstructionFeature.h">
      <Filter>Header Files</Filter>
    </ClInclude>
    <ClInclude Include="define.h">
      <Filter>Header Files</Filter>
    </ClInclude>
    <ClInclude Include="IntegerFeature.h">
      <Filter>Header Files</Filter>
    </ClInclude>
    <ClInclude Include="IntegerMacro.h">
      <Filter>Header Files</Filter>
    </ClInclude>
    <ClInclude Include="MapFeature.h">
      <Filter>Header Files</Filter>
    </ClInclude>
    <ClInclude Include="MapMacro.h">
      <Filter>Header Files</Filter>
    </ClInclude>
    <ClInclude Include="MorphoFeature.h">
      <Filter>Header Files</Filter>
    </ClInclude>
    <ClInclude Include="MorphoFeatureAposteriori.h">
      <Filter>Header Files</Filter>
    </ClInclude>
    <ClInclude Include="MorphoFeatureApriori.h">
      <Filter>Header Files</Filter>
    </ClInclude>
    <ClInclude Include="ObjectFeature.h">
      <Filter>Header Files</Filter>
    </ClInclude>
    <ClInclude Include="PercentFeature.h">
      <Filter>Header Files</Filter>
    </ClInclude>
    <ClInclude Include="SemanticFeature.h">
      <Filter>Header Files</Filter>
    </ClInclude>
    <ClInclude Include="SemanticFeatureAposteriori.h">
      <Filter>Header Files</Filter>
    </ClInclude>
    <ClInclude Include="SemanticFeatureApriori.h">
      <Filter>Header Files</Filter>
    </ClInclude>
    <ClInclude Include="SentenceFeature.h">
      <Filter>Header Files</Filter>
    </ClInclude>
    <ClInclude Include="stdafx.h">
      <Filter>Header Files</Filter>
    </ClInclude>
    <ClInclude Include="SyntaxFeatureAposteriori.h">
      <Filter>Header Files</Filter>
    </ClInclude>
    <ClInclude Include="SyntaxFeatureApriori.h">
      <Filter>Header Files</Filter>
    </ClInclude>
    <ClInclude Include="XMLReader.h">
      <Filter>Header Files</Filter>
    </ClInclude>
  </ItemGroup>
  <ItemGroup>
    <None Include="Morpho.ffgg" />
    <None Include="ReadMe.txt" />
    <None Include="Semantic.ffgg" />
    <None Include="Syntax.ffgg" />
  </ItemGroup>
</Project>