<?xml version="1.0" encoding="utf-8"?>
<Project ToolsVersion="4.0" xmlns="http://schemas.microsoft.com/developer/msbuild/2003">
  <ItemGroup>
    <Filter Include="Source Files">
      <UniqueIdentifier>{4FC737F1-C7A5-4376-A066-2A32D752A2FF}</UniqueIdentifier>
      <Extensions>cpp;c;cxx;def;odl;idl;hpj;bat;asm;asmx</Extensions>
    </Filter>
    <Filter Include="Header Files">
      <UniqueIdentifier>{93995380-89BD-4b04-88EB-625FBE52EBFB}</UniqueIdentifier>
      <Extensions>h;hpp;hxx;hm;inl;inc;xsd</Extensions>
    </Filter>
  </ItemGroup>
  <ItemGroup>
    <ClCompile Include="AMConverter.cpp">
      <Filter>Source Files</Filter>
    </ClCompile>
    <ClCompile Include="AMEnglishAnalyzer.cpp">
      <Filter>Source Files</Filter>
    </ClCompile>
    <ClCompile Include="AMRussianAnalyzer.cpp">
      <Filter>Source Files</Filter>
    </ClCompile>
    <ClCompile Include="CoConverter.cpp">
      <Filter>Source Files</Filter>
    </ClCompile>
    <ClCompile Include="CoConverterTest.cpp">
      <Filter>Source Files</Filter>
    </ClCompile>
    <ClCompile Include="SemanticConverter.cpp">
      <Filter>Source Files</Filter>
    </ClCompile>
    <ClCompile Include="stdafx.cpp">
      <Filter>Source Files</Filter>
    </ClCompile>
    <ClCompile Include="SyntaxAnalyzer.cpp">
      <Filter>Source Files</Filter>
    </ClCompile>
    <ClCompile Include="SyntaxAposterioriAnalyzer.cpp">
      <Filter>Source Files</Filter>
    </ClCompile>
    <ClCompile Include="test.cpp">
      <Filter>Source Files</Filter>
    </ClCompile>
    <ClCompile Include="TestRunner.cpp">
      <Filter>Source Files</Filter>
    </ClCompile>
    <ClCompile Include="..\[libs]\Auxiliary.cpp">
      <Filter>Source Files</Filter>
    </ClCompile>
    <ClCompile Include="..\[libs]\CoutConvert.cpp">
      <Filter>Source Files</Filter>
    </ClCompile>
    <ClCompile Include="..\[libs]\TestHelper.cpp">
      <Filter>Source Files</Filter>
    </ClCompile>
  </ItemGroup>
  <ItemGroup>
    <ClInclude Include="AMConverter.h">
      <Filter>Header Files</Filter>
    </ClInclude>
    <ClInclude Include="AMEnglishAnalyzer.h">
      <Filter>Header Files</Filter>
    </ClInclude>
    <ClInclude Include="AMRussianAnalyzer.h">
      <Filter>Header Files</Filter>
    </ClInclude>
    <ClInclude Include="CoConverter.h">
      <Filter>Header Files</Filter>
    </ClInclude>
    <ClInclude Include="CoConverterTest.h">
      <Filter>Header Files</Filter>
    </ClInclude>
    <ClInclude Include="Semanticbitfieldsstructures.h">
      <Filter>Header Files</Filter>
    </ClInclude>
    <ClInclude Include="SemanticConverter.h">
      <Filter>Header Files</Filter>
    </ClInclude>
    <ClInclude Include="stdafx.h">
      <Filter>Header Files</Filter>
    </ClInclude>
    <ClInclude Include="stl.h">
      <Filter>Header Files</Filter>
    </ClInclude>
    <ClInclude Include="SyntaxAnalyzer.h">
      <Filter>Header Files</Filter>
    </ClInclude>
    <ClInclude Include="SyntaxAposterioriAnalyzer.h">
      <Filter>Header Files</Filter>
    </ClInclude>
    <ClInclude Include="TAMConverterBitStructures.h">
      <Filter>Header Files</Filter>
    </ClInclude>
    <ClInclude Include="TestRunner.h">
      <Filter>Header Files</Filter>
    </ClInclude>
    <ClInclude Include="..\[libs]\CoutConvert.h">
      <Filter>Header Files</Filter>
    </ClInclude>
    <ClInclude Include="..\[libs]\Auxiliary.h">
      <Filter>Header Files</Filter>
    </ClInclude>
    <ClInclude Include="..\[libs]\FirstHeader.h">
      <Filter>Header Files</Filter>
    </ClInclude>
    <ClInclude Include="..\[libs]\TestHelper.h">
      <Filter>Header Files</Filter>
    </ClInclude>
  </ItemGroup>
</Project>