<?xml version="1.0" encoding="utf-8"?>
<Project ToolsVersion="4.0" xmlns="http://schemas.microsoft.com/developer/msbuild/2003">
  <ItemGroup>
    <Filter Include="Header Files">
      <UniqueIdentifier>{93995380-89BD-4b04-88EB-625FBE52EBFB}</UniqueIdentifier>
      <Extensions>h;hpp;hxx;hm;inl;inc;xsd</Extensions>
    </Filter>
  </ItemGroup>
  <ItemGroup>
    <ClInclude Include="_Help.h">
      <Filter>Header Files</Filter>
    </ClInclude>
    <ClInclude Include="conversion.h">
      <Filter>Header Files</Filter>
    </ClInclude>
    <ClInclude Include="defines.h">
      <Filter>Header Files</Filter>
    </ClInclude>
    <ClInclude Include="defines_m.h">
      <Filter>Header Files</Filter>
    </ClInclude>
    <ClInclude Include="docstructures.h">
      <Filter>Header Files</Filter>
    </ClInclude>
    <ClInclude Include="IBaseManager.h">
      <Filter>Header Files</Filter>
    </ClInclude>
    <ClInclude Include="ICommonContainers.h">
      <Filter>Header Files</Filter>
    </ClInclude>
    <ClInclude Include="ICommonServices.h">
      <Filter>Header Files</Filter>
    </ClInclude>
    <ClInclude Include="ICoreManager.h">
      <Filter>Header Files</Filter>
    </ClInclude>
    <ClInclude Include="IDBMS.h">
      <Filter>Header Files</Filter>
    </ClInclude>
    <ClInclude Include="IEnumerator.h">
      <Filter>Header Files</Filter>
    </ClInclude>
    <ClInclude Include="IInterface.h">
      <Filter>Header Files</Filter>
    </ClInclude>
    <ClInclude Include="ILinguisticProcessor.h">
      <Filter>Header Files</Filter>
    </ClInclude>
    <ClInclude Include="IQPCounter.h">
      <Filter>Header Files</Filter>
    </ClInclude>
    <ClInclude Include="ITextFeature.h">
      <Filter>Header Files</Filter>
    </ClInclude>
    <ClInclude Include="ITextsInfoExtracting.h">
      <Filter>Header Files</Filter>
    </ClInclude>
    <ClInclude Include="services.h">
      <Filter>Header Files</Filter>
    </ClInclude>
    <ClInclude Include="TCoommonTypes.h">
      <Filter>Header Files</Filter>
    </ClInclude>
    <ClInclude Include="TDictionaryIndex.h">
      <Filter>Header Files</Filter>
    </ClInclude>
    <ClInclude Include="TListEnumerator.h">
      <Filter>Header Files</Filter>
    </ClInclude>
    <ClInclude Include="types.h">
      <Filter>Header Files</Filter>
    </ClInclude>
  </ItemGroup>
</Project>