<?xml version="1.0" encoding="utf-8"?>
<Project ToolsVersion="4.0" xmlns="http://schemas.microsoft.com/developer/msbuild/2003">
  <ItemGroup>
    <Filter Include="Source Files">
      <UniqueIdentifier>{4FC737F1-C7A5-4376-A066-2A32D752A2FF}</UniqueIdentifier>
      <Extensions>cpp;c;cxx;def;odl;idl;hpj;bat;asm;asmx</Extensions>
    </Filter>
    <Filter Include="Header Files">
      <UniqueIdentifier>{93995380-89BD-4b04-88EB-625FBE52EBFB}</UniqueIdentifier>
      <Extensions>h;hpp;hxx;hm;inl;inc;xsd</Extensions>
    </Filter>
    <Filter Include="Resource Files">
      <UniqueIdentifier>{67DA6AB6-F800-4c08-8B7A-83BB121AAD01}</UniqueIdentifier>
      <Extensions>rc;ico;cur;bmp;dlg;rc2;rct;bin;rgs;gif;jpg;jpeg;jpe;resx</Extensions>
    </Filter>
    <Filter Include="UnitTests">
      <UniqueIdentifier>{3a0b3c93-bd4d-414b-9708-f45514bff2fe}</UniqueIdentifier>
    </Filter>
    <Filter Include="UnitTests\Source Files">
      <UniqueIdentifier>{2b073257-376c-409d-97d5-552472e74a7c}</UniqueIdentifier>
    </Filter>
    <Filter Include="UnitTests\Header Files">
      <UniqueIdentifier>{f5c5c35e-1765-4778-9821-637b5285293d}</UniqueIdentifier>
    </Filter>
  </ItemGroup>
  <ItemGroup>
    <ClCompile Include="acc_containers.cpp">
      <Filter>Source Files</Filter>
    </ClCompile>
    <ClCompile Include="arg.cpp">
      <Filter>Source Files</Filter>
    </ClCompile>
    <ClCompile Include="arg_calc.cpp">
      <Filter>Source Files</Filter>
    </ClCompile>
    <ClCompile Include="arg_complex.cpp">
      <Filter>Source Files</Filter>
    </ClCompile>
    <ClCompile Include="arg_res.cpp">
      <Filter>Source Files</Filter>
    </ClCompile>
    <ClCompile Include="arg_res_hdr.cpp">
      <Filter>Source Files</Filter>
    </ClCompile>
    <ClCompile Include="arg_res_int.cpp">
      <Filter>Source Files</Filter>
    </ClCompile>
    <ClCompile Include="b_logic.cpp">
      <Filter>Source Files</Filter>
    </ClCompile>
    <ClCompile Include="basis_containers.cpp">
      <Filter>Source Files</Filter>
    </ClCompile>
    <ClCompile Include="basis_storage.cpp">
      <Filter>Source Files</Filter>
    </ClCompile>
    <ClCompile Include="block_container.cpp">
      <Filter>Source Files</Filter>
    </ClCompile>
    <ClCompile Include="box_containers.cpp">
      <Filter>Source Files</Filter>
    </ClCompile>
    <ClCompile Include="box_containers_s.cpp">
      <Filter>Source Files</Filter>
    </ClCompile>
    <ClCompile Include="byte_align.cpp">
      <Filter>Source Files</Filter>
    </ClCompile>
    <ClCompile Include="cnt_factory.cpp">
      <Filter>Source Files</Filter>
    </ClCompile>
    <ClCompile Include="collection_containers.cpp">
      <Filter>Source Files</Filter>
    </ClCompile>
    <ClCompile Include="console.cpp">
      <Filter>Source Files</Filter>
    </ClCompile>
    <ClCompile Include="coordinate_convertor.cpp">
      <Filter>Source Files</Filter>
    </ClCompile>
    <ClCompile Include="coordinate_counter.cpp">
      <Filter>Source Files</Filter>
    </ClCompile>
    <ClCompile Include="eq.cpp">
      <Filter>Source Files</Filter>
    </ClCompile>
    <ClCompile Include="eq_block.cpp">
      <Filter>Source Files</Filter>
    </ClCompile>
    <ClCompile Include="eq_calc.cpp">
      <Filter>Source Files</Filter>
    </ClCompile>
    <ClCompile Include="eq_res.cpp">
      <Filter>Source Files</Filter>
    </ClCompile>
    <ClCompile Include="es_filler.cpp">
      <Filter>Source Files</Filter>
    </ClCompile>
    <ClCompile Include="es_filler_query.cpp">
      <Filter>Source Files</Filter>
    </ClCompile>
    <ClCompile Include="es_filler_string.cpp">
      <Filter>Source Files</Filter>
    </ClCompile>
    <ClCompile Include="ev_factory.cpp">
      <Filter>Source Files</Filter>
    </ClCompile>
    <ClCompile Include="eval.cpp">
      <Filter>Source Files</Filter>
    </ClCompile>
    <ClCompile Include="extracting_manager.cpp">
      <Filter>Source Files</Filter>
    </ClCompile>
    <ClCompile Include="f_logic.cpp">
      <Filter>Source Files</Filter>
    </ClCompile>
    <ClCompile Include="factory_client.cpp">
      <Filter>Source Files</Filter>
    </ClCompile>
    <ClCompile Include="freq_storage.cpp">
      <Filter>Source Files</Filter>
    </ClCompile>
    <ClCompile Include="global_pool.cpp">
      <Filter>Source Files</Filter>
    </ClCompile>
    <ClCompile Include="hdr_containers.cpp">
      <Filter>Source Files</Filter>
    </ClCompile>
    <ClCompile Include="hdr_logic.cpp">
      <Filter>Source Files</Filter>
    </ClCompile>
    <ClCompile Include="iep_storage.cpp">
      <Filter>Source Files</Filter>
    </ClCompile>
    <ClCompile Include="index_cash.cpp">
      <Filter>Source Files</Filter>
    </ClCompile>
    <ClCompile Include="index_container.cpp">
      <Filter>Source Files</Filter>
    </ClCompile>
    <ClCompile Include="index_container_nodes.cpp">
      <Filter>Source Files</Filter>
    </ClCompile>
    <ClCompile Include="index_container_nodes_s.cpp">
      <Filter>Source Files</Filter>
    </ClCompile>
    <ClCompile Include="index_container_s.cpp">
      <Filter>Source Files</Filter>
    </ClCompile>
    <ClCompile Include="index_stat_cash.cpp">
      <Filter>Source Files</Filter>
    </ClCompile>
    <ClCompile Include="index_stat_storage.cpp">
      <Filter>Source Files</Filter>
    </ClCompile>
    <ClCompile Include="index_storage.cpp">
      <Filter>Source Files</Filter>
    </ClCompile>
    <ClCompile Include="index_storage_hdr.cpp">
      <Filter>Source Files</Filter>
    </ClCompile>
    <ClCompile Include="index_storage_tbl.cpp">
      <Filter>Source Files</Filter>
    </ClCompile>
    <ClCompile Include="indexing_manager.cpp">
      <Filter>Source Files</Filter>
    </ClCompile>
    <ClCompile Include="int_containers.cpp">
      <Filter>Source Files</Filter>
    </ClCompile>
    <ClCompile Include="lgc_usings.cpp">
      <Filter>Source Files</Filter>
    </ClCompile>
    <ClCompile Include="list_containers.cpp">
      <Filter>Source Files</Filter>
    </ClCompile>
    <ClCompile Include="logged_index_container.cpp">
      <Filter>Source Files</Filter>
    </ClCompile>
    <ClCompile Include="logic.cpp">
      <Filter>Source Files</Filter>
    </ClCompile>
    <ClCompile Include="memory_management.cpp">
      <Filter>Source Files</Filter>
    </ClCompile>
    <ClCompile Include="NdxProcessor.cpp">
      <Filter>Source Files</Filter>
    </ClCompile>
    <ClCompile Include="norm_storage.cpp">
      <Filter>Source Files</Filter>
    </ClCompile>
    <ClCompile Include="pool_client.cpp">
      <Filter>Source Files</Filter>
    </ClCompile>
    <ClCompile Include="pools_manager.cpp">
      <Filter>Source Files</Filter>
    </ClCompile>
    <ClCompile Include="pos_ba_containers_s.cpp">
      <Filter>Source Files</Filter>
    </ClCompile>
    <ClCompile Include="pos_containers.cpp">
      <Filter>Source Files</Filter>
    </ClCompile>
    <ClCompile Include="prx_eval.cpp">
      <Filter>Source Files</Filter>
    </ClCompile>
    <ClCompile Include="prx_eval_ans.cpp">
      <Filter>Source Files</Filter>
    </ClCompile>
    <ClCompile Include="prx_eval_hdr.cpp">
      <Filter>Source Files</Filter>
    </ClCompile>
    <ClCompile Include="prx_eval_tbl.cpp">
      <Filter>Source Files</Filter>
    </ClCompile>
    <ClCompile Include="prx_pos_containers.cpp">
      <Filter>Source Files</Filter>
    </ClCompile>
    <ClCompile Include="prx_union.cpp">
      <Filter>Source Files</Filter>
    </ClCompile>
    <ClCompile Include="r_eval.cpp">
      <Filter>Source Files</Filter>
    </ClCompile>
    <ClCompile Include="r_evals.cpp">
      <Filter>Source Files</Filter>
    </ClCompile>
    <ClCompile Include="r_logic.cpp">
      <Filter>Source Files</Filter>
    </ClCompile>
    <ClCompile Include="res.cpp">
      <Filter>Source Files</Filter>
    </ClCompile>
    <ClCompile Include="res_check.cpp">
      <Filter>Source Files</Filter>
    </ClCompile>
    <ClCompile Include="res_check_cnv.cpp">
      <Filter>Source Files</Filter>
    </ClCompile>
    <ClCompile Include="res_containers.cpp">
      <Filter>Source Files</Filter>
    </ClCompile>
    <ClCompile Include="search_engine.cpp">
      <Filter>Source Files</Filter>
    </ClCompile>
    <ClCompile Include="search_factory.cpp">
      <Filter>Source Files</Filter>
    </ClCompile>
    <ClCompile Include="sr_filler.cpp">
      <Filter>Source Files</Filter>
    </ClCompile>
    <ClCompile Include="stat_eval.cpp">
      <Filter>Source Files</Filter>
    </ClCompile>
    <ClCompile Include="stdafx.cpp">
      <Filter>Source Files</Filter>
    </ClCompile>
    <ClCompile Include="storage_manager.cpp">
      <Filter>Source Files</Filter>
    </ClCompile>
    <ClCompile Include="subst.cpp">
      <Filter>Source Files</Filter>
    </ClCompile>
    <ClCompile Include="table_storage.cpp">
      <Filter>Source Files</Filter>
    </ClCompile>
    <ClCompile Include="tbl_containers.cpp">
      <Filter>Source Files</Filter>
    </ClCompile>
    <ClCompile Include="TestRunner.cpp">
      <Filter>Source Files</Filter>
    </ClCompile>
    <ClCompile Include="text_binary_storage_ex.cpp">
      <Filter>Source Files</Filter>
    </ClCompile>
    <ClCompile Include="text_info_manager.cpp">
      <Filter>Source Files</Filter>
    </ClCompile>
    <ClCompile Include="texts_binary_storage.cpp">
      <Filter>Source Files</Filter>
    </ClCompile>
    <ClCompile Include="texts_field_storage.cpp">
      <Filter>Source Files</Filter>
    </ClCompile>
    <ClCompile Include="texts_info_storage.cpp">
      <Filter>Source Files</Filter>
    </ClCompile>
    <ClCompile Include="texts_path_storage.cpp">
      <Filter>Source Files</Filter>
    </ClCompile>
    <ClCompile Include="tl_logic.cpp">
      <Filter>Source Files</Filter>
    </ClCompile>
    <ClCompile Include="BlockContainer_test.cpp">
      <Filter>Header Files</Filter>
    </ClCompile>
    <ClCompile Include="BoxContainers_test.cpp">
      <Filter>UnitTests\Source Files</Filter>
    </ClCompile>
    <ClCompile Include="ByteAlignCompress_test.cpp">
      <Filter>UnitTests\Source Files</Filter>
    </ClCompile>
    <ClCompile Include="CommonContainersUsing.cpp">
      <Filter>UnitTests\Source Files</Filter>
    </ClCompile>
    <ClCompile Include="eq_test.cpp">
      <Filter>UnitTests\Source Files</Filter>
    </ClCompile>
    <ClCompile Include="eval_test.cpp">
      <Filter>UnitTests\Source Files</Filter>
    </ClCompile>
    <ClCompile Include="IepStorage_test.cpp">
      <Filter>UnitTests\Source Files</Filter>
    </ClCompile>
    <ClCompile Include="IndexContainer_test.cpp">
      <Filter>UnitTests\Source Files</Filter>
    </ClCompile>
    <ClCompile Include="PoolsManager_test.cpp">
      <Filter>UnitTests\Source Files</Filter>
    </ClCompile>
    <ClCompile Include="PosCnt_test.cpp">
      <Filter>UnitTests\Source Files</Filter>
    </ClCompile>
    <ClCompile Include="ProximityEvaluator_test.cpp">
      <Filter>UnitTests\Source Files</Filter>
    </ClCompile>
    <ClCompile Include="SearchEngine_test.cpp">
      <Filter>UnitTests\Source Files</Filter>
    </ClCompile>
    <ClCompile Include="TextsBinaryStorage_test.cpp">
      <Filter>UnitTests\Source Files</Filter>
    </ClCompile>
    <ClCompile Include="TextsFieldsStorage_test.cpp">
      <Filter>UnitTests\Source Files</Filter>
    </ClCompile>
    <ClCompile Include="TextsPathStorage_test.cpp">
      <Filter>UnitTests\Source Files</Filter>
    </ClCompile>
    <ClCompile Include="UnitTestsUsings.cpp">
      <Filter>UnitTests\Source Files</Filter>
    </ClCompile>
  </ItemGroup>
  <ItemGroup>
    <ClInclude Include="_Help.h">
      <Filter>Header Files</Filter>
    </ClInclude>
    <ClInclude Include="_Help2.h">
      <Filter>Header Files</Filter>
    </ClInclude>
    <ClInclude Include="acc_containers.h">
      <Filter>Header Files</Filter>
    </ClInclude>
    <ClInclude Include="arg.h">
      <Filter>Header Files</Filter>
    </ClInclude>
    <ClInclude Include="arg_calc.h">
      <Filter>Header Files</Filter>
    </ClInclude>
    <ClInclude Include="arg_complex.h">
      <Filter>Header Files</Filter>
    </ClInclude>
    <ClInclude Include="arg_res.h">
      <Filter>Header Files</Filter>
    </ClInclude>
    <ClInclude Include="arg_res_hdr.h">
      <Filter>Header Files</Filter>
    </ClInclude>
    <ClInclude Include="arg_res_int.h">
      <Filter>Header Files</Filter>
    </ClInclude>
    <ClInclude Include="b_logic.h">
      <Filter>Header Files</Filter>
    </ClInclude>
    <ClInclude Include="basis_containers.h">
      <Filter>Header Files</Filter>
    </ClInclude>
    <ClInclude Include="basis_storage.h">
      <Filter>Header Files</Filter>
    </ClInclude>
    <ClInclude Include="block_container.h">
      <Filter>Header Files</Filter>
    </ClInclude>
    <ClInclude Include="box_containers.h">
      <Filter>Header Files</Filter>
    </ClInclude>
    <ClInclude Include="box_containers_s.h">
      <Filter>Header Files</Filter>
    </ClInclude>
    <ClInclude Include="byte_align.h">
      <Filter>Header Files</Filter>
    </ClInclude>
    <ClInclude Include="cnt_factory.h">
      <Filter>Header Files</Filter>
    </ClInclude>
    <ClInclude Include="collection_containers.h">
      <Filter>Header Files</Filter>
    </ClInclude>
    <ClInclude Include="console.h">
      <Filter>Header Files</Filter>
    </ClInclude>
    <ClInclude Include="ConsoleClient.h">
      <Filter>Header Files</Filter>
    </ClInclude>
    <ClInclude Include="const.h">
      <Filter>Header Files</Filter>
    </ClInclude>
    <ClInclude Include="coordinate_convertor.h">
      <Filter>Header Files</Filter>
    </ClInclude>
    <ClInclude Include="coordinate_counter.h">
      <Filter>Header Files</Filter>
    </ClInclude>
    <ClInclude Include="eq.h">
      <Filter>Header Files</Filter>
    </ClInclude>
    <ClInclude Include="eq_block.h">
      <Filter>Header Files</Filter>
    </ClInclude>
    <ClInclude Include="eq_calc.h">
      <Filter>Header Files</Filter>
    </ClInclude>
    <ClInclude Include="eq_res.h">
      <Filter>Header Files</Filter>
    </ClInclude>
    <ClInclude Include="es_filler.h">
      <Filter>Header Files</Filter>
    </ClInclude>
    <ClInclude Include="es_filler_query.h">
      <Filter>Header Files</Filter>
    </ClInclude>
    <ClInclude Include="es_filler_string.h">
      <Filter>Header Files</Filter>
    </ClInclude>
    <ClInclude Include="ev_factory.h">
      <Filter>Header Files</Filter>
    </ClInclude>
    <ClInclude Include="eval.h">
      <Filter>Header Files</Filter>
    </ClInclude>
    <ClInclude Include="extracting_manager.h">
      <Filter>Header Files</Filter>
    </ClInclude>
    <ClInclude Include="f_logic.h">
      <Filter>Header Files</Filter>
    </ClInclude>
    <ClInclude Include="factory_client.h">
      <Filter>Header Files</Filter>
    </ClInclude>
    <ClInclude Include="freq_storage.h">
      <Filter>Header Files</Filter>
    </ClInclude>
    <ClInclude Include="global_pool.h">
      <Filter>Header Files</Filter>
    </ClInclude>
    <ClInclude Include="hdr_containers.h">
      <Filter>Header Files</Filter>
    </ClInclude>
    <ClInclude Include="hdr_logic.h">
      <Filter>Header Files</Filter>
    </ClInclude>
    <ClInclude Include="iep_storage.h">
      <Filter>Header Files</Filter>
    </ClInclude>
    <ClInclude Include="index_cash.h">
      <Filter>Header Files</Filter>
    </ClInclude>
    <ClInclude Include="index_container.h">
      <Filter>Header Files</Filter>
    </ClInclude>
    <ClInclude Include="index_container_nodes.h">
      <Filter>Header Files</Filter>
    </ClInclude>
    <ClInclude Include="index_container_nodes_s.h">
      <Filter>Header Files</Filter>
    </ClInclude>
    <ClInclude Include="index_container_s.h">
      <Filter>Header Files</Filter>
    </ClInclude>
    <ClInclude Include="index_stat_cash.h">
      <Filter>Header Files</Filter>
    </ClInclude>
    <ClInclude Include="index_stat_storage.h">
      <Filter>Header Files</Filter>
    </ClInclude>
    <ClInclude Include="index_storage.h">
      <Filter>Header Files</Filter>
    </ClInclude>
    <ClInclude Include="index_storage_hdr.h">
      <Filter>Header Files</Filter>
    </ClInclude>
    <ClInclude Include="index_storage_tbl.h">
      <Filter>Header Files</Filter>
    </ClInclude>
    <ClInclude Include="indexing_manager.h">
      <Filter>Header Files</Filter>
    </ClInclude>
    <ClInclude Include="int_containers.h">
      <Filter>Header Files</Filter>
    </ClInclude>
    <ClInclude Include="lgc_usings.h">
      <Filter>Header Files</Filter>
    </ClInclude>
    <ClInclude Include="list_containers.h">
      <Filter>Header Files</Filter>
    </ClInclude>
    <ClInclude Include="logged_index_container.h">
      <Filter>Header Files</Filter>
    </ClInclude>
    <ClInclude Include="logic.h">
      <Filter>Header Files</Filter>
    </ClInclude>
    <ClInclude Include="memory_management.h">
      <Filter>Header Files</Filter>
    </ClInclude>
    <ClInclude Include="NdxProcessor.h">
      <Filter>Header Files</Filter>
    </ClInclude>
    <ClInclude Include="node_containers.h">
      <Filter>Header Files</Filter>
    </ClInclude>
    <ClInclude Include="norm_storage.h">
      <Filter>Header Files</Filter>
    </ClInclude>
    <ClInclude Include="pool_client.h">
      <Filter>Header Files</Filter>
    </ClInclude>
    <ClInclude Include="pools_manager.h">
      <Filter>Header Files</Filter>
    </ClInclude>
    <ClInclude Include="pos_ba_containers_s.h">
      <Filter>Header Files</Filter>
    </ClInclude>
    <ClInclude Include="pos_containers.h">
      <Filter>Header Files</Filter>
    </ClInclude>
    <ClInclude Include="prx_eval.h">
      <Filter>Header Files</Filter>
    </ClInclude>
    <ClInclude Include="prx_eval_ans.h">
      <Filter>Header Files</Filter>
    </ClInclude>
    <ClInclude Include="prx_eval_hdr.h">
      <Filter>Header Files</Filter>
    </ClInclude>
    <ClInclude Include="prx_eval_tbl.h">
      <Filter>Header Files</Filter>
    </ClInclude>
    <ClInclude Include="prx_pos_containers.h">
      <Filter>Header Files</Filter>
    </ClInclude>
    <ClInclude Include="prx_union.h">
      <Filter>Header Files</Filter>
    </ClInclude>
    <ClInclude Include="r_eval.h">
      <Filter>Header Files</Filter>
    </ClInclude>
    <ClInclude Include="r_evals.h">
      <Filter>Header Files</Filter>
    </ClInclude>
    <ClInclude Include="r_logic.h">
      <Filter>Header Files</Filter>
    </ClInclude>
    <ClInclude Include="res.h">
      <Filter>Header Files</Filter>
    </ClInclude>
    <ClInclude Include="res_check.h">
      <Filter>Header Files</Filter>
    </ClInclude>
    <ClInclude Include="res_check_cnv.h">
      <Filter>Header Files</Filter>
    </ClInclude>
    <ClInclude Include="res_containers.h">
      <Filter>Header Files</Filter>
    </ClInclude>
    <ClInclude Include="search_engine.h">
      <Filter>Header Files</Filter>
    </ClInclude>
    <ClInclude Include="search_factory.h">
      <Filter>Header Files</Filter>
    </ClInclude>
    <ClInclude Include="sr_filler.h">
      <Filter>Header Files</Filter>
    </ClInclude>
    <ClInclude Include="stat_eval.h">
      <Filter>Header Files</Filter>
    </ClInclude>
    <ClInclude Include="stdafx.h">
      <Filter>Header Files</Filter>
    </ClInclude>
    <ClInclude Include="stl.h">
      <Filter>Header Files</Filter>
    </ClInclude>
    <ClInclude Include="storage_manager.h">
      <Filter>Header Files</Filter>
    </ClInclude>
    <ClInclude Include="subst.h">
      <Filter>Header Files</Filter>
    </ClInclude>
    <ClInclude Include="table_storage.h">
      <Filter>Header Files</Filter>
    </ClInclude>
    <ClInclude Include="tbl_containers.h">
      <Filter>Header Files</Filter>
    </ClInclude>
    <ClInclude Include="test_const.h">
      <Filter>Header Files</Filter>
    </ClInclude>
    <ClInclude Include="TestRunner.h">
      <Filter>Header Files</Filter>
    </ClInclude>
    <ClInclude Include="text_binary_storage_ex.h">
      <Filter>Header Files</Filter>
    </ClInclude>
    <ClInclude Include="text_info_manager.h">
      <Filter>Header Files</Filter>
    </ClInclude>
    <ClInclude Include="texts_binary_storage.h">
      <Filter>Header Files</Filter>
    </ClInclude>
    <ClInclude Include="texts_field_storage.h">
      <Filter>Header Files</Filter>
    </ClInclude>
    <ClInclude Include="texts_info_storage.h">
      <Filter>Header Files</Filter>
    </ClInclude>
    <ClInclude Include="texts_path_storage.h">
      <Filter>Header Files</Filter>
    </ClInclude>
    <ClInclude Include="tl_logic.h">
      <Filter>Header Files</Filter>
    </ClInclude>
    <ClInclude Include="BlockContainer_test.h">
      <Filter>UnitTests\Header Files</Filter>
    </ClInclude>
    <ClInclude Include="BoxContainers_test.h">
      <Filter>UnitTests\Header Files</Filter>
    </ClInclude>
    <ClInclude Include="ByteAlignCompress_test.h">
      <Filter>UnitTests\Header Files</Filter>
    </ClInclude>
    <ClInclude Include="CommonContainersUsing.h">
      <Filter>UnitTests\Header Files</Filter>
    </ClInclude>
    <ClInclude Include="eq_test.h">
      <Filter>UnitTests\Header Files</Filter>
    </ClInclude>
    <ClInclude Include="eval_test.h">
      <Filter>UnitTests\Header Files</Filter>
    </ClInclude>
    <ClInclude Include="IepStorage_test.h">
      <Filter>UnitTests\Header Files</Filter>
    </ClInclude>
    <ClInclude Include="IndexContainer_test.h">
      <Filter>UnitTests\Header Files</Filter>
    </ClInclude>
    <ClInclude Include="PoolsManager_test.h">
      <Filter>UnitTests\Header Files</Filter>
    </ClInclude>
    <ClInclude Include="PosCnt_test.h">
      <Filter>UnitTests\Header Files</Filter>
    </ClInclude>
    <ClInclude Include="ProximityEvaluator_test.h">
      <Filter>UnitTests\Header Files</Filter>
    </ClInclude>
    <ClInclude Include="SearchEngine_test.h">
      <Filter>UnitTests\Header Files</Filter>
    </ClInclude>
    <ClInclude Include="testsettings.h">
      <Filter>UnitTests\Header Files</Filter>
    </ClInclude>
    <ClInclude Include="TextsBinaryStorage_test.h">
      <Filter>UnitTests\Header Files</Filter>
    </ClInclude>
    <ClInclude Include="TextsFieldsStorage_test.h">
      <Filter>UnitTests\Header Files</Filter>
    </ClInclude>
    <ClInclude Include="TextsPathStorage_test.h">
      <Filter>UnitTests\Header Files</Filter>
    </ClInclude>
    <ClInclude Include="UnitTestsUsings.h">
      <Filter>UnitTests\Header Files</Filter>
    </ClInclude>
  </ItemGroup>
  <ItemGroup>
    <None Include="ReadMe.txt" />
  </ItemGroup>
</Project>