
Microsoft Visual Studio Solution File, Format Version 11.00
# Visual Studio 2010
Project("{FAE04EC0-301F-11D3-BF4B-00C04F79EFBC}") = "SimpleEntities", "SimpleEntities.csproj", "{A6B7454C-FD2C-4F00-8A6B-3F951B6F3B70}"
EndProject
Project("{FAE04EC0-301F-11D3-BF4B-00C04F79EFBC}") = "Test", "Test\Test.csproj", "{90009691-E477-431B-9B63-2BCC0F95C3A4}"
EndProject
Global
	GlobalSection(TeamFoundationVersionControl) = preSolution
		SccNumberOfProjects = 3
		SccEnterpriseProvider = {4CA58AB2-18FA-4F8D-95D4-32DDF27D184C}
		SccTeamFoundationServer = http://saturn:8080/tfs/vegacollection
		SccLocalPath0 = .
		SccProjectUniqueName1 = Test\\Test.csproj
		SccProjectName1 = Test
		SccLocalPath1 = Test
		SccProjectUniqueName2 = SimpleEntities.csproj
		SccLocalPath2 = .
	EndGlobalSection
	GlobalSection(SolutionConfigurationPlatforms) = preSolution
		Debug|Any CPU = Debug|Any CPU
		Release|Any CPU = Release|Any CPU
	EndGlobalSection
	GlobalSection(ProjectConfigurationPlatforms) = postSolution
		{A6B7454C-FD2C-4F00-8A6B-3F951B6F3B70}.Debug|Any CPU.ActiveCfg = Debug|Any CPU
		{A6B7454C-FD2C-4F00-8A6B-3F951B6F3B70}.Debug|Any CPU.Build.0 = Debug|Any CPU
		{A6B7454C-FD2C-4F00-8A6B-3F951B6F3B70}.Release|Any CPU.ActiveCfg = Release|Any CPU
		{A6B7454C-FD2C-4F00-8A6B-3F951B6F3B70}.Release|Any CPU.Build.0 = Release|Any CPU
		{90009691-E477-431B-9B63-2BCC0F95C3A4}.Debug|Any CPU.ActiveCfg = Debug|Any CPU
		{90009691-E477-431B-9B63-2BCC0F95C3A4}.Debug|Any CPU.Build.0 = Debug|Any CPU
		{90009691-E477-431B-9B63-2BCC0F95C3A4}.Release|Any CPU.ActiveCfg = Release|Any CPU
		{90009691-E477-431B-9B63-2BCC0F95C3A4}.Release|Any CPU.Build.0 = Release|Any CPU
	EndGlobalSection
	GlobalSection(SolutionProperties) = preSolution
		HideSolutionNode = FALSE
	EndGlobalSection
EndGlobal
