<?xml version="1.0" encoding="utf-8"?>
<Project ToolsVersion="4.0" xmlns="http://schemas.microsoft.com/developer/msbuild/2003">
  <ItemGroup>
    <Filter Include="Source Files">
      <UniqueIdentifier>{4FC737F1-C7A5-4376-A066-2A32D752A2FF}</UniqueIdentifier>
      <Extensions>cpp;c;cxx;def;odl;idl;hpj;bat;asm;asmx</Extensions>
    </Filter>
    <Filter Include="Header Files">
      <UniqueIdentifier>{93995380-89BD-4b04-88EB-625FBE52EBFB}</UniqueIdentifier>
      <Extensions>h;hpp;hxx;hm;inl;inc;xsd</Extensions>
    </Filter>
    <Filter Include="Resource Files">
      <UniqueIdentifier>{67DA6AB6-F800-4c08-8B7A-83BB121AAD01}</UniqueIdentifier>
      <Extensions>rc;ico;cur;bmp;dlg;rc2;rct;bin;rgs;gif;jpg;jpeg;jpe;resx</Extensions>
    </Filter>
    <Filter Include="UnitTests">
      <UniqueIdentifier>{fe58262d-d846-446e-9017-f4917f25732d}</UniqueIdentifier>
    </Filter>
    <Filter Include="UnitTests\Source Files">
      <UniqueIdentifier>{c44e65e9-4eca-49ab-8868-626cee247b53}</UniqueIdentifier>
    </Filter>
    <Filter Include="UnitTests\Header Files">
      <UniqueIdentifier>{fa472a77-0a20-4c3b-806e-ce3add4bdb5e}</UniqueIdentifier>
    </Filter>
  </ItemGroup>
  <ItemGroup>
    <ClCompile Include="base_factory.cpp">
      <Filter>Source Files</Filter>
    </ClCompile>
    <ClCompile Include="base_manager.cpp">
      <Filter>Source Files</Filter>
    </ClCompile>
    <ClCompile Include="console.cpp">
      <Filter>Source Files</Filter>
    </ClCompile>
    <ClCompile Include="ndx_configurator.cpp">
      <Filter>Source Files</Filter>
    </ClCompile>
    <ClCompile Include="NdxBaseManager.cpp">
      <Filter>Source Files</Filter>
    </ClCompile>
    <ClCompile Include="stdafx.cpp">
      <Filter>Source Files</Filter>
    </ClCompile>
    <ClCompile Include="BaseManager_test.cpp">
      <Filter>UnitTests\Source Files</Filter>
    </ClCompile>
    <ClCompile Include="TestRunner.cpp">
      <Filter>UnitTests\Source Files</Filter>
    </ClCompile>
  </ItemGroup>
  <ItemGroup>
    <ClInclude Include="_Help.h">
      <Filter>Header Files</Filter>
    </ClInclude>
    <ClInclude Include="base_factory.h">
      <Filter>Header Files</Filter>
    </ClInclude>
    <ClInclude Include="base_manager.h">
      <Filter>Header Files</Filter>
    </ClInclude>
    <ClInclude Include="console.h">
      <Filter>Header Files</Filter>
    </ClInclude>
    <ClInclude Include="ConsoleClient.h">
      <Filter>Header Files</Filter>
    </ClInclude>
    <ClInclude Include="const.h">
      <Filter>Header Files</Filter>
    </ClInclude>
    <ClInclude Include="ndx_configurator.h">
      <Filter>Header Files</Filter>
    </ClInclude>
    <ClInclude Include="NdxBaseManager.h">
      <Filter>Header Files</Filter>
    </ClInclude>
    <ClInclude Include="stdafx.h">
      <Filter>Header Files</Filter>
    </ClInclude>
    <ClInclude Include="stl.h">
      <Filter>Header Files</Filter>
    </ClInclude>
    <ClInclude Include="BaseManager_test.h">
      <Filter>UnitTests\Header Files</Filter>
    </ClInclude>
    <ClInclude Include="test_const.h">
      <Filter>UnitTests\Header Files</Filter>
    </ClInclude>
    <ClInclude Include="TestRunner.h">
      <Filter>UnitTests\Header Files</Filter>
    </ClInclude>
  </ItemGroup>
  <ItemGroup>
    <None Include="ReadMe.txt" />
  </ItemGroup>
</Project>