<?xml version="1.0" encoding="utf-8"?>
<Project ToolsVersion="4.0" xmlns="http://schemas.microsoft.com/developer/msbuild/2003">
  <ItemGroup>
    <Filter Include="Source Files">
      <UniqueIdentifier>{4FC737F1-C7A5-4376-A066-2A32D752A2FF}</UniqueIdentifier>
      <Extensions>cpp;c;cxx;def;odl;idl;hpj;bat;asm;asmx</Extensions>
    </Filter>
    <Filter Include="Header Files">
      <UniqueIdentifier>{93995380-89BD-4b04-88EB-625FBE52EBFB}</UniqueIdentifier>
      <Extensions>h;hpp;hxx;hm;inl;inc;xsd</Extensions>
    </Filter>
    <Filter Include="Resource Files">
      <UniqueIdentifier>{67DA6AB6-F800-4c08-8B7A-83BB121AAD01}</UniqueIdentifier>
      <Extensions>rc;ico;cur;bmp;dlg;rc2;rct;bin;rgs;gif;jpg;jpeg;jpe;resx</Extensions>
    </Filter>
  </ItemGroup>
  <ItemGroup>
    <ClCompile Include="..\CommonContainers\UnitTests\AdditionalTest.cpp">
      <Filter>Source Files</Filter>
    </ClCompile>
    <ClCompile Include="BaseExpert.cpp">
      <Filter>Source Files</Filter>
    </ClCompile>
    <ClCompile Include="BaseExpertConstruction.cpp">
      <Filter>Source Files</Filter>
    </ClCompile>
    <ClCompile Include="BaseExpertFragmentation.cpp">
      <Filter>Source Files</Filter>
    </ClCompile>
    <ClCompile Include="BaseSyntaxAnalyzer.cpp">
      <Filter>Source Files</Filter>
    </ClCompile>
    <ClCompile Include="Block.cpp">
      <Filter>Source Files</Filter>
    </ClCompile>
    <ClCompile Include="BlockExpert.cpp">
      <Filter>Source Files</Filter>
    </ClCompile>
    <ClCompile Include="BlockVersion.cpp">
      <Filter>Source Files</Filter>
    </ClCompile>
    <ClCompile Include="BlockVersionElement.cpp">
      <Filter>Source Files</Filter>
    </ClCompile>
    <ClCompile Include="Board.cpp">
      <Filter>Source Files</Filter>
    </ClCompile>
    <ClCompile Include="BoardElement.cpp">
      <Filter>Source Files</Filter>
    </ClCompile>
    <ClCompile Include="DynamicVersionGenerator.cpp">
      <Filter>Source Files</Filter>
    </ClCompile>
    <ClCompile Include="ExpertClause.cpp">
      <Filter>Source Files</Filter>
    </ClCompile>
    <ClCompile Include="ExpertController.cpp">
      <Filter>Source Files</Filter>
    </ClCompile>
    <ClCompile Include="ExpertCoordinate.cpp">
      <Filter>Source Files</Filter>
    </ClCompile>
    <ClCompile Include="ExpertDetectQuestionQuery.cpp">
      <Filter>Source Files</Filter>
    </ClCompile>
    <ClCompile Include="ExpertFragmentationIndexation.cpp">
      <Filter>Source Files</Filter>
    </ClCompile>
    <ClCompile Include="ExpertFragmentationQuery.cpp">
      <Filter>Source Files</Filter>
    </ClCompile>
    <ClCompile Include="ExpertFragmentationRussian.cpp">
      <Filter>Source Files</Filter>
    </ClCompile>
    <ClCompile Include="ExpertResumeQuery.cpp">
      <Filter>Source Files</Filter>
    </ClCompile>
    <ClCompile Include="ExpertSemantic.cpp">
      <Filter>Source Files</Filter>
    </ClCompile>
    <ClCompile Include="GenericExpertSubordinate.cpp">
      <Filter>Source Files</Filter>
    </ClCompile>
    <ClCompile Include="GenericExpertUniformBinder.cpp">
      <Filter>Source Files</Filter>
    </ClCompile>
    <ClCompile Include="GroupManager.cpp">
      <Filter>Source Files</Filter>
    </ClCompile>
    <ClCompile Include="ModifiedConstruction.cpp">
      <Filter>Source Files</Filter>
    </ClCompile>
    <ClCompile Include="MorphoFormsFilter.cpp">
      <Filter>Source Files</Filter>
    </ClCompile>
    <ClCompile Include="MorphoListElement.cpp">
      <Filter>Source Files</Filter>
    </ClCompile>
    <ClCompile Include="SemanticService.cpp">
      <Filter>Source Files</Filter>
    </ClCompile>
    <ClCompile Include="stdafx.cpp">
      <Filter>Source Files</Filter>
    </ClCompile>
    <ClCompile Include="SyntaxAnalyzer.cpp">
      <Filter>Source Files</Filter>
    </ClCompile>
    <ClCompile Include="UnitTests\SyntaxTest.cpp">
      <Filter>Source Files</Filter>
    </ClCompile>
    <ClCompile Include="TestRunner.cpp">
      <Filter>Source Files</Filter>
    </ClCompile>
    <ClCompile Include="UnitsExpert.cpp">
      <Filter>Source Files</Filter>
    </ClCompile>
    <ClCompile Include="UnitTests\VersionTest.cpp">
      <Filter>Source Files</Filter>
    </ClCompile>
  </ItemGroup>
  <ItemGroup>
    <ClInclude Include="_Help.h">
      <Filter>Header Files</Filter>
    </ClInclude>
    <ClInclude Include="..\CommonContainers\UnitTests\AdditionalTest.h">
      <Filter>Header Files</Filter>
    </ClInclude>
    <ClInclude Include="BaseExpert.h">
      <Filter>Header Files</Filter>
    </ClInclude>
    <ClInclude Include="BaseExpertConstruction.h">
      <Filter>Header Files</Filter>
    </ClInclude>
    <ClInclude Include="BaseExpertFragmentation.h">
      <Filter>Header Files</Filter>
    </ClInclude>
    <ClInclude Include="BaseSyntaxAnalyzer.h">
      <Filter>Header Files</Filter>
    </ClInclude>
    <ClInclude Include="Block.h">
      <Filter>Header Files</Filter>
    </ClInclude>
    <ClInclude Include="BlockExpert.h">
      <Filter>Header Files</Filter>
    </ClInclude>
    <ClInclude Include="BlockVersion.h">
      <Filter>Header Files</Filter>
    </ClInclude>
    <ClInclude Include="BlockVersionElement.h">
      <Filter>Header Files</Filter>
    </ClInclude>
    <ClInclude Include="Board.h">
      <Filter>Header Files</Filter>
    </ClInclude>
    <ClInclude Include="BoardCommonTypes.h">
      <Filter>Header Files</Filter>
    </ClInclude>
    <ClInclude Include="BoardElement.h">
      <Filter>Header Files</Filter>
    </ClInclude>
    <ClInclude Include="Container.h">
      <Filter>Header Files</Filter>
    </ClInclude>
    <ClInclude Include="DynamicVersionGenerator.h">
      <Filter>Header Files</Filter>
    </ClInclude>
    <ClInclude Include="ExpertClause.h">
      <Filter>Header Files</Filter>
    </ClInclude>
    <ClInclude Include="ExpertController.h">
      <Filter>Header Files</Filter>
    </ClInclude>
    <ClInclude Include="ExpertCoordinate.h">
      <Filter>Header Files</Filter>
    </ClInclude>
    <ClInclude Include="ExpertDetectQuestionQuery.h">
      <Filter>Header Files</Filter>
    </ClInclude>
    <ClInclude Include="ExpertFragmentationIndexation.h">
      <Filter>Header Files</Filter>
    </ClInclude>
    <ClInclude Include="ExpertFragmentationQuery.h">
      <Filter>Header Files</Filter>
    </ClInclude>
    <ClInclude Include="ExpertFragmentationRussian.h">
      <Filter>Header Files</Filter>
    </ClInclude>
    <ClInclude Include="ExpertGroup.h">
      <Filter>Header Files</Filter>
    </ClInclude>
    <ClInclude Include="ExpertResumeQuery.h">
      <Filter>Header Files</Filter>
    </ClInclude>
    <ClInclude Include="ExpertSemantic.h">
      <Filter>Header Files</Filter>
    </ClInclude>
    <ClInclude Include="FeatureController.h">
      <Filter>Header Files</Filter>
    </ClInclude>
    <ClInclude Include="GenericExpertSubordinate.h">
      <Filter>Header Files</Filter>
    </ClInclude>
    <ClInclude Include="GenericExpertUniformBinder.h">
      <Filter>Header Files</Filter>
    </ClInclude>
    <ClInclude Include="GroupManager.h">
      <Filter>Header Files</Filter>
    </ClInclude>
    <ClInclude Include="IExpertController.h">
      <Filter>Header Files</Filter>
    </ClInclude>
    <ClInclude Include="Iterators.h">
      <Filter>Header Files</Filter>
    </ClInclude>
    <ClInclude Include="ModifiedConstruction.h">
      <Filter>Header Files</Filter>
    </ClInclude>
    <ClInclude Include="MorphoFormsFilter.h">
      <Filter>Header Files</Filter>
    </ClInclude>
    <ClInclude Include="MorphoListElement.h">
      <Filter>Header Files</Filter>
    </ClInclude>
    <ClInclude Include="ParsingType.h">
      <Filter>Header Files</Filter>
    </ClInclude>
    <ClInclude Include="SemanticService.h">
      <Filter>Header Files</Filter>
    </ClInclude>
    <ClInclude Include="stdafx.h">
      <Filter>Header Files</Filter>
    </ClInclude>
    <ClInclude Include="SyntaxAnalyzer.h">
      <Filter>Header Files</Filter>
    </ClInclude>
    <ClInclude Include="UnitTests\SyntaxTest.h">
      <Filter>Header Files</Filter>
    </ClInclude>
    <ClInclude Include="TestRunner.h">
      <Filter>Header Files</Filter>
    </ClInclude>
    <ClInclude Include="UnitSearchPolicys.h">
      <Filter>Header Files</Filter>
    </ClInclude>
    <ClInclude Include="UnitsExpert.h">
      <Filter>Header Files</Filter>
    </ClInclude>
    <ClInclude Include="UnitTests\VersionTest.h">
      <Filter>Header Files</Filter>
    </ClInclude>
  </ItemGroup>
</Project>