<?xml version="1.0" encoding="utf-8"?>
<Project ToolsVersion="4.0" xmlns="http://schemas.microsoft.com/developer/msbuild/2003">
  <ItemGroup>
    <Filter Include="Source Files">
      <UniqueIdentifier>{4FC737F1-C7A5-4376-A066-2A32D752A2FF}</UniqueIdentifier>
      <Extensions>cpp;c;cxx;def;odl;idl;hpj;bat;asm;asmx</Extensions>
    </Filter>
    <Filter Include="Header Files">
      <UniqueIdentifier>{93995380-89BD-4b04-88EB-625FBE52EBFB}</UniqueIdentifier>
      <Extensions>h;hpp;hxx;hm;inl;inc;xsd</Extensions>
    </Filter>
    <Filter Include="Resource Files">
      <UniqueIdentifier>{67DA6AB6-F800-4c08-8B7A-83BB121AAD01}</UniqueIdentifier>
      <Extensions>rc;ico;cur;bmp;dlg;rc2;rct;bin;rgs;gif;jpg;jpeg;jpe;resx</Extensions>
    </Filter>
  </ItemGroup>
  <ItemGroup>
    <ClCompile Include="IndexManager.cpp">
      <Filter>Source Files</Filter>
    </ClCompile>
    <ClCompile Include="LexemType.cpp">
      <Filter>Source Files</Filter>
    </ClCompile>
    <ClCompile Include="MoAmbResolver.cpp">
      <Filter>Source Files</Filter>
    </ClCompile>
    <ClCompile Include="OfficialVirtualSemanticDictionary.cpp">
      <Filter>Source Files</Filter>
    </ClCompile>
    <ClCompile Include="QuestionBase.cpp">
      <Filter>Source Files</Filter>
    </ClCompile>
    <ClCompile Include="QuestionFrameWork.cpp">
      <Filter>Source Files</Filter>
    </ClCompile>
    <ClCompile Include="RQChto.cpp">
      <Filter>Source Files</Filter>
    </ClCompile>
    <ClCompile Include="RQKakoi.cpp">
      <Filter>Source Files</Filter>
    </ClCompile>
    <ClCompile Include="RQKogda.cpp">
      <Filter>Source Files</Filter>
    </ClCompile>
    <ClCompile Include="RQKto.cpp">
      <Filter>Source Files</Filter>
    </ClCompile>
    <ClCompile Include="RQSkolko.cpp">
      <Filter>Source Files</Filter>
    </ClCompile>
    <ClCompile Include="SemanticAnalyze.cpp">
      <Filter>Source Files</Filter>
    </ClCompile>
    <ClCompile Include="SemanticAnalyzer.cpp">
      <Filter>Source Files</Filter>
    </ClCompile>
    <ClCompile Include="SMAdverbialModifier.cpp">
      <Filter>Source Files</Filter>
    </ClCompile>
    <ClCompile Include="SMAdverbialModifierE.cpp">
      <Filter>Source Files</Filter>
    </ClCompile>
    <ClCompile Include="SMAdverbialModifierR.cpp">
      <Filter>Source Files</Filter>
    </ClCompile>
    <ClCompile Include="SMCauseManner.cpp">
      <Filter>Source Files</Filter>
    </ClCompile>
    <ClCompile Include="SMCauseMannerE.cpp">
      <Filter>Source Files</Filter>
    </ClCompile>
    <ClCompile Include="SMCauseMannerR.cpp">
      <Filter>Source Files</Filter>
    </ClCompile>
    <ClCompile Include="SMCitation.cpp">
      <Filter>Source Files</Filter>
    </ClCompile>
    <ClCompile Include="SMComplementE.cpp">
      <Filter>Source Files</Filter>
    </ClCompile>
    <ClCompile Include="SMComplementR.cpp">
      <Filter>Source Files</Filter>
    </ClCompile>
    <ClCompile Include="SMComplexName.cpp">
      <Filter>Source Files</Filter>
    </ClCompile>
    <ClCompile Include="SMDependentClause.cpp">
      <Filter>Source Files</Filter>
    </ClCompile>
    <ClCompile Include="SMExAnaphora.cpp">
      <Filter>Source Files</Filter>
    </ClCompile>
    <ClCompile Include="SMExAnaphoraE.cpp">
      <Filter>Source Files</Filter>
    </ClCompile>
    <ClCompile Include="SMExAnaphoraR.cpp">
      <Filter>Source Files</Filter>
    </ClCompile>
    <ClCompile Include="SMExClauseTimePlace.cpp">
      <Filter>Source Files</Filter>
    </ClCompile>
    <ClCompile Include="SMExClauseTimePlaceE.cpp">
      <Filter>Source Files</Filter>
    </ClCompile>
    <ClCompile Include="SMExClauseTimePlaceR.cpp">
      <Filter>Source Files</Filter>
    </ClCompile>
    <ClCompile Include="SMExDieCauseManner.cpp">
      <Filter>Source Files</Filter>
    </ClCompile>
    <ClCompile Include="SMExNameCauseManner.cpp">
      <Filter>Source Files</Filter>
    </ClCompile>
    <ClCompile Include="SMExpert.cpp">
      <Filter>Source Files</Filter>
    </ClCompile>
    <ClCompile Include="SMExpertGroup.cpp">
      <Filter>Source Files</Filter>
    </ClCompile>
    <ClCompile Include="SMExSimpleQueryParser.cpp">
      <Filter>Source Files</Filter>
    </ClCompile>
    <ClCompile Include="SMExSimpleQueryParserR.cpp">
      <Filter>Source Files</Filter>
    </ClCompile>
    <ClCompile Include="SMFeatureCompute.cpp">
      <Filter>Source Files</Filter>
    </ClCompile>
    <ClCompile Include="SMGenetive.cpp">
      <Filter>Source Files</Filter>
    </ClCompile>
    <ClCompile Include="SMIndaxation.cpp">
      <Filter>Source Files</Filter>
    </ClCompile>
    <ClCompile Include="SMInderectObjectR.cpp">
      <Filter>Source Files</Filter>
    </ClCompile>
    <ClCompile Include="SMIndexRemover.cpp">
      <Filter>Source Files</Filter>
    </ClCompile>
    <ClCompile Include="SMIndexRemoverR.cpp">
      <Filter>Source Files</Filter>
    </ClCompile>
    <ClCompile Include="SMManager.cpp">
      <Filter>Source Files</Filter>
    </ClCompile>
    <ClCompile Include="SMMeasure.cpp">
      <Filter>Source Files</Filter>
    </ClCompile>
    <ClCompile Include="SMNounDetectionE.cpp">
      <Filter>Source Files</Filter>
    </ClCompile>
    <ClCompile Include="SMPassiveE.cpp">
      <Filter>Source Files</Filter>
    </ClCompile>
    <ClCompile Include="SMPassiveR.cpp">
      <Filter>Source Files</Filter>
    </ClCompile>
    <ClCompile Include="SMPlaceSpecification.cpp">
      <Filter>Source Files</Filter>
    </ClCompile>
    <ClCompile Include="SMPostSyntax.cpp">
      <Filter>Source Files</Filter>
    </ClCompile>
    <ClCompile Include="SMQueryG.cpp">
      <Filter>Source Files</Filter>
    </ClCompile>
    <ClCompile Include="SMQueryGenerator.cpp">
      <Filter>Source Files</Filter>
    </ClCompile>
    <ClCompile Include="SMQuestion.cpp">
      <Filter>Source Files</Filter>
    </ClCompile>
    <ClCompile Include="SMQuestionAnalysis.cpp">
      <Filter>Source Files</Filter>
    </ClCompile>
    <ClCompile Include="SMQuestionAnalysisE.cpp">
      <Filter>Source Files</Filter>
    </ClCompile>
    <ClCompile Include="SMQuestionAnalysisR.cpp">
      <Filter>Source Files</Filter>
    </ClCompile>
    <ClCompile Include="SMQuestionParser.cpp">
      <Filter>Source Files</Filter>
    </ClCompile>
    <ClCompile Include="SMQuestionSubjectObjectE.cpp">
      <Filter>Source Files</Filter>
    </ClCompile>
    <ClCompile Include="SMSemanticInserter.cpp">
      <Filter>Source Files</Filter>
    </ClCompile>
    <ClCompile Include="SMSentenceExpert.cpp">
      <Filter>Source Files</Filter>
    </ClCompile>
    <ClCompile Include="SMSpecifyCategory.cpp">
      <Filter>Source Files</Filter>
    </ClCompile>
    <ClCompile Include="SMSubjectObjectE.cpp">
      <Filter>Source Files</Filter>
    </ClCompile>
    <ClCompile Include="SMSubjectR.cpp">
      <Filter>Source Files</Filter>
    </ClCompile>
    <ClCompile Include="SMSyntaxCategoriesPullDown.cpp">
      <Filter>Source Files</Filter>
    </ClCompile>
    <ClCompile Include="SMTreeTransformation.cpp">
      <Filter>Source Files</Filter>
    </ClCompile>
    <ClCompile Include="SMVerbFormCorrector.cpp">
      <Filter>Source Files</Filter>
    </ClCompile>
    <ClCompile Include="SMWordGroupper.cpp">
      <Filter>Source Files</Filter>
    </ClCompile>
    <ClCompile Include="SMWordsRemover.cpp">
      <Filter>Source Files</Filter>
    </ClCompile>
    <ClCompile Include="SMWordsRemoverR.cpp">
      <Filter>Source Files</Filter>
    </ClCompile>
    <ClCompile Include="stdafx.cpp">
      <Filter>Source Files</Filter>
    </ClCompile>
    <ClCompile Include="StringService.cpp">
      <Filter>Source Files</Filter>
    </ClCompile>
  </ItemGroup>
  <ItemGroup>
    <ClInclude Include="_Help.h">
      <Filter>Header Files</Filter>
    </ClInclude>
    <ClInclude Include="IndexManager.h">
      <Filter>Header Files</Filter>
    </ClInclude>
    <ClInclude Include="LexemType.h">
      <Filter>Header Files</Filter>
    </ClInclude>
    <ClInclude Include="MoAmbResolver.h">
      <Filter>Header Files</Filter>
    </ClInclude>
    <ClInclude Include="OfficialVirtualSemanticDictionary.h">
      <Filter>Header Files</Filter>
    </ClInclude>
    <ClInclude Include="QuestionBase.h">
      <Filter>Header Files</Filter>
    </ClInclude>
    <ClInclude Include="QuestionFrameWork.h">
      <Filter>Header Files</Filter>
    </ClInclude>
    <ClInclude Include="RQChto.h">
      <Filter>Header Files</Filter>
    </ClInclude>
    <ClInclude Include="RQKakoi.h">
      <Filter>Header Files</Filter>
    </ClInclude>
    <ClInclude Include="RQKogda.h">
      <Filter>Header Files</Filter>
    </ClInclude>
    <ClInclude Include="RQKto.h">
      <Filter>Header Files</Filter>
    </ClInclude>
    <ClInclude Include="RQSkolko.h">
      <Filter>Header Files</Filter>
    </ClInclude>
    <ClInclude Include="SemanticAnalyze.h">
      <Filter>Header Files</Filter>
    </ClInclude>
    <ClInclude Include="SemanticAnalyzer.h">
      <Filter>Header Files</Filter>
    </ClInclude>
    <ClInclude Include="SMAdverbialModifier.h">
      <Filter>Header Files</Filter>
    </ClInclude>
    <ClInclude Include="SMAdverbialModifierE.h">
      <Filter>Header Files</Filter>
    </ClInclude>
    <ClInclude Include="SMAdverbialModifierR.h">
      <Filter>Header Files</Filter>
    </ClInclude>
    <ClInclude Include="SMCauseManner.h">
      <Filter>Header Files</Filter>
    </ClInclude>
    <ClInclude Include="SMCauseMannerE.h">
      <Filter>Header Files</Filter>
    </ClInclude>
    <ClInclude Include="SMCauseMannerR.h">
      <Filter>Header Files</Filter>
    </ClInclude>
    <ClInclude Include="SMCitation.h">
      <Filter>Header Files</Filter>
    </ClInclude>
    <ClInclude Include="SMComplementE.h">
      <Filter>Header Files</Filter>
    </ClInclude>
    <ClInclude Include="SMComplementR.h">
      <Filter>Header Files</Filter>
    </ClInclude>
    <ClInclude Include="SMComplexName.h">
      <Filter>Header Files</Filter>
    </ClInclude>
    <ClInclude Include="SMDependentClause.h">
      <Filter>Header Files</Filter>
    </ClInclude>
    <ClInclude Include="SMExAnaphora.h">
      <Filter>Header Files</Filter>
    </ClInclude>
    <ClInclude Include="SMExAnaphoraE.h">
      <Filter>Header Files</Filter>
    </ClInclude>
    <ClInclude Include="SMExAnaphoraR.h">
      <Filter>Header Files</Filter>
    </ClInclude>
    <ClInclude Include="SMExClauseTimePlace.h">
      <Filter>Header Files</Filter>
    </ClInclude>
    <ClInclude Include="SMExClauseTimePlaceE.h">
      <Filter>Header Files</Filter>
    </ClInclude>
    <ClInclude Include="SMExClauseTimePlaceR.h">
      <Filter>Header Files</Filter>
    </ClInclude>
    <ClInclude Include="SMExDieCauseManner.h">
      <Filter>Header Files</Filter>
    </ClInclude>
    <ClInclude Include="SMExNameCauseManner.h">
      <Filter>Header Files</Filter>
    </ClInclude>
    <ClInclude Include="SMExpert.h">
      <Filter>Header Files</Filter>
    </ClInclude>
    <ClInclude Include="SMExpertGroup.h">
      <Filter>Header Files</Filter>
    </ClInclude>
    <ClInclude Include="SMExSimpleQueryParser.h">
      <Filter>Header Files</Filter>
    </ClInclude>
    <ClInclude Include="SMExSimpleQueryParserR.h">
      <Filter>Header Files</Filter>
    </ClInclude>
    <ClInclude Include="SMFeatureCompute.h">
      <Filter>Header Files</Filter>
    </ClInclude>
    <ClInclude Include="SMGenetive.h">
      <Filter>Header Files</Filter>
    </ClInclude>
    <ClInclude Include="SMIndaxation.h">
      <Filter>Header Files</Filter>
    </ClInclude>
    <ClInclude Include="SMInderectObjectR.h">
      <Filter>Header Files</Filter>
    </ClInclude>
    <ClInclude Include="SMIndexRemover.h">
      <Filter>Header Files</Filter>
    </ClInclude>
    <ClInclude Include="SMIndexRemoverR.h">
      <Filter>Header Files</Filter>
    </ClInclude>
    <ClInclude Include="SMManager.h">
      <Filter>Header Files</Filter>
    </ClInclude>
    <ClInclude Include="SMMeasure.h">
      <Filter>Header Files</Filter>
    </ClInclude>
    <ClInclude Include="SMNounDetectionE.h">
      <Filter>Header Files</Filter>
    </ClInclude>
    <ClInclude Include="SMPassiveE.h">
      <Filter>Header Files</Filter>
    </ClInclude>
    <ClInclude Include="SMPassiveR.h">
      <Filter>Header Files</Filter>
    </ClInclude>
    <ClInclude Include="SMPlaceSpecification.h">
      <Filter>Header Files</Filter>
    </ClInclude>
    <ClInclude Include="SMPostSyntax.h">
      <Filter>Header Files</Filter>
    </ClInclude>
    <ClInclude Include="SMQueryG.h">
      <Filter>Header Files</Filter>
    </ClInclude>
    <ClInclude Include="SMQueryGenerator.h">
      <Filter>Header Files</Filter>
    </ClInclude>
    <ClInclude Include="SMQuestion.h">
      <Filter>Header Files</Filter>
    </ClInclude>
    <ClInclude Include="SMQuestionAnalysis.h">
      <Filter>Header Files</Filter>
    </ClInclude>
    <ClInclude Include="SMQuestionAnalysisE.h">
      <Filter>Header Files</Filter>
    </ClInclude>
    <ClInclude Include="SMQuestionAnalysisR.h">
      <Filter>Header Files</Filter>
    </ClInclude>
    <ClInclude Include="SMQuestionParser.h">
      <Filter>Header Files</Filter>
    </ClInclude>
    <ClInclude Include="SMQuestionSubjectObjectE.h">
      <Filter>Header Files</Filter>
    </ClInclude>
    <ClInclude Include="SMSemanticInserter.h">
      <Filter>Header Files</Filter>
    </ClInclude>
    <ClInclude Include="SMSentenceExpert.h">
      <Filter>Header Files</Filter>
    </ClInclude>
    <ClInclude Include="SMSpecifyCategory.h">
      <Filter>Header Files</Filter>
    </ClInclude>
    <ClInclude Include="SMSubjectObjectE.h">
      <Filter>Header Files</Filter>
    </ClInclude>
    <ClInclude Include="SMSubjectR.h">
      <Filter>Header Files</Filter>
    </ClInclude>
    <ClInclude Include="SMSyntaxCategoriesPullDown.h">
      <Filter>Header Files</Filter>
    </ClInclude>
    <ClInclude Include="SMTreeTransformation.h">
      <Filter>Header Files</Filter>
    </ClInclude>
    <ClInclude Include="SMVerbFormCorrector.h">
      <Filter>Header Files</Filter>
    </ClInclude>
    <ClInclude Include="SMWordGroupper.h">
      <Filter>Header Files</Filter>
    </ClInclude>
    <ClInclude Include="SMWordsRemover.h">
      <Filter>Header Files</Filter>
    </ClInclude>
    <ClInclude Include="SMWordsRemoverR.h">
      <Filter>Header Files</Filter>
    </ClInclude>
    <ClInclude Include="stdafx.h">
      <Filter>Header Files</Filter>
    </ClInclude>
    <ClInclude Include="StringService.h">
      <Filter>Header Files</Filter>
    </ClInclude>
    <ClInclude Include="types.h">
      <Filter>Header Files</Filter>
    </ClInclude>
  </ItemGroup>
  <ItemGroup>
    <None Include="ReadMe.txt" />
  </ItemGroup>
</Project>